set_global_assignment -name TOP_LEVEL_ENTITY top
set_global_assignment -name PROJECT_OUTPUT_DIRECTORY output_files_stp_phase4_parser_gap
set_global_assignment -name QIP_FILE top.qip
set_global_assignment -name SOURCE_TCL_SCRIPT_FILE util/quartus/settings.tcl
set_global_assignment -name SOURCE_TCL_SCRIPT_FILE assignments/fe_a5_base.tcl
set_global_assignment -name SOURCE_TCL_SCRIPT_FILE assignments/fe_v2_scifi_pins.tcl

set_global_assignment -name LAST_QUARTUS_VERSION "18.1.0 Standard Edition"

set_global_assignment -name USE_SIGNALTAP_FILE "/home/yifeng/packages/mu3e_ip_dev/mu3e-ip-cores/firmware_builds/systems/v3_pretest-260511-rc-readyless-260511/signaltap/phase4_parser_gap.stp"
set_global_assignment -name ENABLE_SIGNALTAP ON

set_global_assignment -name SLD_NODE_CREATOR_ID 110 -section_id phase4_parser_gap_lvds
set_global_assignment -name SLD_NODE_ENTITY_NAME sld_signaltap -section_id phase4_parser_gap_lvds
set_instance_assignment -name CONNECT_TO_SLD_NODE_ENTITY_PORT acq_clk -to "feb_system:u_feb_system|feb_system_v3:u_qsys|feb_system_v3_data_path_subsystem:data_path_subsystem|lvds_outclock_clk" -section_id phase4_parser_gap_lvds
set_instance_assignment -name CONNECT_TO_SLD_NODE_ENTITY_PORT acq_trigger_in[0] -to "feb_system:u_feb_system|feb_system_v3:u_qsys|feb_system_v3_data_path_subsystem:data_path_subsystem|feb_system_v3_data_path_subsystem_rst_controller:rst_controller_001|reset_out" -section_id phase4_parser_gap_lvds
set_instance_assignment -name CONNECT_TO_SLD_NODE_ENTITY_PORT acq_trigger_in[1] -to "feb_system:u_feb_system|feb_system_v3:u_qsys|feb_system_v3_data_path_subsystem:data_path_subsystem|emulator_mutrig_qsys_lane:emulator_mutrig_0|aso_tx8b1k_valid" -section_id phase4_parser_gap_lvds
set_instance_assignment -name CONNECT_TO_SLD_NODE_ENTITY_PORT acq_trigger_in[2] -to "feb_system:u_feb_system|feb_system_v3:u_qsys|feb_system_v3_data_path_subsystem:data_path_subsystem|emulator_mutrig_qsys_lane:emulator_mutrig_0|emulator_mutrig:u_emulator_mutrig|frontend_run_ctl:u_frontend_run_ctl|run_generating" -section_id phase4_parser_gap_lvds
set_instance_assignment -name CONNECT_TO_SLD_NODE_ENTITY_PORT acq_trigger_in[3] -to "feb_system:u_feb_system|feb_system_v3:u_qsys|feb_system_v3_data_path_subsystem:data_path_subsystem|feb_system_v3_data_path_subsystem_mutrig_datapath_subsystem_0:mutrig_datapath_subsystem_0|run_ctrl_valid" -section_id phase4_parser_gap_lvds
set_instance_assignment -name CONNECT_TO_SLD_NODE_ENTITY_PORT acq_trigger_in[4] -to "feb_system:u_feb_system|feb_system_v3:u_qsys|feb_system_v3_data_path_subsystem:data_path_subsystem|feb_system_v3_data_path_subsystem_mutrig_datapath_subsystem_0:mutrig_datapath_subsystem_0|frame_rcv_ip:mutrig_frame_deassembly_0|receiver_go" -section_id phase4_parser_gap_lvds
set_instance_assignment -name CONNECT_TO_SLD_NODE_ENTITY_PORT acq_trigger_in[5] -to "feb_system:u_feb_system|feb_system_v3:u_qsys|feb_system_v3_data_path_subsystem:data_path_subsystem|feb_system_v3_data_path_subsystem_mutrig_datapath_subsystem_0:mutrig_datapath_subsystem_0|frame_rcv_ip:mutrig_frame_deassembly_0|enable" -section_id phase4_parser_gap_lvds
set_instance_assignment -name CONNECT_TO_SLD_NODE_ENTITY_PORT acq_trigger_in[6] -to "feb_system:u_feb_system|feb_system_v3:u_qsys|feb_system_v3_data_path_subsystem:data_path_subsystem|feb_system_v3_data_path_subsystem_mutrig_datapath_subsystem_0:mutrig_datapath_subsystem_0|run_ctrl_data[0]" -section_id phase4_parser_gap_lvds
set_instance_assignment -name CONNECT_TO_SLD_NODE_ENTITY_PORT acq_trigger_in[7] -to "feb_system:u_feb_system|feb_system_v3:u_qsys|feb_system_v3_data_path_subsystem:data_path_subsystem|feb_system_v3_data_path_subsystem_mutrig_datapath_subsystem_0:mutrig_datapath_subsystem_0|run_ctrl_data[1]" -section_id phase4_parser_gap_lvds
set_instance_assignment -name CONNECT_TO_SLD_NODE_ENTITY_PORT acq_trigger_in[8] -to "feb_system:u_feb_system|feb_system_v3:u_qsys|feb_system_v3_data_path_subsystem:data_path_subsystem|feb_system_v3_data_path_subsystem_mutrig_datapath_subsystem_0:mutrig_datapath_subsystem_0|run_ctrl_data[2]" -section_id phase4_parser_gap_lvds
set_instance_assignment -name CONNECT_TO_SLD_NODE_ENTITY_PORT acq_trigger_in[9] -to "feb_system:u_feb_system|feb_system_v3:u_qsys|feb_system_v3_data_path_subsystem:data_path_subsystem|feb_system_v3_data_path_subsystem_mutrig_datapath_subsystem_0:mutrig_datapath_subsystem_0|run_ctrl_data[3]" -section_id phase4_parser_gap_lvds
set_instance_assignment -name CONNECT_TO_SLD_NODE_ENTITY_PORT acq_trigger_in[10] -to "feb_system:u_feb_system|feb_system_v3:u_qsys|feb_system_v3_data_path_subsystem:data_path_subsystem|feb_system_v3_data_path_subsystem_mutrig_datapath_subsystem_0:mutrig_datapath_subsystem_0|run_ctrl_data[4]" -section_id phase4_parser_gap_lvds
set_instance_assignment -name CONNECT_TO_SLD_NODE_ENTITY_PORT acq_trigger_in[11] -to "feb_system:u_feb_system|feb_system_v3:u_qsys|feb_system_v3_data_path_subsystem:data_path_subsystem|feb_system_v3_data_path_subsystem_mutrig_datapath_subsystem_0:mutrig_datapath_subsystem_0|run_ctrl_data[5]" -section_id phase4_parser_gap_lvds
set_instance_assignment -name CONNECT_TO_SLD_NODE_ENTITY_PORT acq_trigger_in[12] -to "feb_system:u_feb_system|feb_system_v3:u_qsys|feb_system_v3_data_path_subsystem:data_path_subsystem|feb_system_v3_data_path_subsystem_mutrig_datapath_subsystem_0:mutrig_datapath_subsystem_0|run_ctrl_data[6]" -section_id phase4_parser_gap_lvds
set_instance_assignment -name CONNECT_TO_SLD_NODE_ENTITY_PORT acq_trigger_in[13] -to "feb_system:u_feb_system|feb_system_v3:u_qsys|feb_system_v3_data_path_subsystem:data_path_subsystem|feb_system_v3_data_path_subsystem_mutrig_datapath_subsystem_0:mutrig_datapath_subsystem_0|run_ctrl_data[7]" -section_id phase4_parser_gap_lvds
set_instance_assignment -name CONNECT_TO_SLD_NODE_ENTITY_PORT acq_trigger_in[14] -to "feb_system:u_feb_system|feb_system_v3:u_qsys|feb_system_v3_data_path_subsystem:data_path_subsystem|feb_system_v3_data_path_subsystem_mutrig_datapath_subsystem_0:mutrig_datapath_subsystem_0|run_ctrl_data[8]" -section_id phase4_parser_gap_lvds
set_instance_assignment -name CONNECT_TO_SLD_NODE_ENTITY_PORT acq_trigger_in[15] -to "feb_system:u_feb_system|feb_system_v3:u_qsys|feb_system_v3_data_path_subsystem:data_path_subsystem|altera_avalon_sc_fifo:decoded_lane_fifo_0|out_valid" -section_id phase4_parser_gap_lvds
set_instance_assignment -name CONNECT_TO_SLD_NODE_ENTITY_PORT acq_trigger_in[16] -to "feb_system:u_feb_system|feb_system_v3:u_qsys|feb_system_v3_data_path_subsystem:data_path_subsystem|altera_avalon_sc_fifo:decoded_lane_fifo_0|out_ready" -section_id phase4_parser_gap_lvds
set_instance_assignment -name CONNECT_TO_SLD_NODE_ENTITY_PORT acq_trigger_in[17] -to "feb_system:u_feb_system|feb_system_v3:u_qsys|feb_system_v3_data_path_subsystem:data_path_subsystem|altera_avalon_sc_fifo:decoded_lane_fifo_0|out_data[0]" -section_id phase4_parser_gap_lvds
set_instance_assignment -name CONNECT_TO_SLD_NODE_ENTITY_PORT acq_trigger_in[18] -to "feb_system:u_feb_system|feb_system_v3:u_qsys|feb_system_v3_data_path_subsystem:data_path_subsystem|altera_avalon_sc_fifo:decoded_lane_fifo_0|out_data[1]" -section_id phase4_parser_gap_lvds
set_instance_assignment -name CONNECT_TO_SLD_NODE_ENTITY_PORT acq_trigger_in[19] -to "feb_system:u_feb_system|feb_system_v3:u_qsys|feb_system_v3_data_path_subsystem:data_path_subsystem|altera_avalon_sc_fifo:decoded_lane_fifo_0|out_data[2]" -section_id phase4_parser_gap_lvds
set_instance_assignment -name CONNECT_TO_SLD_NODE_ENTITY_PORT acq_trigger_in[20] -to "feb_system:u_feb_system|feb_system_v3:u_qsys|feb_system_v3_data_path_subsystem:data_path_subsystem|altera_avalon_sc_fifo:decoded_lane_fifo_0|out_data[3]" -section_id phase4_parser_gap_lvds
set_instance_assignment -name CONNECT_TO_SLD_NODE_ENTITY_PORT acq_trigger_in[21] -to "feb_system:u_feb_system|feb_system_v3:u_qsys|feb_system_v3_data_path_subsystem:data_path_subsystem|altera_avalon_sc_fifo:decoded_lane_fifo_0|out_data[4]" -section_id phase4_parser_gap_lvds
set_instance_assignment -name CONNECT_TO_SLD_NODE_ENTITY_PORT acq_trigger_in[22] -to "feb_system:u_feb_system|feb_system_v3:u_qsys|feb_system_v3_data_path_subsystem:data_path_subsystem|altera_avalon_sc_fifo:decoded_lane_fifo_0|out_data[5]" -section_id phase4_parser_gap_lvds
set_instance_assignment -name CONNECT_TO_SLD_NODE_ENTITY_PORT acq_trigger_in[23] -to "feb_system:u_feb_system|feb_system_v3:u_qsys|feb_system_v3_data_path_subsystem:data_path_subsystem|altera_avalon_sc_fifo:decoded_lane_fifo_0|out_data[6]" -section_id phase4_parser_gap_lvds
set_instance_assignment -name CONNECT_TO_SLD_NODE_ENTITY_PORT acq_trigger_in[24] -to "feb_system:u_feb_system|feb_system_v3:u_qsys|feb_system_v3_data_path_subsystem:data_path_subsystem|altera_avalon_sc_fifo:decoded_lane_fifo_0|out_data[7]" -section_id phase4_parser_gap_lvds
set_instance_assignment -name CONNECT_TO_SLD_NODE_ENTITY_PORT acq_trigger_in[25] -to "feb_system:u_feb_system|feb_system_v3:u_qsys|feb_system_v3_data_path_subsystem:data_path_subsystem|altera_avalon_sc_fifo:decoded_lane_fifo_0|out_data[8]" -section_id phase4_parser_gap_lvds
set_instance_assignment -name CONNECT_TO_SLD_NODE_ENTITY_PORT acq_trigger_in[26] -to "feb_system:u_feb_system|feb_system_v3:u_qsys|feb_system_v3_data_path_subsystem:data_path_subsystem|altera_avalon_sc_fifo:decoded_lane_fifo_0|out_error[0]" -section_id phase4_parser_gap_lvds
set_instance_assignment -name CONNECT_TO_SLD_NODE_ENTITY_PORT acq_trigger_in[27] -to "feb_system:u_feb_system|feb_system_v3:u_qsys|feb_system_v3_data_path_subsystem:data_path_subsystem|altera_avalon_sc_fifo:decoded_lane_fifo_0|out_error[1]" -section_id phase4_parser_gap_lvds
set_instance_assignment -name CONNECT_TO_SLD_NODE_ENTITY_PORT acq_trigger_in[28] -to "feb_system:u_feb_system|feb_system_v3:u_qsys|feb_system_v3_data_path_subsystem:data_path_subsystem|altera_avalon_sc_fifo:decoded_lane_fifo_0|out_error[2]" -section_id phase4_parser_gap_lvds
set_instance_assignment -name CONNECT_TO_SLD_NODE_ENTITY_PORT acq_trigger_in[29] -to "feb_system:u_feb_system|feb_system_v3:u_qsys|feb_system_v3_data_path_subsystem:data_path_subsystem|altera_avalon_sc_fifo:decoded_lane_fifo_0|out_channel[0]" -section_id phase4_parser_gap_lvds
set_instance_assignment -name CONNECT_TO_SLD_NODE_ENTITY_PORT acq_trigger_in[30] -to "feb_system:u_feb_system|feb_system_v3:u_qsys|feb_system_v3_data_path_subsystem:data_path_subsystem|altera_avalon_sc_fifo:decoded_lane_fifo_0|out_channel[1]" -section_id phase4_parser_gap_lvds
set_instance_assignment -name CONNECT_TO_SLD_NODE_ENTITY_PORT acq_trigger_in[31] -to "feb_system:u_feb_system|feb_system_v3:u_qsys|feb_system_v3_data_path_subsystem:data_path_subsystem|altera_avalon_sc_fifo:decoded_lane_fifo_0|out_channel[2]" -section_id phase4_parser_gap_lvds
set_instance_assignment -name CONNECT_TO_SLD_NODE_ENTITY_PORT acq_trigger_in[32] -to "feb_system:u_feb_system|feb_system_v3:u_qsys|feb_system_v3_data_path_subsystem:data_path_subsystem|altera_avalon_sc_fifo:decoded_lane_fifo_0|out_channel[3]" -section_id phase4_parser_gap_lvds
set_instance_assignment -name CONNECT_TO_SLD_NODE_ENTITY_PORT acq_trigger_in[33] -to "feb_system:u_feb_system|feb_system_v3:u_qsys|feb_system_v3_data_path_subsystem:data_path_subsystem|altera_avalon_sc_fifo:decoded_lane_fifo_0|out_channel[4]" -section_id phase4_parser_gap_lvds
set_instance_assignment -name CONNECT_TO_SLD_NODE_ENTITY_PORT acq_trigger_in[34] -to "feb_system:u_feb_system|feb_system_v3:u_qsys|feb_system_v3_data_path_subsystem:data_path_subsystem|feb_system_v3_data_path_subsystem_avalon_st_adapter_009:avalon_st_adapter_009|in_0_valid" -section_id phase4_parser_gap_lvds
set_instance_assignment -name CONNECT_TO_SLD_NODE_ENTITY_PORT acq_trigger_in[35] -to "feb_system:u_feb_system|feb_system_v3:u_qsys|feb_system_v3_data_path_subsystem:data_path_subsystem|feb_system_v3_data_path_subsystem_avalon_st_adapter_009:avalon_st_adapter_009|in_0_ready" -section_id phase4_parser_gap_lvds
set_instance_assignment -name CONNECT_TO_SLD_NODE_ENTITY_PORT acq_trigger_in[36] -to "feb_system:u_feb_system|feb_system_v3:u_qsys|feb_system_v3_data_path_subsystem:data_path_subsystem|feb_system_v3_data_path_subsystem_avalon_st_adapter_009:avalon_st_adapter_009|out_0_valid" -section_id phase4_parser_gap_lvds
set_instance_assignment -name CONNECT_TO_SLD_NODE_ENTITY_PORT acq_trigger_in[37] -to "feb_system:u_feb_system|feb_system_v3:u_qsys|feb_system_v3_data_path_subsystem:data_path_subsystem|feb_system_v3_data_path_subsystem_mutrig_datapath_subsystem_0:mutrig_datapath_subsystem_0|decoded_din_valid" -section_id phase4_parser_gap_lvds
set_instance_assignment -name CONNECT_TO_SLD_NODE_ENTITY_PORT acq_trigger_in[38] -to "feb_system:u_feb_system|feb_system_v3:u_qsys|feb_system_v3_data_path_subsystem:data_path_subsystem|feb_system_v3_data_path_subsystem_avalon_st_adapter_009:avalon_st_adapter_009|out_0_data[0]" -section_id phase4_parser_gap_lvds
set_instance_assignment -name CONNECT_TO_SLD_NODE_ENTITY_PORT acq_trigger_in[39] -to "feb_system:u_feb_system|feb_system_v3:u_qsys|feb_system_v3_data_path_subsystem:data_path_subsystem|feb_system_v3_data_path_subsystem_avalon_st_adapter_009:avalon_st_adapter_009|out_0_data[1]" -section_id phase4_parser_gap_lvds
set_instance_assignment -name CONNECT_TO_SLD_NODE_ENTITY_PORT acq_trigger_in[40] -to "feb_system:u_feb_system|feb_system_v3:u_qsys|feb_system_v3_data_path_subsystem:data_path_subsystem|feb_system_v3_data_path_subsystem_avalon_st_adapter_009:avalon_st_adapter_009|out_0_data[2]" -section_id phase4_parser_gap_lvds
set_instance_assignment -name CONNECT_TO_SLD_NODE_ENTITY_PORT acq_trigger_in[41] -to "feb_system:u_feb_system|feb_system_v3:u_qsys|feb_system_v3_data_path_subsystem:data_path_subsystem|feb_system_v3_data_path_subsystem_avalon_st_adapter_009:avalon_st_adapter_009|out_0_data[3]" -section_id phase4_parser_gap_lvds
set_instance_assignment -name CONNECT_TO_SLD_NODE_ENTITY_PORT acq_trigger_in[42] -to "feb_system:u_feb_system|feb_system_v3:u_qsys|feb_system_v3_data_path_subsystem:data_path_subsystem|feb_system_v3_data_path_subsystem_avalon_st_adapter_009:avalon_st_adapter_009|out_0_data[4]" -section_id phase4_parser_gap_lvds
set_instance_assignment -name CONNECT_TO_SLD_NODE_ENTITY_PORT acq_trigger_in[43] -to "feb_system:u_feb_system|feb_system_v3:u_qsys|feb_system_v3_data_path_subsystem:data_path_subsystem|feb_system_v3_data_path_subsystem_avalon_st_adapter_009:avalon_st_adapter_009|out_0_data[5]" -section_id phase4_parser_gap_lvds
set_instance_assignment -name CONNECT_TO_SLD_NODE_ENTITY_PORT acq_trigger_in[44] -to "feb_system:u_feb_system|feb_system_v3:u_qsys|feb_system_v3_data_path_subsystem:data_path_subsystem|feb_system_v3_data_path_subsystem_avalon_st_adapter_009:avalon_st_adapter_009|out_0_data[6]" -section_id phase4_parser_gap_lvds
set_instance_assignment -name CONNECT_TO_SLD_NODE_ENTITY_PORT acq_trigger_in[45] -to "feb_system:u_feb_system|feb_system_v3:u_qsys|feb_system_v3_data_path_subsystem:data_path_subsystem|feb_system_v3_data_path_subsystem_avalon_st_adapter_009:avalon_st_adapter_009|out_0_data[7]" -section_id phase4_parser_gap_lvds
set_instance_assignment -name CONNECT_TO_SLD_NODE_ENTITY_PORT acq_trigger_in[46] -to "feb_system:u_feb_system|feb_system_v3:u_qsys|feb_system_v3_data_path_subsystem:data_path_subsystem|feb_system_v3_data_path_subsystem_avalon_st_adapter_009:avalon_st_adapter_009|out_0_data[8]" -section_id phase4_parser_gap_lvds
set_instance_assignment -name CONNECT_TO_SLD_NODE_ENTITY_PORT acq_trigger_in[47] -to "feb_system:u_feb_system|feb_system_v3:u_qsys|feb_system_v3_data_path_subsystem:data_path_subsystem|feb_system_v3_data_path_subsystem_avalon_st_adapter_009:avalon_st_adapter_009|out_0_error[0]" -section_id phase4_parser_gap_lvds
set_instance_assignment -name CONNECT_TO_SLD_NODE_ENTITY_PORT acq_trigger_in[48] -to "feb_system:u_feb_system|feb_system_v3:u_qsys|feb_system_v3_data_path_subsystem:data_path_subsystem|feb_system_v3_data_path_subsystem_avalon_st_adapter_009:avalon_st_adapter_009|out_0_error[1]" -section_id phase4_parser_gap_lvds
set_instance_assignment -name CONNECT_TO_SLD_NODE_ENTITY_PORT acq_trigger_in[49] -to "feb_system:u_feb_system|feb_system_v3:u_qsys|feb_system_v3_data_path_subsystem:data_path_subsystem|feb_system_v3_data_path_subsystem_avalon_st_adapter_009:avalon_st_adapter_009|out_0_error[2]" -section_id phase4_parser_gap_lvds
set_instance_assignment -name CONNECT_TO_SLD_NODE_ENTITY_PORT acq_trigger_in[50] -to "feb_system:u_feb_system|feb_system_v3:u_qsys|feb_system_v3_data_path_subsystem:data_path_subsystem|feb_system_v3_data_path_subsystem_avalon_st_adapter_009:avalon_st_adapter_009|out_0_channel[0]" -section_id phase4_parser_gap_lvds
set_instance_assignment -name CONNECT_TO_SLD_NODE_ENTITY_PORT acq_trigger_in[51] -to "feb_system:u_feb_system|feb_system_v3:u_qsys|feb_system_v3_data_path_subsystem:data_path_subsystem|feb_system_v3_data_path_subsystem_avalon_st_adapter_009:avalon_st_adapter_009|out_0_channel[1]" -section_id phase4_parser_gap_lvds
set_instance_assignment -name CONNECT_TO_SLD_NODE_ENTITY_PORT acq_trigger_in[52] -to "feb_system:u_feb_system|feb_system_v3:u_qsys|feb_system_v3_data_path_subsystem:data_path_subsystem|feb_system_v3_data_path_subsystem_avalon_st_adapter_009:avalon_st_adapter_009|out_0_channel[2]" -section_id phase4_parser_gap_lvds
set_instance_assignment -name CONNECT_TO_SLD_NODE_ENTITY_PORT acq_trigger_in[53] -to "feb_system:u_feb_system|feb_system_v3:u_qsys|feb_system_v3_data_path_subsystem:data_path_subsystem|feb_system_v3_data_path_subsystem_avalon_st_adapter_009:avalon_st_adapter_009|out_0_channel[3]" -section_id phase4_parser_gap_lvds
set_instance_assignment -name CONNECT_TO_SLD_NODE_ENTITY_PORT acq_trigger_in[54] -to "feb_system:u_feb_system|feb_system_v3:u_qsys|feb_system_v3_data_path_subsystem:data_path_subsystem|feb_system_v3_data_path_subsystem_mutrig_datapath_subsystem_0:mutrig_datapath_subsystem_0|decoded_din_data[0]" -section_id phase4_parser_gap_lvds
set_instance_assignment -name CONNECT_TO_SLD_NODE_ENTITY_PORT acq_trigger_in[55] -to "feb_system:u_feb_system|feb_system_v3:u_qsys|feb_system_v3_data_path_subsystem:data_path_subsystem|feb_system_v3_data_path_subsystem_mutrig_datapath_subsystem_0:mutrig_datapath_subsystem_0|decoded_din_data[1]" -section_id phase4_parser_gap_lvds
set_instance_assignment -name CONNECT_TO_SLD_NODE_ENTITY_PORT acq_trigger_in[56] -to "feb_system:u_feb_system|feb_system_v3:u_qsys|feb_system_v3_data_path_subsystem:data_path_subsystem|feb_system_v3_data_path_subsystem_mutrig_datapath_subsystem_0:mutrig_datapath_subsystem_0|decoded_din_data[2]" -section_id phase4_parser_gap_lvds
set_instance_assignment -name CONNECT_TO_SLD_NODE_ENTITY_PORT acq_trigger_in[57] -to "feb_system:u_feb_system|feb_system_v3:u_qsys|feb_system_v3_data_path_subsystem:data_path_subsystem|feb_system_v3_data_path_subsystem_mutrig_datapath_subsystem_0:mutrig_datapath_subsystem_0|decoded_din_data[3]" -section_id phase4_parser_gap_lvds
set_instance_assignment -name CONNECT_TO_SLD_NODE_ENTITY_PORT acq_trigger_in[58] -to "feb_system:u_feb_system|feb_system_v3:u_qsys|feb_system_v3_data_path_subsystem:data_path_subsystem|feb_system_v3_data_path_subsystem_mutrig_datapath_subsystem_0:mutrig_datapath_subsystem_0|decoded_din_data[4]" -section_id phase4_parser_gap_lvds
set_instance_assignment -name CONNECT_TO_SLD_NODE_ENTITY_PORT acq_trigger_in[59] -to "feb_system:u_feb_system|feb_system_v3:u_qsys|feb_system_v3_data_path_subsystem:data_path_subsystem|feb_system_v3_data_path_subsystem_mutrig_datapath_subsystem_0:mutrig_datapath_subsystem_0|decoded_din_data[5]" -section_id phase4_parser_gap_lvds
set_instance_assignment -name CONNECT_TO_SLD_NODE_ENTITY_PORT acq_trigger_in[60] -to "feb_system:u_feb_system|feb_system_v3:u_qsys|feb_system_v3_data_path_subsystem:data_path_subsystem|feb_system_v3_data_path_subsystem_mutrig_datapath_subsystem_0:mutrig_datapath_subsystem_0|decoded_din_data[6]" -section_id phase4_parser_gap_lvds
set_instance_assignment -name CONNECT_TO_SLD_NODE_ENTITY_PORT acq_trigger_in[61] -to "feb_system:u_feb_system|feb_system_v3:u_qsys|feb_system_v3_data_path_subsystem:data_path_subsystem|feb_system_v3_data_path_subsystem_mutrig_datapath_subsystem_0:mutrig_datapath_subsystem_0|decoded_din_data[7]" -section_id phase4_parser_gap_lvds
set_instance_assignment -name CONNECT_TO_SLD_NODE_ENTITY_PORT acq_trigger_in[62] -to "feb_system:u_feb_system|feb_system_v3:u_qsys|feb_system_v3_data_path_subsystem:data_path_subsystem|feb_system_v3_data_path_subsystem_mutrig_datapath_subsystem_0:mutrig_datapath_subsystem_0|decoded_din_data[8]" -section_id phase4_parser_gap_lvds
set_instance_assignment -name CONNECT_TO_SLD_NODE_ENTITY_PORT acq_trigger_in[63] -to "feb_system:u_feb_system|feb_system_v3:u_qsys|feb_system_v3_data_path_subsystem:data_path_subsystem|feb_system_v3_data_path_subsystem_mutrig_datapath_subsystem_0:mutrig_datapath_subsystem_0|decoded_din_error[0]" -section_id phase4_parser_gap_lvds
set_instance_assignment -name CONNECT_TO_SLD_NODE_ENTITY_PORT acq_trigger_in[64] -to "feb_system:u_feb_system|feb_system_v3:u_qsys|feb_system_v3_data_path_subsystem:data_path_subsystem|feb_system_v3_data_path_subsystem_mutrig_datapath_subsystem_0:mutrig_datapath_subsystem_0|decoded_din_error[1]" -section_id phase4_parser_gap_lvds
set_instance_assignment -name CONNECT_TO_SLD_NODE_ENTITY_PORT acq_trigger_in[65] -to "feb_system:u_feb_system|feb_system_v3:u_qsys|feb_system_v3_data_path_subsystem:data_path_subsystem|feb_system_v3_data_path_subsystem_mutrig_datapath_subsystem_0:mutrig_datapath_subsystem_0|decoded_din_error[2]" -section_id phase4_parser_gap_lvds
set_instance_assignment -name CONNECT_TO_SLD_NODE_ENTITY_PORT acq_trigger_in[66] -to "feb_system:u_feb_system|feb_system_v3:u_qsys|feb_system_v3_data_path_subsystem:data_path_subsystem|feb_system_v3_data_path_subsystem_mutrig_datapath_subsystem_0:mutrig_datapath_subsystem_0|decoded_din_channel[0]" -section_id phase4_parser_gap_lvds
set_instance_assignment -name CONNECT_TO_SLD_NODE_ENTITY_PORT acq_trigger_in[67] -to "feb_system:u_feb_system|feb_system_v3:u_qsys|feb_system_v3_data_path_subsystem:data_path_subsystem|feb_system_v3_data_path_subsystem_mutrig_datapath_subsystem_0:mutrig_datapath_subsystem_0|decoded_din_channel[1]" -section_id phase4_parser_gap_lvds
set_instance_assignment -name CONNECT_TO_SLD_NODE_ENTITY_PORT acq_trigger_in[68] -to "feb_system:u_feb_system|feb_system_v3:u_qsys|feb_system_v3_data_path_subsystem:data_path_subsystem|feb_system_v3_data_path_subsystem_mutrig_datapath_subsystem_0:mutrig_datapath_subsystem_0|decoded_din_channel[2]" -section_id phase4_parser_gap_lvds
set_instance_assignment -name CONNECT_TO_SLD_NODE_ENTITY_PORT acq_trigger_in[69] -to "feb_system:u_feb_system|feb_system_v3:u_qsys|feb_system_v3_data_path_subsystem:data_path_subsystem|feb_system_v3_data_path_subsystem_mutrig_datapath_subsystem_0:mutrig_datapath_subsystem_0|decoded_din_channel[3]" -section_id phase4_parser_gap_lvds
set_instance_assignment -name CONNECT_TO_SLD_NODE_ENTITY_PORT acq_trigger_in[70] -to "feb_system:u_feb_system|feb_system_v3:u_qsys|feb_system_v3_data_path_subsystem:data_path_subsystem|feb_system_v3_data_path_subsystem_mutrig_datapath_subsystem_0:mutrig_datapath_subsystem_0|frame_rcv_ip:mutrig_frame_deassembly_0|asi_rx8b1k_valid" -section_id phase4_parser_gap_lvds
set_instance_assignment -name CONNECT_TO_SLD_NODE_ENTITY_PORT acq_trigger_in[71] -to "feb_system:u_feb_system|feb_system_v3:u_qsys|feb_system_v3_data_path_subsystem:data_path_subsystem|feb_system_v3_data_path_subsystem_mutrig_datapath_subsystem_0:mutrig_datapath_subsystem_0|frame_rcv_ip:mutrig_frame_deassembly_0|i_byteisk" -section_id phase4_parser_gap_lvds
set_instance_assignment -name CONNECT_TO_SLD_NODE_ENTITY_PORT acq_trigger_in[72] -to "feb_system:u_feb_system|feb_system_v3:u_qsys|feb_system_v3_data_path_subsystem:data_path_subsystem|feb_system_v3_data_path_subsystem_mutrig_datapath_subsystem_0:mutrig_datapath_subsystem_0|frame_rcv_ip:mutrig_frame_deassembly_0|n_frame_info_ready" -section_id phase4_parser_gap_lvds
set_instance_assignment -name CONNECT_TO_SLD_NODE_ENTITY_PORT acq_trigger_in[73] -to "feb_system:u_feb_system|feb_system_v3:u_qsys|feb_system_v3_data_path_subsystem:data_path_subsystem|feb_system_v3_data_path_subsystem_mutrig_datapath_subsystem_0:mutrig_datapath_subsystem_0|frame_rcv_ip:mutrig_frame_deassembly_0|aso_headerinfo_valid" -section_id phase4_parser_gap_lvds
set_instance_assignment -name CONNECT_TO_SLD_NODE_ENTITY_PORT acq_trigger_in[74] -to "feb_system:u_feb_system|feb_system_v3:u_qsys|feb_system_v3_data_path_subsystem:data_path_subsystem|feb_system_v3_data_path_subsystem_mutrig_datapath_subsystem_0:mutrig_datapath_subsystem_0|frame_rcv_ip:mutrig_frame_deassembly_0|aso_hit_type0_valid" -section_id phase4_parser_gap_lvds
set_instance_assignment -name CONNECT_TO_SLD_NODE_ENTITY_PORT acq_trigger_in[75] -to "feb_system:u_feb_system|feb_system_v3:u_qsys|feb_system_v3_data_path_subsystem:data_path_subsystem|feb_system_v3_data_path_subsystem_mutrig_datapath_subsystem_0:mutrig_datapath_subsystem_0|frame_rcv_ip:mutrig_frame_deassembly_0|p_new_word" -section_id phase4_parser_gap_lvds
set_instance_assignment -name CONNECT_TO_SLD_NODE_ENTITY_PORT acq_trigger_in[76] -to "feb_system:u_feb_system|feb_system_v3:u_qsys|feb_system_v3_data_path_subsystem:data_path_subsystem|feb_system_v3_data_path_subsystem_mutrig_datapath_subsystem_0:mutrig_datapath_subsystem_0|frame_rcv_ip:mutrig_frame_deassembly_0|n_new_word" -section_id phase4_parser_gap_lvds
set_instance_assignment -name CONNECT_TO_SLD_NODE_ENTITY_PORT acq_trigger_in[77] -to "feb_system:u_feb_system|feb_system_v3:u_qsys|feb_system_v3_data_path_subsystem:data_path_subsystem|feb_system_v3_data_path_subsystem_mutrig_datapath_subsystem_0:mutrig_datapath_subsystem_0|frame_rcv_ip:mutrig_frame_deassembly_0|asi_rx8b1k_data[0]" -section_id phase4_parser_gap_lvds
set_instance_assignment -name CONNECT_TO_SLD_NODE_ENTITY_PORT acq_trigger_in[78] -to "feb_system:u_feb_system|feb_system_v3:u_qsys|feb_system_v3_data_path_subsystem:data_path_subsystem|feb_system_v3_data_path_subsystem_mutrig_datapath_subsystem_0:mutrig_datapath_subsystem_0|frame_rcv_ip:mutrig_frame_deassembly_0|asi_rx8b1k_data[1]" -section_id phase4_parser_gap_lvds
set_instance_assignment -name CONNECT_TO_SLD_NODE_ENTITY_PORT acq_trigger_in[79] -to "feb_system:u_feb_system|feb_system_v3:u_qsys|feb_system_v3_data_path_subsystem:data_path_subsystem|feb_system_v3_data_path_subsystem_mutrig_datapath_subsystem_0:mutrig_datapath_subsystem_0|frame_rcv_ip:mutrig_frame_deassembly_0|asi_rx8b1k_data[2]" -section_id phase4_parser_gap_lvds
set_instance_assignment -name CONNECT_TO_SLD_NODE_ENTITY_PORT acq_trigger_in[80] -to "feb_system:u_feb_system|feb_system_v3:u_qsys|feb_system_v3_data_path_subsystem:data_path_subsystem|feb_system_v3_data_path_subsystem_mutrig_datapath_subsystem_0:mutrig_datapath_subsystem_0|frame_rcv_ip:mutrig_frame_deassembly_0|asi_rx8b1k_data[3]" -section_id phase4_parser_gap_lvds
set_instance_assignment -name CONNECT_TO_SLD_NODE_ENTITY_PORT acq_trigger_in[81] -to "feb_system:u_feb_system|feb_system_v3:u_qsys|feb_system_v3_data_path_subsystem:data_path_subsystem|feb_system_v3_data_path_subsystem_mutrig_datapath_subsystem_0:mutrig_datapath_subsystem_0|frame_rcv_ip:mutrig_frame_deassembly_0|asi_rx8b1k_data[4]" -section_id phase4_parser_gap_lvds
set_instance_assignment -name CONNECT_TO_SLD_NODE_ENTITY_PORT acq_trigger_in[82] -to "feb_system:u_feb_system|feb_system_v3:u_qsys|feb_system_v3_data_path_subsystem:data_path_subsystem|feb_system_v3_data_path_subsystem_mutrig_datapath_subsystem_0:mutrig_datapath_subsystem_0|frame_rcv_ip:mutrig_frame_deassembly_0|asi_rx8b1k_data[5]" -section_id phase4_parser_gap_lvds
set_instance_assignment -name CONNECT_TO_SLD_NODE_ENTITY_PORT acq_trigger_in[83] -to "feb_system:u_feb_system|feb_system_v3:u_qsys|feb_system_v3_data_path_subsystem:data_path_subsystem|feb_system_v3_data_path_subsystem_mutrig_datapath_subsystem_0:mutrig_datapath_subsystem_0|frame_rcv_ip:mutrig_frame_deassembly_0|asi_rx8b1k_data[6]" -section_id phase4_parser_gap_lvds
set_instance_assignment -name CONNECT_TO_SLD_NODE_ENTITY_PORT acq_trigger_in[84] -to "feb_system:u_feb_system|feb_system_v3:u_qsys|feb_system_v3_data_path_subsystem:data_path_subsystem|feb_system_v3_data_path_subsystem_mutrig_datapath_subsystem_0:mutrig_datapath_subsystem_0|frame_rcv_ip:mutrig_frame_deassembly_0|asi_rx8b1k_data[7]" -section_id phase4_parser_gap_lvds
set_instance_assignment -name CONNECT_TO_SLD_NODE_ENTITY_PORT acq_trigger_in[85] -to "feb_system:u_feb_system|feb_system_v3:u_qsys|feb_system_v3_data_path_subsystem:data_path_subsystem|feb_system_v3_data_path_subsystem_mutrig_datapath_subsystem_0:mutrig_datapath_subsystem_0|frame_rcv_ip:mutrig_frame_deassembly_0|asi_rx8b1k_data[8]" -section_id phase4_parser_gap_lvds
set_instance_assignment -name CONNECT_TO_SLD_NODE_ENTITY_PORT acq_trigger_in[86] -to "feb_system:u_feb_system|feb_system_v3:u_qsys|feb_system_v3_data_path_subsystem:data_path_subsystem|feb_system_v3_data_path_subsystem_mutrig_datapath_subsystem_0:mutrig_datapath_subsystem_0|frame_rcv_ip:mutrig_frame_deassembly_0|asi_rx8b1k_error[0]" -section_id phase4_parser_gap_lvds
set_instance_assignment -name CONNECT_TO_SLD_NODE_ENTITY_PORT acq_trigger_in[87] -to "feb_system:u_feb_system|feb_system_v3:u_qsys|feb_system_v3_data_path_subsystem:data_path_subsystem|feb_system_v3_data_path_subsystem_mutrig_datapath_subsystem_0:mutrig_datapath_subsystem_0|frame_rcv_ip:mutrig_frame_deassembly_0|asi_rx8b1k_error[1]" -section_id phase4_parser_gap_lvds
set_instance_assignment -name CONNECT_TO_SLD_NODE_ENTITY_PORT acq_trigger_in[88] -to "feb_system:u_feb_system|feb_system_v3:u_qsys|feb_system_v3_data_path_subsystem:data_path_subsystem|feb_system_v3_data_path_subsystem_mutrig_datapath_subsystem_0:mutrig_datapath_subsystem_0|frame_rcv_ip:mutrig_frame_deassembly_0|asi_rx8b1k_error[2]" -section_id phase4_parser_gap_lvds
set_instance_assignment -name CONNECT_TO_SLD_NODE_ENTITY_PORT acq_trigger_in[89] -to "feb_system:u_feb_system|feb_system_v3:u_qsys|feb_system_v3_data_path_subsystem:data_path_subsystem|feb_system_v3_data_path_subsystem_mutrig_datapath_subsystem_0:mutrig_datapath_subsystem_0|frame_rcv_ip:mutrig_frame_deassembly_0|i_data[0]" -section_id phase4_parser_gap_lvds
set_instance_assignment -name CONNECT_TO_SLD_NODE_ENTITY_PORT acq_trigger_in[90] -to "feb_system:u_feb_system|feb_system_v3:u_qsys|feb_system_v3_data_path_subsystem:data_path_subsystem|feb_system_v3_data_path_subsystem_mutrig_datapath_subsystem_0:mutrig_datapath_subsystem_0|frame_rcv_ip:mutrig_frame_deassembly_0|i_data[1]" -section_id phase4_parser_gap_lvds
set_instance_assignment -name CONNECT_TO_SLD_NODE_ENTITY_PORT acq_trigger_in[91] -to "feb_system:u_feb_system|feb_system_v3:u_qsys|feb_system_v3_data_path_subsystem:data_path_subsystem|feb_system_v3_data_path_subsystem_mutrig_datapath_subsystem_0:mutrig_datapath_subsystem_0|frame_rcv_ip:mutrig_frame_deassembly_0|i_data[2]" -section_id phase4_parser_gap_lvds
set_instance_assignment -name CONNECT_TO_SLD_NODE_ENTITY_PORT acq_trigger_in[92] -to "feb_system:u_feb_system|feb_system_v3:u_qsys|feb_system_v3_data_path_subsystem:data_path_subsystem|feb_system_v3_data_path_subsystem_mutrig_datapath_subsystem_0:mutrig_datapath_subsystem_0|frame_rcv_ip:mutrig_frame_deassembly_0|i_data[3]" -section_id phase4_parser_gap_lvds
set_instance_assignment -name CONNECT_TO_SLD_NODE_ENTITY_PORT acq_trigger_in[93] -to "feb_system:u_feb_system|feb_system_v3:u_qsys|feb_system_v3_data_path_subsystem:data_path_subsystem|feb_system_v3_data_path_subsystem_mutrig_datapath_subsystem_0:mutrig_datapath_subsystem_0|frame_rcv_ip:mutrig_frame_deassembly_0|i_data[4]" -section_id phase4_parser_gap_lvds
set_instance_assignment -name CONNECT_TO_SLD_NODE_ENTITY_PORT acq_trigger_in[94] -to "feb_system:u_feb_system|feb_system_v3:u_qsys|feb_system_v3_data_path_subsystem:data_path_subsystem|feb_system_v3_data_path_subsystem_mutrig_datapath_subsystem_0:mutrig_datapath_subsystem_0|frame_rcv_ip:mutrig_frame_deassembly_0|i_data[5]" -section_id phase4_parser_gap_lvds
set_instance_assignment -name CONNECT_TO_SLD_NODE_ENTITY_PORT acq_trigger_in[95] -to "feb_system:u_feb_system|feb_system_v3:u_qsys|feb_system_v3_data_path_subsystem:data_path_subsystem|feb_system_v3_data_path_subsystem_mutrig_datapath_subsystem_0:mutrig_datapath_subsystem_0|frame_rcv_ip:mutrig_frame_deassembly_0|i_data[6]" -section_id phase4_parser_gap_lvds
set_instance_assignment -name CONNECT_TO_SLD_NODE_ENTITY_PORT acq_trigger_in[96] -to "feb_system:u_feb_system|feb_system_v3:u_qsys|feb_system_v3_data_path_subsystem:data_path_subsystem|feb_system_v3_data_path_subsystem_mutrig_datapath_subsystem_0:mutrig_datapath_subsystem_0|frame_rcv_ip:mutrig_frame_deassembly_0|i_data[7]" -section_id phase4_parser_gap_lvds
set_instance_assignment -name CONNECT_TO_SLD_NODE_ENTITY_PORT acq_trigger_in[97] -to "feb_system:u_feb_system|feb_system_v3:u_qsys|feb_system_v3_data_path_subsystem:data_path_subsystem|feb_system_v3_data_path_subsystem_mutrig_datapath_subsystem_0:mutrig_datapath_subsystem_0|frame_rcv_ip:mutrig_frame_deassembly_0|p_frame_len[0]" -section_id phase4_parser_gap_lvds
set_instance_assignment -name CONNECT_TO_SLD_NODE_ENTITY_PORT acq_trigger_in[98] -to "feb_system:u_feb_system|feb_system_v3:u_qsys|feb_system_v3_data_path_subsystem:data_path_subsystem|feb_system_v3_data_path_subsystem_mutrig_datapath_subsystem_0:mutrig_datapath_subsystem_0|frame_rcv_ip:mutrig_frame_deassembly_0|p_frame_len[1]" -section_id phase4_parser_gap_lvds
set_instance_assignment -name CONNECT_TO_SLD_NODE_ENTITY_PORT acq_trigger_in[99] -to "feb_system:u_feb_system|feb_system_v3:u_qsys|feb_system_v3_data_path_subsystem:data_path_subsystem|feb_system_v3_data_path_subsystem_mutrig_datapath_subsystem_0:mutrig_datapath_subsystem_0|frame_rcv_ip:mutrig_frame_deassembly_0|p_frame_len[2]" -section_id phase4_parser_gap_lvds
set_instance_assignment -name CONNECT_TO_SLD_NODE_ENTITY_PORT acq_trigger_in[100] -to "feb_system:u_feb_system|feb_system_v3:u_qsys|feb_system_v3_data_path_subsystem:data_path_subsystem|feb_system_v3_data_path_subsystem_mutrig_datapath_subsystem_0:mutrig_datapath_subsystem_0|frame_rcv_ip:mutrig_frame_deassembly_0|p_frame_len[3]" -section_id phase4_parser_gap_lvds
set_instance_assignment -name CONNECT_TO_SLD_NODE_ENTITY_PORT acq_trigger_in[101] -to "feb_system:u_feb_system|feb_system_v3:u_qsys|feb_system_v3_data_path_subsystem:data_path_subsystem|feb_system_v3_data_path_subsystem_mutrig_datapath_subsystem_0:mutrig_datapath_subsystem_0|frame_rcv_ip:mutrig_frame_deassembly_0|p_frame_len[4]" -section_id phase4_parser_gap_lvds
set_instance_assignment -name CONNECT_TO_SLD_NODE_ENTITY_PORT acq_trigger_in[102] -to "feb_system:u_feb_system|feb_system_v3:u_qsys|feb_system_v3_data_path_subsystem:data_path_subsystem|feb_system_v3_data_path_subsystem_mutrig_datapath_subsystem_0:mutrig_datapath_subsystem_0|frame_rcv_ip:mutrig_frame_deassembly_0|p_frame_len[5]" -section_id phase4_parser_gap_lvds
set_instance_assignment -name CONNECT_TO_SLD_NODE_ENTITY_PORT acq_trigger_in[103] -to "feb_system:u_feb_system|feb_system_v3:u_qsys|feb_system_v3_data_path_subsystem:data_path_subsystem|feb_system_v3_data_path_subsystem_mutrig_datapath_subsystem_0:mutrig_datapath_subsystem_0|frame_rcv_ip:mutrig_frame_deassembly_0|p_frame_len[6]" -section_id phase4_parser_gap_lvds
set_instance_assignment -name CONNECT_TO_SLD_NODE_ENTITY_PORT acq_trigger_in[104] -to "feb_system:u_feb_system|feb_system_v3:u_qsys|feb_system_v3_data_path_subsystem:data_path_subsystem|feb_system_v3_data_path_subsystem_mutrig_datapath_subsystem_0:mutrig_datapath_subsystem_0|frame_rcv_ip:mutrig_frame_deassembly_0|p_frame_len[7]" -section_id phase4_parser_gap_lvds
set_instance_assignment -name CONNECT_TO_SLD_NODE_ENTITY_PORT acq_trigger_in[105] -to "feb_system:u_feb_system|feb_system_v3:u_qsys|feb_system_v3_data_path_subsystem:data_path_subsystem|feb_system_v3_data_path_subsystem_mutrig_datapath_subsystem_0:mutrig_datapath_subsystem_0|frame_rcv_ip:mutrig_frame_deassembly_0|p_frame_len[8]" -section_id phase4_parser_gap_lvds
set_instance_assignment -name CONNECT_TO_SLD_NODE_ENTITY_PORT acq_trigger_in[106] -to "feb_system:u_feb_system|feb_system_v3:u_qsys|feb_system_v3_data_path_subsystem:data_path_subsystem|feb_system_v3_data_path_subsystem_mutrig_datapath_subsystem_0:mutrig_datapath_subsystem_0|frame_rcv_ip:mutrig_frame_deassembly_0|p_frame_len[9]" -section_id phase4_parser_gap_lvds
set_instance_assignment -name CONNECT_TO_SLD_NODE_ENTITY_PORT acq_trigger_in[107] -to "feb_system:u_feb_system|feb_system_v3:u_qsys|feb_system_v3_data_path_subsystem:data_path_subsystem|feb_system_v3_data_path_subsystem_mutrig_datapath_subsystem_0:mutrig_datapath_subsystem_0|frame_rcv_ip:mutrig_frame_deassembly_0|p_word_cnt[0]" -section_id phase4_parser_gap_lvds
set_instance_assignment -name CONNECT_TO_SLD_NODE_ENTITY_PORT acq_trigger_in[108] -to "feb_system:u_feb_system|feb_system_v3:u_qsys|feb_system_v3_data_path_subsystem:data_path_subsystem|feb_system_v3_data_path_subsystem_mutrig_datapath_subsystem_0:mutrig_datapath_subsystem_0|frame_rcv_ip:mutrig_frame_deassembly_0|p_word_cnt[1]" -section_id phase4_parser_gap_lvds
set_instance_assignment -name CONNECT_TO_SLD_NODE_ENTITY_PORT acq_trigger_in[109] -to "feb_system:u_feb_system|feb_system_v3:u_qsys|feb_system_v3_data_path_subsystem:data_path_subsystem|feb_system_v3_data_path_subsystem_mutrig_datapath_subsystem_0:mutrig_datapath_subsystem_0|frame_rcv_ip:mutrig_frame_deassembly_0|p_word_cnt[2]" -section_id phase4_parser_gap_lvds
set_instance_assignment -name CONNECT_TO_SLD_NODE_ENTITY_PORT acq_trigger_in[110] -to "feb_system:u_feb_system|feb_system_v3:u_qsys|feb_system_v3_data_path_subsystem:data_path_subsystem|feb_system_v3_data_path_subsystem_mutrig_datapath_subsystem_0:mutrig_datapath_subsystem_0|frame_rcv_ip:mutrig_frame_deassembly_0|p_word_cnt[3]" -section_id phase4_parser_gap_lvds
set_instance_assignment -name CONNECT_TO_SLD_NODE_ENTITY_PORT acq_trigger_in[111] -to "feb_system:u_feb_system|feb_system_v3:u_qsys|feb_system_v3_data_path_subsystem:data_path_subsystem|feb_system_v3_data_path_subsystem_mutrig_datapath_subsystem_0:mutrig_datapath_subsystem_0|frame_rcv_ip:mutrig_frame_deassembly_0|p_word_cnt[4]" -section_id phase4_parser_gap_lvds
set_instance_assignment -name CONNECT_TO_SLD_NODE_ENTITY_PORT acq_trigger_in[112] -to "feb_system:u_feb_system|feb_system_v3:u_qsys|feb_system_v3_data_path_subsystem:data_path_subsystem|feb_system_v3_data_path_subsystem_mutrig_datapath_subsystem_0:mutrig_datapath_subsystem_0|frame_rcv_ip:mutrig_frame_deassembly_0|p_word_cnt[5]" -section_id phase4_parser_gap_lvds
set_instance_assignment -name CONNECT_TO_SLD_NODE_ENTITY_PORT acq_trigger_in[113] -to "feb_system:u_feb_system|feb_system_v3:u_qsys|feb_system_v3_data_path_subsystem:data_path_subsystem|feb_system_v3_data_path_subsystem_mutrig_datapath_subsystem_0:mutrig_datapath_subsystem_0|frame_rcv_ip:mutrig_frame_deassembly_0|p_word_cnt[6]" -section_id phase4_parser_gap_lvds
set_instance_assignment -name CONNECT_TO_SLD_NODE_ENTITY_PORT acq_trigger_in[114] -to "feb_system:u_feb_system|feb_system_v3:u_qsys|feb_system_v3_data_path_subsystem:data_path_subsystem|feb_system_v3_data_path_subsystem_mutrig_datapath_subsystem_0:mutrig_datapath_subsystem_0|frame_rcv_ip:mutrig_frame_deassembly_0|p_word_cnt[7]" -section_id phase4_parser_gap_lvds
set_instance_assignment -name CONNECT_TO_SLD_NODE_ENTITY_PORT acq_trigger_in[115] -to "feb_system:u_feb_system|feb_system_v3:u_qsys|feb_system_v3_data_path_subsystem:data_path_subsystem|feb_system_v3_data_path_subsystem_mutrig_datapath_subsystem_0:mutrig_datapath_subsystem_0|frame_rcv_ip:mutrig_frame_deassembly_0|p_word_cnt[8]" -section_id phase4_parser_gap_lvds
set_instance_assignment -name CONNECT_TO_SLD_NODE_ENTITY_PORT acq_trigger_in[116] -to "feb_system:u_feb_system|feb_system_v3:u_qsys|feb_system_v3_data_path_subsystem:data_path_subsystem|feb_system_v3_data_path_subsystem_mutrig_datapath_subsystem_0:mutrig_datapath_subsystem_0|frame_rcv_ip:mutrig_frame_deassembly_0|p_word_cnt[9]" -section_id phase4_parser_gap_lvds
set_instance_assignment -name CONNECT_TO_SLD_NODE_ENTITY_PORT acq_trigger_in[117] -to "feb_system:u_feb_system|feb_system_v3:u_qsys|feb_system_v3_data_path_subsystem:data_path_subsystem|feb_system_v3_data_path_subsystem_mutrig_datapath_subsystem_0:mutrig_datapath_subsystem_0|headerinfo_valid" -section_id phase4_parser_gap_lvds
set_instance_assignment -name CONNECT_TO_SLD_NODE_ENTITY_PORT acq_trigger_in[118] -to "feb_system:u_feb_system|feb_system_v3:u_qsys|feb_system_v3_data_path_subsystem:data_path_subsystem|feb_system_v3_data_path_subsystem_mutrig_datapath_subsystem_0:mutrig_datapath_subsystem_0|hit_type0_out_valid" -section_id phase4_parser_gap_lvds
set_instance_assignment -name CONNECT_TO_SLD_NODE_ENTITY_PORT acq_trigger_in[119] -to "feb_system:u_feb_system|feb_system_v3:u_qsys|feb_system_v3_data_path_subsystem:data_path_subsystem|feb_system_v3_data_path_subsystem_mutrig_datapath_subsystem_0:mutrig_datapath_subsystem_0|hit_type0_out_ready" -section_id phase4_parser_gap_lvds
set_instance_assignment -name CONNECT_TO_SLD_NODE_ENTITY_PORT acq_trigger_in[120] -to "feb_system:u_feb_system|feb_system_v3:u_qsys|feb_system_v3_data_path_subsystem:data_path_subsystem|feb_system_v3_data_path_subsystem_mutrig_datapath_subsystem_0:mutrig_datapath_subsystem_0|altera_avalon_sc_fifo:backpressure_fifo|in_ready" -section_id phase4_parser_gap_lvds
set_instance_assignment -name CONNECT_TO_SLD_NODE_ENTITY_PORT acq_trigger_in[121] -to "feb_system:u_feb_system|feb_system_v3:u_qsys|feb_system_v3_data_path_subsystem:data_path_subsystem|feb_system_v3_data_path_subsystem_mutrig_datapath_subsystem_0:mutrig_datapath_subsystem_0|altera_avalon_sc_fifo:backpressure_fifo|out_valid" -section_id phase4_parser_gap_lvds
set_instance_assignment -name CONNECT_TO_SLD_NODE_ENTITY_PORT acq_data_in[0] -to "feb_system:u_feb_system|feb_system_v3:u_qsys|feb_system_v3_data_path_subsystem:data_path_subsystem|feb_system_v3_data_path_subsystem_rst_controller:rst_controller_001|reset_out" -section_id phase4_parser_gap_lvds
set_instance_assignment -name CONNECT_TO_SLD_NODE_ENTITY_PORT acq_data_in[1] -to "feb_system:u_feb_system|feb_system_v3:u_qsys|feb_system_v3_data_path_subsystem:data_path_subsystem|emulator_mutrig_qsys_lane:emulator_mutrig_0|aso_tx8b1k_valid" -section_id phase4_parser_gap_lvds
set_instance_assignment -name CONNECT_TO_SLD_NODE_ENTITY_PORT acq_data_in[2] -to "feb_system:u_feb_system|feb_system_v3:u_qsys|feb_system_v3_data_path_subsystem:data_path_subsystem|emulator_mutrig_qsys_lane:emulator_mutrig_0|emulator_mutrig:u_emulator_mutrig|frontend_run_ctl:u_frontend_run_ctl|run_generating" -section_id phase4_parser_gap_lvds
set_instance_assignment -name CONNECT_TO_SLD_NODE_ENTITY_PORT acq_data_in[3] -to "feb_system:u_feb_system|feb_system_v3:u_qsys|feb_system_v3_data_path_subsystem:data_path_subsystem|feb_system_v3_data_path_subsystem_mutrig_datapath_subsystem_0:mutrig_datapath_subsystem_0|run_ctrl_valid" -section_id phase4_parser_gap_lvds
set_instance_assignment -name CONNECT_TO_SLD_NODE_ENTITY_PORT acq_data_in[4] -to "feb_system:u_feb_system|feb_system_v3:u_qsys|feb_system_v3_data_path_subsystem:data_path_subsystem|feb_system_v3_data_path_subsystem_mutrig_datapath_subsystem_0:mutrig_datapath_subsystem_0|frame_rcv_ip:mutrig_frame_deassembly_0|receiver_go" -section_id phase4_parser_gap_lvds
set_instance_assignment -name CONNECT_TO_SLD_NODE_ENTITY_PORT acq_data_in[5] -to "feb_system:u_feb_system|feb_system_v3:u_qsys|feb_system_v3_data_path_subsystem:data_path_subsystem|feb_system_v3_data_path_subsystem_mutrig_datapath_subsystem_0:mutrig_datapath_subsystem_0|frame_rcv_ip:mutrig_frame_deassembly_0|enable" -section_id phase4_parser_gap_lvds
set_instance_assignment -name CONNECT_TO_SLD_NODE_ENTITY_PORT acq_data_in[6] -to "feb_system:u_feb_system|feb_system_v3:u_qsys|feb_system_v3_data_path_subsystem:data_path_subsystem|feb_system_v3_data_path_subsystem_mutrig_datapath_subsystem_0:mutrig_datapath_subsystem_0|run_ctrl_data[0]" -section_id phase4_parser_gap_lvds
set_instance_assignment -name CONNECT_TO_SLD_NODE_ENTITY_PORT acq_data_in[7] -to "feb_system:u_feb_system|feb_system_v3:u_qsys|feb_system_v3_data_path_subsystem:data_path_subsystem|feb_system_v3_data_path_subsystem_mutrig_datapath_subsystem_0:mutrig_datapath_subsystem_0|run_ctrl_data[1]" -section_id phase4_parser_gap_lvds
set_instance_assignment -name CONNECT_TO_SLD_NODE_ENTITY_PORT acq_data_in[8] -to "feb_system:u_feb_system|feb_system_v3:u_qsys|feb_system_v3_data_path_subsystem:data_path_subsystem|feb_system_v3_data_path_subsystem_mutrig_datapath_subsystem_0:mutrig_datapath_subsystem_0|run_ctrl_data[2]" -section_id phase4_parser_gap_lvds
set_instance_assignment -name CONNECT_TO_SLD_NODE_ENTITY_PORT acq_data_in[9] -to "feb_system:u_feb_system|feb_system_v3:u_qsys|feb_system_v3_data_path_subsystem:data_path_subsystem|feb_system_v3_data_path_subsystem_mutrig_datapath_subsystem_0:mutrig_datapath_subsystem_0|run_ctrl_data[3]" -section_id phase4_parser_gap_lvds
set_instance_assignment -name CONNECT_TO_SLD_NODE_ENTITY_PORT acq_data_in[10] -to "feb_system:u_feb_system|feb_system_v3:u_qsys|feb_system_v3_data_path_subsystem:data_path_subsystem|feb_system_v3_data_path_subsystem_mutrig_datapath_subsystem_0:mutrig_datapath_subsystem_0|run_ctrl_data[4]" -section_id phase4_parser_gap_lvds
set_instance_assignment -name CONNECT_TO_SLD_NODE_ENTITY_PORT acq_data_in[11] -to "feb_system:u_feb_system|feb_system_v3:u_qsys|feb_system_v3_data_path_subsystem:data_path_subsystem|feb_system_v3_data_path_subsystem_mutrig_datapath_subsystem_0:mutrig_datapath_subsystem_0|run_ctrl_data[5]" -section_id phase4_parser_gap_lvds
set_instance_assignment -name CONNECT_TO_SLD_NODE_ENTITY_PORT acq_data_in[12] -to "feb_system:u_feb_system|feb_system_v3:u_qsys|feb_system_v3_data_path_subsystem:data_path_subsystem|feb_system_v3_data_path_subsystem_mutrig_datapath_subsystem_0:mutrig_datapath_subsystem_0|run_ctrl_data[6]" -section_id phase4_parser_gap_lvds
set_instance_assignment -name CONNECT_TO_SLD_NODE_ENTITY_PORT acq_data_in[13] -to "feb_system:u_feb_system|feb_system_v3:u_qsys|feb_system_v3_data_path_subsystem:data_path_subsystem|feb_system_v3_data_path_subsystem_mutrig_datapath_subsystem_0:mutrig_datapath_subsystem_0|run_ctrl_data[7]" -section_id phase4_parser_gap_lvds
set_instance_assignment -name CONNECT_TO_SLD_NODE_ENTITY_PORT acq_data_in[14] -to "feb_system:u_feb_system|feb_system_v3:u_qsys|feb_system_v3_data_path_subsystem:data_path_subsystem|feb_system_v3_data_path_subsystem_mutrig_datapath_subsystem_0:mutrig_datapath_subsystem_0|run_ctrl_data[8]" -section_id phase4_parser_gap_lvds
set_instance_assignment -name CONNECT_TO_SLD_NODE_ENTITY_PORT acq_data_in[15] -to "feb_system:u_feb_system|feb_system_v3:u_qsys|feb_system_v3_data_path_subsystem:data_path_subsystem|altera_avalon_sc_fifo:decoded_lane_fifo_0|out_valid" -section_id phase4_parser_gap_lvds
set_instance_assignment -name CONNECT_TO_SLD_NODE_ENTITY_PORT acq_data_in[16] -to "feb_system:u_feb_system|feb_system_v3:u_qsys|feb_system_v3_data_path_subsystem:data_path_subsystem|altera_avalon_sc_fifo:decoded_lane_fifo_0|out_ready" -section_id phase4_parser_gap_lvds
set_instance_assignment -name CONNECT_TO_SLD_NODE_ENTITY_PORT acq_data_in[17] -to "feb_system:u_feb_system|feb_system_v3:u_qsys|feb_system_v3_data_path_subsystem:data_path_subsystem|altera_avalon_sc_fifo:decoded_lane_fifo_0|out_data[0]" -section_id phase4_parser_gap_lvds
set_instance_assignment -name CONNECT_TO_SLD_NODE_ENTITY_PORT acq_data_in[18] -to "feb_system:u_feb_system|feb_system_v3:u_qsys|feb_system_v3_data_path_subsystem:data_path_subsystem|altera_avalon_sc_fifo:decoded_lane_fifo_0|out_data[1]" -section_id phase4_parser_gap_lvds
set_instance_assignment -name CONNECT_TO_SLD_NODE_ENTITY_PORT acq_data_in[19] -to "feb_system:u_feb_system|feb_system_v3:u_qsys|feb_system_v3_data_path_subsystem:data_path_subsystem|altera_avalon_sc_fifo:decoded_lane_fifo_0|out_data[2]" -section_id phase4_parser_gap_lvds
set_instance_assignment -name CONNECT_TO_SLD_NODE_ENTITY_PORT acq_data_in[20] -to "feb_system:u_feb_system|feb_system_v3:u_qsys|feb_system_v3_data_path_subsystem:data_path_subsystem|altera_avalon_sc_fifo:decoded_lane_fifo_0|out_data[3]" -section_id phase4_parser_gap_lvds
set_instance_assignment -name CONNECT_TO_SLD_NODE_ENTITY_PORT acq_data_in[21] -to "feb_system:u_feb_system|feb_system_v3:u_qsys|feb_system_v3_data_path_subsystem:data_path_subsystem|altera_avalon_sc_fifo:decoded_lane_fifo_0|out_data[4]" -section_id phase4_parser_gap_lvds
set_instance_assignment -name CONNECT_TO_SLD_NODE_ENTITY_PORT acq_data_in[22] -to "feb_system:u_feb_system|feb_system_v3:u_qsys|feb_system_v3_data_path_subsystem:data_path_subsystem|altera_avalon_sc_fifo:decoded_lane_fifo_0|out_data[5]" -section_id phase4_parser_gap_lvds
set_instance_assignment -name CONNECT_TO_SLD_NODE_ENTITY_PORT acq_data_in[23] -to "feb_system:u_feb_system|feb_system_v3:u_qsys|feb_system_v3_data_path_subsystem:data_path_subsystem|altera_avalon_sc_fifo:decoded_lane_fifo_0|out_data[6]" -section_id phase4_parser_gap_lvds
set_instance_assignment -name CONNECT_TO_SLD_NODE_ENTITY_PORT acq_data_in[24] -to "feb_system:u_feb_system|feb_system_v3:u_qsys|feb_system_v3_data_path_subsystem:data_path_subsystem|altera_avalon_sc_fifo:decoded_lane_fifo_0|out_data[7]" -section_id phase4_parser_gap_lvds
set_instance_assignment -name CONNECT_TO_SLD_NODE_ENTITY_PORT acq_data_in[25] -to "feb_system:u_feb_system|feb_system_v3:u_qsys|feb_system_v3_data_path_subsystem:data_path_subsystem|altera_avalon_sc_fifo:decoded_lane_fifo_0|out_data[8]" -section_id phase4_parser_gap_lvds
set_instance_assignment -name CONNECT_TO_SLD_NODE_ENTITY_PORT acq_data_in[26] -to "feb_system:u_feb_system|feb_system_v3:u_qsys|feb_system_v3_data_path_subsystem:data_path_subsystem|altera_avalon_sc_fifo:decoded_lane_fifo_0|out_error[0]" -section_id phase4_parser_gap_lvds
set_instance_assignment -name CONNECT_TO_SLD_NODE_ENTITY_PORT acq_data_in[27] -to "feb_system:u_feb_system|feb_system_v3:u_qsys|feb_system_v3_data_path_subsystem:data_path_subsystem|altera_avalon_sc_fifo:decoded_lane_fifo_0|out_error[1]" -section_id phase4_parser_gap_lvds
set_instance_assignment -name CONNECT_TO_SLD_NODE_ENTITY_PORT acq_data_in[28] -to "feb_system:u_feb_system|feb_system_v3:u_qsys|feb_system_v3_data_path_subsystem:data_path_subsystem|altera_avalon_sc_fifo:decoded_lane_fifo_0|out_error[2]" -section_id phase4_parser_gap_lvds
set_instance_assignment -name CONNECT_TO_SLD_NODE_ENTITY_PORT acq_data_in[29] -to "feb_system:u_feb_system|feb_system_v3:u_qsys|feb_system_v3_data_path_subsystem:data_path_subsystem|altera_avalon_sc_fifo:decoded_lane_fifo_0|out_channel[0]" -section_id phase4_parser_gap_lvds
set_instance_assignment -name CONNECT_TO_SLD_NODE_ENTITY_PORT acq_data_in[30] -to "feb_system:u_feb_system|feb_system_v3:u_qsys|feb_system_v3_data_path_subsystem:data_path_subsystem|altera_avalon_sc_fifo:decoded_lane_fifo_0|out_channel[1]" -section_id phase4_parser_gap_lvds
set_instance_assignment -name CONNECT_TO_SLD_NODE_ENTITY_PORT acq_data_in[31] -to "feb_system:u_feb_system|feb_system_v3:u_qsys|feb_system_v3_data_path_subsystem:data_path_subsystem|altera_avalon_sc_fifo:decoded_lane_fifo_0|out_channel[2]" -section_id phase4_parser_gap_lvds
set_instance_assignment -name CONNECT_TO_SLD_NODE_ENTITY_PORT acq_data_in[32] -to "feb_system:u_feb_system|feb_system_v3:u_qsys|feb_system_v3_data_path_subsystem:data_path_subsystem|altera_avalon_sc_fifo:decoded_lane_fifo_0|out_channel[3]" -section_id phase4_parser_gap_lvds
set_instance_assignment -name CONNECT_TO_SLD_NODE_ENTITY_PORT acq_data_in[33] -to "feb_system:u_feb_system|feb_system_v3:u_qsys|feb_system_v3_data_path_subsystem:data_path_subsystem|altera_avalon_sc_fifo:decoded_lane_fifo_0|out_channel[4]" -section_id phase4_parser_gap_lvds
set_instance_assignment -name CONNECT_TO_SLD_NODE_ENTITY_PORT acq_data_in[34] -to "feb_system:u_feb_system|feb_system_v3:u_qsys|feb_system_v3_data_path_subsystem:data_path_subsystem|feb_system_v3_data_path_subsystem_avalon_st_adapter_009:avalon_st_adapter_009|in_0_valid" -section_id phase4_parser_gap_lvds
set_instance_assignment -name CONNECT_TO_SLD_NODE_ENTITY_PORT acq_data_in[35] -to "feb_system:u_feb_system|feb_system_v3:u_qsys|feb_system_v3_data_path_subsystem:data_path_subsystem|feb_system_v3_data_path_subsystem_avalon_st_adapter_009:avalon_st_adapter_009|in_0_ready" -section_id phase4_parser_gap_lvds
set_instance_assignment -name CONNECT_TO_SLD_NODE_ENTITY_PORT acq_data_in[36] -to "feb_system:u_feb_system|feb_system_v3:u_qsys|feb_system_v3_data_path_subsystem:data_path_subsystem|feb_system_v3_data_path_subsystem_avalon_st_adapter_009:avalon_st_adapter_009|out_0_valid" -section_id phase4_parser_gap_lvds
set_instance_assignment -name CONNECT_TO_SLD_NODE_ENTITY_PORT acq_data_in[37] -to "feb_system:u_feb_system|feb_system_v3:u_qsys|feb_system_v3_data_path_subsystem:data_path_subsystem|feb_system_v3_data_path_subsystem_mutrig_datapath_subsystem_0:mutrig_datapath_subsystem_0|decoded_din_valid" -section_id phase4_parser_gap_lvds
set_instance_assignment -name CONNECT_TO_SLD_NODE_ENTITY_PORT acq_data_in[38] -to "feb_system:u_feb_system|feb_system_v3:u_qsys|feb_system_v3_data_path_subsystem:data_path_subsystem|feb_system_v3_data_path_subsystem_avalon_st_adapter_009:avalon_st_adapter_009|out_0_data[0]" -section_id phase4_parser_gap_lvds
set_instance_assignment -name CONNECT_TO_SLD_NODE_ENTITY_PORT acq_data_in[39] -to "feb_system:u_feb_system|feb_system_v3:u_qsys|feb_system_v3_data_path_subsystem:data_path_subsystem|feb_system_v3_data_path_subsystem_avalon_st_adapter_009:avalon_st_adapter_009|out_0_data[1]" -section_id phase4_parser_gap_lvds
set_instance_assignment -name CONNECT_TO_SLD_NODE_ENTITY_PORT acq_data_in[40] -to "feb_system:u_feb_system|feb_system_v3:u_qsys|feb_system_v3_data_path_subsystem:data_path_subsystem|feb_system_v3_data_path_subsystem_avalon_st_adapter_009:avalon_st_adapter_009|out_0_data[2]" -section_id phase4_parser_gap_lvds
set_instance_assignment -name CONNECT_TO_SLD_NODE_ENTITY_PORT acq_data_in[41] -to "feb_system:u_feb_system|feb_system_v3:u_qsys|feb_system_v3_data_path_subsystem:data_path_subsystem|feb_system_v3_data_path_subsystem_avalon_st_adapter_009:avalon_st_adapter_009|out_0_data[3]" -section_id phase4_parser_gap_lvds
set_instance_assignment -name CONNECT_TO_SLD_NODE_ENTITY_PORT acq_data_in[42] -to "feb_system:u_feb_system|feb_system_v3:u_qsys|feb_system_v3_data_path_subsystem:data_path_subsystem|feb_system_v3_data_path_subsystem_avalon_st_adapter_009:avalon_st_adapter_009|out_0_data[4]" -section_id phase4_parser_gap_lvds
set_instance_assignment -name CONNECT_TO_SLD_NODE_ENTITY_PORT acq_data_in[43] -to "feb_system:u_feb_system|feb_system_v3:u_qsys|feb_system_v3_data_path_subsystem:data_path_subsystem|feb_system_v3_data_path_subsystem_avalon_st_adapter_009:avalon_st_adapter_009|out_0_data[5]" -section_id phase4_parser_gap_lvds
set_instance_assignment -name CONNECT_TO_SLD_NODE_ENTITY_PORT acq_data_in[44] -to "feb_system:u_feb_system|feb_system_v3:u_qsys|feb_system_v3_data_path_subsystem:data_path_subsystem|feb_system_v3_data_path_subsystem_avalon_st_adapter_009:avalon_st_adapter_009|out_0_data[6]" -section_id phase4_parser_gap_lvds
set_instance_assignment -name CONNECT_TO_SLD_NODE_ENTITY_PORT acq_data_in[45] -to "feb_system:u_feb_system|feb_system_v3:u_qsys|feb_system_v3_data_path_subsystem:data_path_subsystem|feb_system_v3_data_path_subsystem_avalon_st_adapter_009:avalon_st_adapter_009|out_0_data[7]" -section_id phase4_parser_gap_lvds
set_instance_assignment -name CONNECT_TO_SLD_NODE_ENTITY_PORT acq_data_in[46] -to "feb_system:u_feb_system|feb_system_v3:u_qsys|feb_system_v3_data_path_subsystem:data_path_subsystem|feb_system_v3_data_path_subsystem_avalon_st_adapter_009:avalon_st_adapter_009|out_0_data[8]" -section_id phase4_parser_gap_lvds
set_instance_assignment -name CONNECT_TO_SLD_NODE_ENTITY_PORT acq_data_in[47] -to "feb_system:u_feb_system|feb_system_v3:u_qsys|feb_system_v3_data_path_subsystem:data_path_subsystem|feb_system_v3_data_path_subsystem_avalon_st_adapter_009:avalon_st_adapter_009|out_0_error[0]" -section_id phase4_parser_gap_lvds
set_instance_assignment -name CONNECT_TO_SLD_NODE_ENTITY_PORT acq_data_in[48] -to "feb_system:u_feb_system|feb_system_v3:u_qsys|feb_system_v3_data_path_subsystem:data_path_subsystem|feb_system_v3_data_path_subsystem_avalon_st_adapter_009:avalon_st_adapter_009|out_0_error[1]" -section_id phase4_parser_gap_lvds
set_instance_assignment -name CONNECT_TO_SLD_NODE_ENTITY_PORT acq_data_in[49] -to "feb_system:u_feb_system|feb_system_v3:u_qsys|feb_system_v3_data_path_subsystem:data_path_subsystem|feb_system_v3_data_path_subsystem_avalon_st_adapter_009:avalon_st_adapter_009|out_0_error[2]" -section_id phase4_parser_gap_lvds
set_instance_assignment -name CONNECT_TO_SLD_NODE_ENTITY_PORT acq_data_in[50] -to "feb_system:u_feb_system|feb_system_v3:u_qsys|feb_system_v3_data_path_subsystem:data_path_subsystem|feb_system_v3_data_path_subsystem_avalon_st_adapter_009:avalon_st_adapter_009|out_0_channel[0]" -section_id phase4_parser_gap_lvds
set_instance_assignment -name CONNECT_TO_SLD_NODE_ENTITY_PORT acq_data_in[51] -to "feb_system:u_feb_system|feb_system_v3:u_qsys|feb_system_v3_data_path_subsystem:data_path_subsystem|feb_system_v3_data_path_subsystem_avalon_st_adapter_009:avalon_st_adapter_009|out_0_channel[1]" -section_id phase4_parser_gap_lvds
set_instance_assignment -name CONNECT_TO_SLD_NODE_ENTITY_PORT acq_data_in[52] -to "feb_system:u_feb_system|feb_system_v3:u_qsys|feb_system_v3_data_path_subsystem:data_path_subsystem|feb_system_v3_data_path_subsystem_avalon_st_adapter_009:avalon_st_adapter_009|out_0_channel[2]" -section_id phase4_parser_gap_lvds
set_instance_assignment -name CONNECT_TO_SLD_NODE_ENTITY_PORT acq_data_in[53] -to "feb_system:u_feb_system|feb_system_v3:u_qsys|feb_system_v3_data_path_subsystem:data_path_subsystem|feb_system_v3_data_path_subsystem_avalon_st_adapter_009:avalon_st_adapter_009|out_0_channel[3]" -section_id phase4_parser_gap_lvds
set_instance_assignment -name CONNECT_TO_SLD_NODE_ENTITY_PORT acq_data_in[54] -to "feb_system:u_feb_system|feb_system_v3:u_qsys|feb_system_v3_data_path_subsystem:data_path_subsystem|feb_system_v3_data_path_subsystem_mutrig_datapath_subsystem_0:mutrig_datapath_subsystem_0|decoded_din_data[0]" -section_id phase4_parser_gap_lvds
set_instance_assignment -name CONNECT_TO_SLD_NODE_ENTITY_PORT acq_data_in[55] -to "feb_system:u_feb_system|feb_system_v3:u_qsys|feb_system_v3_data_path_subsystem:data_path_subsystem|feb_system_v3_data_path_subsystem_mutrig_datapath_subsystem_0:mutrig_datapath_subsystem_0|decoded_din_data[1]" -section_id phase4_parser_gap_lvds
set_instance_assignment -name CONNECT_TO_SLD_NODE_ENTITY_PORT acq_data_in[56] -to "feb_system:u_feb_system|feb_system_v3:u_qsys|feb_system_v3_data_path_subsystem:data_path_subsystem|feb_system_v3_data_path_subsystem_mutrig_datapath_subsystem_0:mutrig_datapath_subsystem_0|decoded_din_data[2]" -section_id phase4_parser_gap_lvds
set_instance_assignment -name CONNECT_TO_SLD_NODE_ENTITY_PORT acq_data_in[57] -to "feb_system:u_feb_system|feb_system_v3:u_qsys|feb_system_v3_data_path_subsystem:data_path_subsystem|feb_system_v3_data_path_subsystem_mutrig_datapath_subsystem_0:mutrig_datapath_subsystem_0|decoded_din_data[3]" -section_id phase4_parser_gap_lvds
set_instance_assignment -name CONNECT_TO_SLD_NODE_ENTITY_PORT acq_data_in[58] -to "feb_system:u_feb_system|feb_system_v3:u_qsys|feb_system_v3_data_path_subsystem:data_path_subsystem|feb_system_v3_data_path_subsystem_mutrig_datapath_subsystem_0:mutrig_datapath_subsystem_0|decoded_din_data[4]" -section_id phase4_parser_gap_lvds
set_instance_assignment -name CONNECT_TO_SLD_NODE_ENTITY_PORT acq_data_in[59] -to "feb_system:u_feb_system|feb_system_v3:u_qsys|feb_system_v3_data_path_subsystem:data_path_subsystem|feb_system_v3_data_path_subsystem_mutrig_datapath_subsystem_0:mutrig_datapath_subsystem_0|decoded_din_data[5]" -section_id phase4_parser_gap_lvds
set_instance_assignment -name CONNECT_TO_SLD_NODE_ENTITY_PORT acq_data_in[60] -to "feb_system:u_feb_system|feb_system_v3:u_qsys|feb_system_v3_data_path_subsystem:data_path_subsystem|feb_system_v3_data_path_subsystem_mutrig_datapath_subsystem_0:mutrig_datapath_subsystem_0|decoded_din_data[6]" -section_id phase4_parser_gap_lvds
set_instance_assignment -name CONNECT_TO_SLD_NODE_ENTITY_PORT acq_data_in[61] -to "feb_system:u_feb_system|feb_system_v3:u_qsys|feb_system_v3_data_path_subsystem:data_path_subsystem|feb_system_v3_data_path_subsystem_mutrig_datapath_subsystem_0:mutrig_datapath_subsystem_0|decoded_din_data[7]" -section_id phase4_parser_gap_lvds
set_instance_assignment -name CONNECT_TO_SLD_NODE_ENTITY_PORT acq_data_in[62] -to "feb_system:u_feb_system|feb_system_v3:u_qsys|feb_system_v3_data_path_subsystem:data_path_subsystem|feb_system_v3_data_path_subsystem_mutrig_datapath_subsystem_0:mutrig_datapath_subsystem_0|decoded_din_data[8]" -section_id phase4_parser_gap_lvds
set_instance_assignment -name CONNECT_TO_SLD_NODE_ENTITY_PORT acq_data_in[63] -to "feb_system:u_feb_system|feb_system_v3:u_qsys|feb_system_v3_data_path_subsystem:data_path_subsystem|feb_system_v3_data_path_subsystem_mutrig_datapath_subsystem_0:mutrig_datapath_subsystem_0|decoded_din_error[0]" -section_id phase4_parser_gap_lvds
set_instance_assignment -name CONNECT_TO_SLD_NODE_ENTITY_PORT acq_data_in[64] -to "feb_system:u_feb_system|feb_system_v3:u_qsys|feb_system_v3_data_path_subsystem:data_path_subsystem|feb_system_v3_data_path_subsystem_mutrig_datapath_subsystem_0:mutrig_datapath_subsystem_0|decoded_din_error[1]" -section_id phase4_parser_gap_lvds
set_instance_assignment -name CONNECT_TO_SLD_NODE_ENTITY_PORT acq_data_in[65] -to "feb_system:u_feb_system|feb_system_v3:u_qsys|feb_system_v3_data_path_subsystem:data_path_subsystem|feb_system_v3_data_path_subsystem_mutrig_datapath_subsystem_0:mutrig_datapath_subsystem_0|decoded_din_error[2]" -section_id phase4_parser_gap_lvds
set_instance_assignment -name CONNECT_TO_SLD_NODE_ENTITY_PORT acq_data_in[66] -to "feb_system:u_feb_system|feb_system_v3:u_qsys|feb_system_v3_data_path_subsystem:data_path_subsystem|feb_system_v3_data_path_subsystem_mutrig_datapath_subsystem_0:mutrig_datapath_subsystem_0|decoded_din_channel[0]" -section_id phase4_parser_gap_lvds
set_instance_assignment -name CONNECT_TO_SLD_NODE_ENTITY_PORT acq_data_in[67] -to "feb_system:u_feb_system|feb_system_v3:u_qsys|feb_system_v3_data_path_subsystem:data_path_subsystem|feb_system_v3_data_path_subsystem_mutrig_datapath_subsystem_0:mutrig_datapath_subsystem_0|decoded_din_channel[1]" -section_id phase4_parser_gap_lvds
set_instance_assignment -name CONNECT_TO_SLD_NODE_ENTITY_PORT acq_data_in[68] -to "feb_system:u_feb_system|feb_system_v3:u_qsys|feb_system_v3_data_path_subsystem:data_path_subsystem|feb_system_v3_data_path_subsystem_mutrig_datapath_subsystem_0:mutrig_datapath_subsystem_0|decoded_din_channel[2]" -section_id phase4_parser_gap_lvds
set_instance_assignment -name CONNECT_TO_SLD_NODE_ENTITY_PORT acq_data_in[69] -to "feb_system:u_feb_system|feb_system_v3:u_qsys|feb_system_v3_data_path_subsystem:data_path_subsystem|feb_system_v3_data_path_subsystem_mutrig_datapath_subsystem_0:mutrig_datapath_subsystem_0|decoded_din_channel[3]" -section_id phase4_parser_gap_lvds
set_instance_assignment -name CONNECT_TO_SLD_NODE_ENTITY_PORT acq_data_in[70] -to "feb_system:u_feb_system|feb_system_v3:u_qsys|feb_system_v3_data_path_subsystem:data_path_subsystem|feb_system_v3_data_path_subsystem_mutrig_datapath_subsystem_0:mutrig_datapath_subsystem_0|frame_rcv_ip:mutrig_frame_deassembly_0|asi_rx8b1k_valid" -section_id phase4_parser_gap_lvds
set_instance_assignment -name CONNECT_TO_SLD_NODE_ENTITY_PORT acq_data_in[71] -to "feb_system:u_feb_system|feb_system_v3:u_qsys|feb_system_v3_data_path_subsystem:data_path_subsystem|feb_system_v3_data_path_subsystem_mutrig_datapath_subsystem_0:mutrig_datapath_subsystem_0|frame_rcv_ip:mutrig_frame_deassembly_0|i_byteisk" -section_id phase4_parser_gap_lvds
set_instance_assignment -name CONNECT_TO_SLD_NODE_ENTITY_PORT acq_data_in[72] -to "feb_system:u_feb_system|feb_system_v3:u_qsys|feb_system_v3_data_path_subsystem:data_path_subsystem|feb_system_v3_data_path_subsystem_mutrig_datapath_subsystem_0:mutrig_datapath_subsystem_0|frame_rcv_ip:mutrig_frame_deassembly_0|n_frame_info_ready" -section_id phase4_parser_gap_lvds
set_instance_assignment -name CONNECT_TO_SLD_NODE_ENTITY_PORT acq_data_in[73] -to "feb_system:u_feb_system|feb_system_v3:u_qsys|feb_system_v3_data_path_subsystem:data_path_subsystem|feb_system_v3_data_path_subsystem_mutrig_datapath_subsystem_0:mutrig_datapath_subsystem_0|frame_rcv_ip:mutrig_frame_deassembly_0|aso_headerinfo_valid" -section_id phase4_parser_gap_lvds
set_instance_assignment -name CONNECT_TO_SLD_NODE_ENTITY_PORT acq_data_in[74] -to "feb_system:u_feb_system|feb_system_v3:u_qsys|feb_system_v3_data_path_subsystem:data_path_subsystem|feb_system_v3_data_path_subsystem_mutrig_datapath_subsystem_0:mutrig_datapath_subsystem_0|frame_rcv_ip:mutrig_frame_deassembly_0|aso_hit_type0_valid" -section_id phase4_parser_gap_lvds
set_instance_assignment -name CONNECT_TO_SLD_NODE_ENTITY_PORT acq_data_in[75] -to "feb_system:u_feb_system|feb_system_v3:u_qsys|feb_system_v3_data_path_subsystem:data_path_subsystem|feb_system_v3_data_path_subsystem_mutrig_datapath_subsystem_0:mutrig_datapath_subsystem_0|frame_rcv_ip:mutrig_frame_deassembly_0|p_new_word" -section_id phase4_parser_gap_lvds
set_instance_assignment -name CONNECT_TO_SLD_NODE_ENTITY_PORT acq_data_in[76] -to "feb_system:u_feb_system|feb_system_v3:u_qsys|feb_system_v3_data_path_subsystem:data_path_subsystem|feb_system_v3_data_path_subsystem_mutrig_datapath_subsystem_0:mutrig_datapath_subsystem_0|frame_rcv_ip:mutrig_frame_deassembly_0|n_new_word" -section_id phase4_parser_gap_lvds
set_instance_assignment -name CONNECT_TO_SLD_NODE_ENTITY_PORT acq_data_in[77] -to "feb_system:u_feb_system|feb_system_v3:u_qsys|feb_system_v3_data_path_subsystem:data_path_subsystem|feb_system_v3_data_path_subsystem_mutrig_datapath_subsystem_0:mutrig_datapath_subsystem_0|frame_rcv_ip:mutrig_frame_deassembly_0|asi_rx8b1k_data[0]" -section_id phase4_parser_gap_lvds
set_instance_assignment -name CONNECT_TO_SLD_NODE_ENTITY_PORT acq_data_in[78] -to "feb_system:u_feb_system|feb_system_v3:u_qsys|feb_system_v3_data_path_subsystem:data_path_subsystem|feb_system_v3_data_path_subsystem_mutrig_datapath_subsystem_0:mutrig_datapath_subsystem_0|frame_rcv_ip:mutrig_frame_deassembly_0|asi_rx8b1k_data[1]" -section_id phase4_parser_gap_lvds
set_instance_assignment -name CONNECT_TO_SLD_NODE_ENTITY_PORT acq_data_in[79] -to "feb_system:u_feb_system|feb_system_v3:u_qsys|feb_system_v3_data_path_subsystem:data_path_subsystem|feb_system_v3_data_path_subsystem_mutrig_datapath_subsystem_0:mutrig_datapath_subsystem_0|frame_rcv_ip:mutrig_frame_deassembly_0|asi_rx8b1k_data[2]" -section_id phase4_parser_gap_lvds
set_instance_assignment -name CONNECT_TO_SLD_NODE_ENTITY_PORT acq_data_in[80] -to "feb_system:u_feb_system|feb_system_v3:u_qsys|feb_system_v3_data_path_subsystem:data_path_subsystem|feb_system_v3_data_path_subsystem_mutrig_datapath_subsystem_0:mutrig_datapath_subsystem_0|frame_rcv_ip:mutrig_frame_deassembly_0|asi_rx8b1k_data[3]" -section_id phase4_parser_gap_lvds
set_instance_assignment -name CONNECT_TO_SLD_NODE_ENTITY_PORT acq_data_in[81] -to "feb_system:u_feb_system|feb_system_v3:u_qsys|feb_system_v3_data_path_subsystem:data_path_subsystem|feb_system_v3_data_path_subsystem_mutrig_datapath_subsystem_0:mutrig_datapath_subsystem_0|frame_rcv_ip:mutrig_frame_deassembly_0|asi_rx8b1k_data[4]" -section_id phase4_parser_gap_lvds
set_instance_assignment -name CONNECT_TO_SLD_NODE_ENTITY_PORT acq_data_in[82] -to "feb_system:u_feb_system|feb_system_v3:u_qsys|feb_system_v3_data_path_subsystem:data_path_subsystem|feb_system_v3_data_path_subsystem_mutrig_datapath_subsystem_0:mutrig_datapath_subsystem_0|frame_rcv_ip:mutrig_frame_deassembly_0|asi_rx8b1k_data[5]" -section_id phase4_parser_gap_lvds
set_instance_assignment -name CONNECT_TO_SLD_NODE_ENTITY_PORT acq_data_in[83] -to "feb_system:u_feb_system|feb_system_v3:u_qsys|feb_system_v3_data_path_subsystem:data_path_subsystem|feb_system_v3_data_path_subsystem_mutrig_datapath_subsystem_0:mutrig_datapath_subsystem_0|frame_rcv_ip:mutrig_frame_deassembly_0|asi_rx8b1k_data[6]" -section_id phase4_parser_gap_lvds
set_instance_assignment -name CONNECT_TO_SLD_NODE_ENTITY_PORT acq_data_in[84] -to "feb_system:u_feb_system|feb_system_v3:u_qsys|feb_system_v3_data_path_subsystem:data_path_subsystem|feb_system_v3_data_path_subsystem_mutrig_datapath_subsystem_0:mutrig_datapath_subsystem_0|frame_rcv_ip:mutrig_frame_deassembly_0|asi_rx8b1k_data[7]" -section_id phase4_parser_gap_lvds
set_instance_assignment -name CONNECT_TO_SLD_NODE_ENTITY_PORT acq_data_in[85] -to "feb_system:u_feb_system|feb_system_v3:u_qsys|feb_system_v3_data_path_subsystem:data_path_subsystem|feb_system_v3_data_path_subsystem_mutrig_datapath_subsystem_0:mutrig_datapath_subsystem_0|frame_rcv_ip:mutrig_frame_deassembly_0|asi_rx8b1k_data[8]" -section_id phase4_parser_gap_lvds
set_instance_assignment -name CONNECT_TO_SLD_NODE_ENTITY_PORT acq_data_in[86] -to "feb_system:u_feb_system|feb_system_v3:u_qsys|feb_system_v3_data_path_subsystem:data_path_subsystem|feb_system_v3_data_path_subsystem_mutrig_datapath_subsystem_0:mutrig_datapath_subsystem_0|frame_rcv_ip:mutrig_frame_deassembly_0|asi_rx8b1k_error[0]" -section_id phase4_parser_gap_lvds
set_instance_assignment -name CONNECT_TO_SLD_NODE_ENTITY_PORT acq_data_in[87] -to "feb_system:u_feb_system|feb_system_v3:u_qsys|feb_system_v3_data_path_subsystem:data_path_subsystem|feb_system_v3_data_path_subsystem_mutrig_datapath_subsystem_0:mutrig_datapath_subsystem_0|frame_rcv_ip:mutrig_frame_deassembly_0|asi_rx8b1k_error[1]" -section_id phase4_parser_gap_lvds
set_instance_assignment -name CONNECT_TO_SLD_NODE_ENTITY_PORT acq_data_in[88] -to "feb_system:u_feb_system|feb_system_v3:u_qsys|feb_system_v3_data_path_subsystem:data_path_subsystem|feb_system_v3_data_path_subsystem_mutrig_datapath_subsystem_0:mutrig_datapath_subsystem_0|frame_rcv_ip:mutrig_frame_deassembly_0|asi_rx8b1k_error[2]" -section_id phase4_parser_gap_lvds
set_instance_assignment -name CONNECT_TO_SLD_NODE_ENTITY_PORT acq_data_in[89] -to "feb_system:u_feb_system|feb_system_v3:u_qsys|feb_system_v3_data_path_subsystem:data_path_subsystem|feb_system_v3_data_path_subsystem_mutrig_datapath_subsystem_0:mutrig_datapath_subsystem_0|frame_rcv_ip:mutrig_frame_deassembly_0|i_data[0]" -section_id phase4_parser_gap_lvds
set_instance_assignment -name CONNECT_TO_SLD_NODE_ENTITY_PORT acq_data_in[90] -to "feb_system:u_feb_system|feb_system_v3:u_qsys|feb_system_v3_data_path_subsystem:data_path_subsystem|feb_system_v3_data_path_subsystem_mutrig_datapath_subsystem_0:mutrig_datapath_subsystem_0|frame_rcv_ip:mutrig_frame_deassembly_0|i_data[1]" -section_id phase4_parser_gap_lvds
set_instance_assignment -name CONNECT_TO_SLD_NODE_ENTITY_PORT acq_data_in[91] -to "feb_system:u_feb_system|feb_system_v3:u_qsys|feb_system_v3_data_path_subsystem:data_path_subsystem|feb_system_v3_data_path_subsystem_mutrig_datapath_subsystem_0:mutrig_datapath_subsystem_0|frame_rcv_ip:mutrig_frame_deassembly_0|i_data[2]" -section_id phase4_parser_gap_lvds
set_instance_assignment -name CONNECT_TO_SLD_NODE_ENTITY_PORT acq_data_in[92] -to "feb_system:u_feb_system|feb_system_v3:u_qsys|feb_system_v3_data_path_subsystem:data_path_subsystem|feb_system_v3_data_path_subsystem_mutrig_datapath_subsystem_0:mutrig_datapath_subsystem_0|frame_rcv_ip:mutrig_frame_deassembly_0|i_data[3]" -section_id phase4_parser_gap_lvds
set_instance_assignment -name CONNECT_TO_SLD_NODE_ENTITY_PORT acq_data_in[93] -to "feb_system:u_feb_system|feb_system_v3:u_qsys|feb_system_v3_data_path_subsystem:data_path_subsystem|feb_system_v3_data_path_subsystem_mutrig_datapath_subsystem_0:mutrig_datapath_subsystem_0|frame_rcv_ip:mutrig_frame_deassembly_0|i_data[4]" -section_id phase4_parser_gap_lvds
set_instance_assignment -name CONNECT_TO_SLD_NODE_ENTITY_PORT acq_data_in[94] -to "feb_system:u_feb_system|feb_system_v3:u_qsys|feb_system_v3_data_path_subsystem:data_path_subsystem|feb_system_v3_data_path_subsystem_mutrig_datapath_subsystem_0:mutrig_datapath_subsystem_0|frame_rcv_ip:mutrig_frame_deassembly_0|i_data[5]" -section_id phase4_parser_gap_lvds
set_instance_assignment -name CONNECT_TO_SLD_NODE_ENTITY_PORT acq_data_in[95] -to "feb_system:u_feb_system|feb_system_v3:u_qsys|feb_system_v3_data_path_subsystem:data_path_subsystem|feb_system_v3_data_path_subsystem_mutrig_datapath_subsystem_0:mutrig_datapath_subsystem_0|frame_rcv_ip:mutrig_frame_deassembly_0|i_data[6]" -section_id phase4_parser_gap_lvds
set_instance_assignment -name CONNECT_TO_SLD_NODE_ENTITY_PORT acq_data_in[96] -to "feb_system:u_feb_system|feb_system_v3:u_qsys|feb_system_v3_data_path_subsystem:data_path_subsystem|feb_system_v3_data_path_subsystem_mutrig_datapath_subsystem_0:mutrig_datapath_subsystem_0|frame_rcv_ip:mutrig_frame_deassembly_0|i_data[7]" -section_id phase4_parser_gap_lvds
set_instance_assignment -name CONNECT_TO_SLD_NODE_ENTITY_PORT acq_data_in[97] -to "feb_system:u_feb_system|feb_system_v3:u_qsys|feb_system_v3_data_path_subsystem:data_path_subsystem|feb_system_v3_data_path_subsystem_mutrig_datapath_subsystem_0:mutrig_datapath_subsystem_0|frame_rcv_ip:mutrig_frame_deassembly_0|p_frame_len[0]" -section_id phase4_parser_gap_lvds
set_instance_assignment -name CONNECT_TO_SLD_NODE_ENTITY_PORT acq_data_in[98] -to "feb_system:u_feb_system|feb_system_v3:u_qsys|feb_system_v3_data_path_subsystem:data_path_subsystem|feb_system_v3_data_path_subsystem_mutrig_datapath_subsystem_0:mutrig_datapath_subsystem_0|frame_rcv_ip:mutrig_frame_deassembly_0|p_frame_len[1]" -section_id phase4_parser_gap_lvds
set_instance_assignment -name CONNECT_TO_SLD_NODE_ENTITY_PORT acq_data_in[99] -to "feb_system:u_feb_system|feb_system_v3:u_qsys|feb_system_v3_data_path_subsystem:data_path_subsystem|feb_system_v3_data_path_subsystem_mutrig_datapath_subsystem_0:mutrig_datapath_subsystem_0|frame_rcv_ip:mutrig_frame_deassembly_0|p_frame_len[2]" -section_id phase4_parser_gap_lvds
set_instance_assignment -name CONNECT_TO_SLD_NODE_ENTITY_PORT acq_data_in[100] -to "feb_system:u_feb_system|feb_system_v3:u_qsys|feb_system_v3_data_path_subsystem:data_path_subsystem|feb_system_v3_data_path_subsystem_mutrig_datapath_subsystem_0:mutrig_datapath_subsystem_0|frame_rcv_ip:mutrig_frame_deassembly_0|p_frame_len[3]" -section_id phase4_parser_gap_lvds
set_instance_assignment -name CONNECT_TO_SLD_NODE_ENTITY_PORT acq_data_in[101] -to "feb_system:u_feb_system|feb_system_v3:u_qsys|feb_system_v3_data_path_subsystem:data_path_subsystem|feb_system_v3_data_path_subsystem_mutrig_datapath_subsystem_0:mutrig_datapath_subsystem_0|frame_rcv_ip:mutrig_frame_deassembly_0|p_frame_len[4]" -section_id phase4_parser_gap_lvds
set_instance_assignment -name CONNECT_TO_SLD_NODE_ENTITY_PORT acq_data_in[102] -to "feb_system:u_feb_system|feb_system_v3:u_qsys|feb_system_v3_data_path_subsystem:data_path_subsystem|feb_system_v3_data_path_subsystem_mutrig_datapath_subsystem_0:mutrig_datapath_subsystem_0|frame_rcv_ip:mutrig_frame_deassembly_0|p_frame_len[5]" -section_id phase4_parser_gap_lvds
set_instance_assignment -name CONNECT_TO_SLD_NODE_ENTITY_PORT acq_data_in[103] -to "feb_system:u_feb_system|feb_system_v3:u_qsys|feb_system_v3_data_path_subsystem:data_path_subsystem|feb_system_v3_data_path_subsystem_mutrig_datapath_subsystem_0:mutrig_datapath_subsystem_0|frame_rcv_ip:mutrig_frame_deassembly_0|p_frame_len[6]" -section_id phase4_parser_gap_lvds
set_instance_assignment -name CONNECT_TO_SLD_NODE_ENTITY_PORT acq_data_in[104] -to "feb_system:u_feb_system|feb_system_v3:u_qsys|feb_system_v3_data_path_subsystem:data_path_subsystem|feb_system_v3_data_path_subsystem_mutrig_datapath_subsystem_0:mutrig_datapath_subsystem_0|frame_rcv_ip:mutrig_frame_deassembly_0|p_frame_len[7]" -section_id phase4_parser_gap_lvds
set_instance_assignment -name CONNECT_TO_SLD_NODE_ENTITY_PORT acq_data_in[105] -to "feb_system:u_feb_system|feb_system_v3:u_qsys|feb_system_v3_data_path_subsystem:data_path_subsystem|feb_system_v3_data_path_subsystem_mutrig_datapath_subsystem_0:mutrig_datapath_subsystem_0|frame_rcv_ip:mutrig_frame_deassembly_0|p_frame_len[8]" -section_id phase4_parser_gap_lvds
set_instance_assignment -name CONNECT_TO_SLD_NODE_ENTITY_PORT acq_data_in[106] -to "feb_system:u_feb_system|feb_system_v3:u_qsys|feb_system_v3_data_path_subsystem:data_path_subsystem|feb_system_v3_data_path_subsystem_mutrig_datapath_subsystem_0:mutrig_datapath_subsystem_0|frame_rcv_ip:mutrig_frame_deassembly_0|p_frame_len[9]" -section_id phase4_parser_gap_lvds
set_instance_assignment -name CONNECT_TO_SLD_NODE_ENTITY_PORT acq_data_in[107] -to "feb_system:u_feb_system|feb_system_v3:u_qsys|feb_system_v3_data_path_subsystem:data_path_subsystem|feb_system_v3_data_path_subsystem_mutrig_datapath_subsystem_0:mutrig_datapath_subsystem_0|frame_rcv_ip:mutrig_frame_deassembly_0|p_word_cnt[0]" -section_id phase4_parser_gap_lvds
set_instance_assignment -name CONNECT_TO_SLD_NODE_ENTITY_PORT acq_data_in[108] -to "feb_system:u_feb_system|feb_system_v3:u_qsys|feb_system_v3_data_path_subsystem:data_path_subsystem|feb_system_v3_data_path_subsystem_mutrig_datapath_subsystem_0:mutrig_datapath_subsystem_0|frame_rcv_ip:mutrig_frame_deassembly_0|p_word_cnt[1]" -section_id phase4_parser_gap_lvds
set_instance_assignment -name CONNECT_TO_SLD_NODE_ENTITY_PORT acq_data_in[109] -to "feb_system:u_feb_system|feb_system_v3:u_qsys|feb_system_v3_data_path_subsystem:data_path_subsystem|feb_system_v3_data_path_subsystem_mutrig_datapath_subsystem_0:mutrig_datapath_subsystem_0|frame_rcv_ip:mutrig_frame_deassembly_0|p_word_cnt[2]" -section_id phase4_parser_gap_lvds
set_instance_assignment -name CONNECT_TO_SLD_NODE_ENTITY_PORT acq_data_in[110] -to "feb_system:u_feb_system|feb_system_v3:u_qsys|feb_system_v3_data_path_subsystem:data_path_subsystem|feb_system_v3_data_path_subsystem_mutrig_datapath_subsystem_0:mutrig_datapath_subsystem_0|frame_rcv_ip:mutrig_frame_deassembly_0|p_word_cnt[3]" -section_id phase4_parser_gap_lvds
set_instance_assignment -name CONNECT_TO_SLD_NODE_ENTITY_PORT acq_data_in[111] -to "feb_system:u_feb_system|feb_system_v3:u_qsys|feb_system_v3_data_path_subsystem:data_path_subsystem|feb_system_v3_data_path_subsystem_mutrig_datapath_subsystem_0:mutrig_datapath_subsystem_0|frame_rcv_ip:mutrig_frame_deassembly_0|p_word_cnt[4]" -section_id phase4_parser_gap_lvds
set_instance_assignment -name CONNECT_TO_SLD_NODE_ENTITY_PORT acq_data_in[112] -to "feb_system:u_feb_system|feb_system_v3:u_qsys|feb_system_v3_data_path_subsystem:data_path_subsystem|feb_system_v3_data_path_subsystem_mutrig_datapath_subsystem_0:mutrig_datapath_subsystem_0|frame_rcv_ip:mutrig_frame_deassembly_0|p_word_cnt[5]" -section_id phase4_parser_gap_lvds
set_instance_assignment -name CONNECT_TO_SLD_NODE_ENTITY_PORT acq_data_in[113] -to "feb_system:u_feb_system|feb_system_v3:u_qsys|feb_system_v3_data_path_subsystem:data_path_subsystem|feb_system_v3_data_path_subsystem_mutrig_datapath_subsystem_0:mutrig_datapath_subsystem_0|frame_rcv_ip:mutrig_frame_deassembly_0|p_word_cnt[6]" -section_id phase4_parser_gap_lvds
set_instance_assignment -name CONNECT_TO_SLD_NODE_ENTITY_PORT acq_data_in[114] -to "feb_system:u_feb_system|feb_system_v3:u_qsys|feb_system_v3_data_path_subsystem:data_path_subsystem|feb_system_v3_data_path_subsystem_mutrig_datapath_subsystem_0:mutrig_datapath_subsystem_0|frame_rcv_ip:mutrig_frame_deassembly_0|p_word_cnt[7]" -section_id phase4_parser_gap_lvds
set_instance_assignment -name CONNECT_TO_SLD_NODE_ENTITY_PORT acq_data_in[115] -to "feb_system:u_feb_system|feb_system_v3:u_qsys|feb_system_v3_data_path_subsystem:data_path_subsystem|feb_system_v3_data_path_subsystem_mutrig_datapath_subsystem_0:mutrig_datapath_subsystem_0|frame_rcv_ip:mutrig_frame_deassembly_0|p_word_cnt[8]" -section_id phase4_parser_gap_lvds
set_instance_assignment -name CONNECT_TO_SLD_NODE_ENTITY_PORT acq_data_in[116] -to "feb_system:u_feb_system|feb_system_v3:u_qsys|feb_system_v3_data_path_subsystem:data_path_subsystem|feb_system_v3_data_path_subsystem_mutrig_datapath_subsystem_0:mutrig_datapath_subsystem_0|frame_rcv_ip:mutrig_frame_deassembly_0|p_word_cnt[9]" -section_id phase4_parser_gap_lvds
set_instance_assignment -name CONNECT_TO_SLD_NODE_ENTITY_PORT acq_data_in[117] -to "feb_system:u_feb_system|feb_system_v3:u_qsys|feb_system_v3_data_path_subsystem:data_path_subsystem|feb_system_v3_data_path_subsystem_mutrig_datapath_subsystem_0:mutrig_datapath_subsystem_0|headerinfo_valid" -section_id phase4_parser_gap_lvds
set_instance_assignment -name CONNECT_TO_SLD_NODE_ENTITY_PORT acq_data_in[118] -to "feb_system:u_feb_system|feb_system_v3:u_qsys|feb_system_v3_data_path_subsystem:data_path_subsystem|feb_system_v3_data_path_subsystem_mutrig_datapath_subsystem_0:mutrig_datapath_subsystem_0|hit_type0_out_valid" -section_id phase4_parser_gap_lvds
set_instance_assignment -name CONNECT_TO_SLD_NODE_ENTITY_PORT acq_data_in[119] -to "feb_system:u_feb_system|feb_system_v3:u_qsys|feb_system_v3_data_path_subsystem:data_path_subsystem|feb_system_v3_data_path_subsystem_mutrig_datapath_subsystem_0:mutrig_datapath_subsystem_0|hit_type0_out_ready" -section_id phase4_parser_gap_lvds
set_instance_assignment -name CONNECT_TO_SLD_NODE_ENTITY_PORT acq_data_in[120] -to "feb_system:u_feb_system|feb_system_v3:u_qsys|feb_system_v3_data_path_subsystem:data_path_subsystem|feb_system_v3_data_path_subsystem_mutrig_datapath_subsystem_0:mutrig_datapath_subsystem_0|altera_avalon_sc_fifo:backpressure_fifo|in_ready" -section_id phase4_parser_gap_lvds
set_instance_assignment -name CONNECT_TO_SLD_NODE_ENTITY_PORT acq_data_in[121] -to "feb_system:u_feb_system|feb_system_v3:u_qsys|feb_system_v3_data_path_subsystem:data_path_subsystem|feb_system_v3_data_path_subsystem_mutrig_datapath_subsystem_0:mutrig_datapath_subsystem_0|altera_avalon_sc_fifo:backpressure_fifo|out_valid" -section_id phase4_parser_gap_lvds
set_global_assignment -name SLD_NODE_PARAMETER_ASSIGNMENT "SLD_RAM_BLOCK_TYPE=AUTO" -section_id phase4_parser_gap_lvds
set_global_assignment -name SLD_NODE_PARAMETER_ASSIGNMENT "SLD_DATA_BITS=122" -section_id phase4_parser_gap_lvds
set_global_assignment -name SLD_NODE_PARAMETER_ASSIGNMENT "SLD_TRIGGER_BITS=122" -section_id phase4_parser_gap_lvds
set_global_assignment -name SLD_NODE_PARAMETER_ASSIGNMENT "SLD_STORAGE_QUALIFIER_BITS=122" -section_id phase4_parser_gap_lvds
set_global_assignment -name SLD_NODE_PARAMETER_ASSIGNMENT "SLD_NODE_INFO=805334528" -section_id phase4_parser_gap_lvds
set_global_assignment -name SLD_NODE_PARAMETER_ASSIGNMENT "SLD_POWER_UP_TRIGGER=0" -section_id phase4_parser_gap_lvds
set_global_assignment -name SLD_NODE_PARAMETER_ASSIGNMENT "SLD_INVERSION_MASK=0000000000000000000000000000000000000000000000000000000000000000000000000000000000000000000000000000000000000000000000000000000000000000000000000000000000000000000000000000000000000000000000000000000000000000000000000000000000000000000000000000000000000000000000000000000000000000000000000000000000000000000000000000000000000000000000000000000000000000000000000000000000000000000000000000000" -section_id phase4_parser_gap_lvds
set_global_assignment -name SLD_NODE_PARAMETER_ASSIGNMENT "SLD_INVERSION_MASK_LENGTH=391" -section_id phase4_parser_gap_lvds
set_global_assignment -name SLD_NODE_PARAMETER_ASSIGNMENT "SLD_STORAGE_QUALIFIER_INVERSION_MASK_LENGTH=0" -section_id phase4_parser_gap_lvds
set_global_assignment -name SLD_NODE_PARAMETER_ASSIGNMENT "SLD_SEGMENT_SIZE=2048" -section_id phase4_parser_gap_lvds
set_global_assignment -name SLD_NODE_PARAMETER_ASSIGNMENT "SLD_ATTRIBUTE_MEM_MODE=OFF" -section_id phase4_parser_gap_lvds
set_global_assignment -name SLD_NODE_PARAMETER_ASSIGNMENT "SLD_STATE_FLOW_USE_GENERATED=0" -section_id phase4_parser_gap_lvds
set_global_assignment -name SLD_NODE_PARAMETER_ASSIGNMENT "SLD_STATE_BITS=11" -section_id phase4_parser_gap_lvds
set_global_assignment -name SLD_NODE_PARAMETER_ASSIGNMENT "SLD_BUFFER_FULL_STOP=1" -section_id phase4_parser_gap_lvds
set_global_assignment -name SLD_NODE_PARAMETER_ASSIGNMENT "SLD_CURRENT_RESOURCE_WIDTH=1" -section_id phase4_parser_gap_lvds
set_global_assignment -name SLD_NODE_PARAMETER_ASSIGNMENT "SLD_INCREMENTAL_ROUTING=1" -section_id phase4_parser_gap_lvds
set_instance_assignment -name POST_FIT_CONNECT_TO_SLD_NODE_ENTITY_PORT crc[0] -to phase4_parser_gap_lvds|vcc -section_id phase4_parser_gap_lvds
set_instance_assignment -name POST_FIT_CONNECT_TO_SLD_NODE_ENTITY_PORT crc[1] -to phase4_parser_gap_lvds|gnd -section_id phase4_parser_gap_lvds
set_instance_assignment -name POST_FIT_CONNECT_TO_SLD_NODE_ENTITY_PORT crc[2] -to phase4_parser_gap_lvds|vcc -section_id phase4_parser_gap_lvds
set_instance_assignment -name POST_FIT_CONNECT_TO_SLD_NODE_ENTITY_PORT crc[3] -to phase4_parser_gap_lvds|vcc -section_id phase4_parser_gap_lvds
set_instance_assignment -name POST_FIT_CONNECT_TO_SLD_NODE_ENTITY_PORT crc[4] -to phase4_parser_gap_lvds|gnd -section_id phase4_parser_gap_lvds
set_instance_assignment -name POST_FIT_CONNECT_TO_SLD_NODE_ENTITY_PORT crc[5] -to phase4_parser_gap_lvds|gnd -section_id phase4_parser_gap_lvds
set_instance_assignment -name POST_FIT_CONNECT_TO_SLD_NODE_ENTITY_PORT crc[6] -to phase4_parser_gap_lvds|vcc -section_id phase4_parser_gap_lvds
set_instance_assignment -name POST_FIT_CONNECT_TO_SLD_NODE_ENTITY_PORT crc[7] -to phase4_parser_gap_lvds|gnd -section_id phase4_parser_gap_lvds
set_instance_assignment -name POST_FIT_CONNECT_TO_SLD_NODE_ENTITY_PORT crc[8] -to phase4_parser_gap_lvds|gnd -section_id phase4_parser_gap_lvds
set_instance_assignment -name POST_FIT_CONNECT_TO_SLD_NODE_ENTITY_PORT crc[9] -to phase4_parser_gap_lvds|vcc -section_id phase4_parser_gap_lvds
set_instance_assignment -name POST_FIT_CONNECT_TO_SLD_NODE_ENTITY_PORT crc[10] -to phase4_parser_gap_lvds|vcc -section_id phase4_parser_gap_lvds
set_instance_assignment -name POST_FIT_CONNECT_TO_SLD_NODE_ENTITY_PORT crc[11] -to phase4_parser_gap_lvds|vcc -section_id phase4_parser_gap_lvds
set_instance_assignment -name POST_FIT_CONNECT_TO_SLD_NODE_ENTITY_PORT crc[12] -to phase4_parser_gap_lvds|gnd -section_id phase4_parser_gap_lvds
set_instance_assignment -name POST_FIT_CONNECT_TO_SLD_NODE_ENTITY_PORT crc[13] -to phase4_parser_gap_lvds|gnd -section_id phase4_parser_gap_lvds
set_instance_assignment -name POST_FIT_CONNECT_TO_SLD_NODE_ENTITY_PORT crc[14] -to phase4_parser_gap_lvds|vcc -section_id phase4_parser_gap_lvds
set_instance_assignment -name POST_FIT_CONNECT_TO_SLD_NODE_ENTITY_PORT crc[15] -to phase4_parser_gap_lvds|vcc -section_id phase4_parser_gap_lvds
set_instance_assignment -name POST_FIT_CONNECT_TO_SLD_NODE_ENTITY_PORT crc[16] -to phase4_parser_gap_lvds|vcc -section_id phase4_parser_gap_lvds
set_instance_assignment -name POST_FIT_CONNECT_TO_SLD_NODE_ENTITY_PORT crc[17] -to phase4_parser_gap_lvds|vcc -section_id phase4_parser_gap_lvds
set_instance_assignment -name POST_FIT_CONNECT_TO_SLD_NODE_ENTITY_PORT crc[18] -to phase4_parser_gap_lvds|vcc -section_id phase4_parser_gap_lvds
set_instance_assignment -name POST_FIT_CONNECT_TO_SLD_NODE_ENTITY_PORT crc[19] -to phase4_parser_gap_lvds|gnd -section_id phase4_parser_gap_lvds
set_instance_assignment -name POST_FIT_CONNECT_TO_SLD_NODE_ENTITY_PORT crc[20] -to phase4_parser_gap_lvds|vcc -section_id phase4_parser_gap_lvds
set_instance_assignment -name POST_FIT_CONNECT_TO_SLD_NODE_ENTITY_PORT crc[21] -to phase4_parser_gap_lvds|gnd -section_id phase4_parser_gap_lvds
set_instance_assignment -name POST_FIT_CONNECT_TO_SLD_NODE_ENTITY_PORT crc[22] -to phase4_parser_gap_lvds|gnd -section_id phase4_parser_gap_lvds
set_instance_assignment -name POST_FIT_CONNECT_TO_SLD_NODE_ENTITY_PORT crc[23] -to phase4_parser_gap_lvds|gnd -section_id phase4_parser_gap_lvds
set_instance_assignment -name POST_FIT_CONNECT_TO_SLD_NODE_ENTITY_PORT crc[24] -to phase4_parser_gap_lvds|vcc -section_id phase4_parser_gap_lvds
set_instance_assignment -name POST_FIT_CONNECT_TO_SLD_NODE_ENTITY_PORT crc[25] -to phase4_parser_gap_lvds|vcc -section_id phase4_parser_gap_lvds
set_instance_assignment -name POST_FIT_CONNECT_TO_SLD_NODE_ENTITY_PORT crc[26] -to phase4_parser_gap_lvds|gnd -section_id phase4_parser_gap_lvds
set_instance_assignment -name POST_FIT_CONNECT_TO_SLD_NODE_ENTITY_PORT crc[27] -to phase4_parser_gap_lvds|vcc -section_id phase4_parser_gap_lvds
set_instance_assignment -name POST_FIT_CONNECT_TO_SLD_NODE_ENTITY_PORT crc[28] -to phase4_parser_gap_lvds|vcc -section_id phase4_parser_gap_lvds
set_instance_assignment -name POST_FIT_CONNECT_TO_SLD_NODE_ENTITY_PORT crc[29] -to phase4_parser_gap_lvds|vcc -section_id phase4_parser_gap_lvds
set_instance_assignment -name POST_FIT_CONNECT_TO_SLD_NODE_ENTITY_PORT crc[30] -to phase4_parser_gap_lvds|gnd -section_id phase4_parser_gap_lvds
set_instance_assignment -name POST_FIT_CONNECT_TO_SLD_NODE_ENTITY_PORT crc[31] -to phase4_parser_gap_lvds|gnd -section_id phase4_parser_gap_lvds
set_global_assignment -name SLD_NODE_PARAMETER_ASSIGNMENT "SLD_TRIGGER_LEVEL=1" -section_id phase4_parser_gap_lvds
set_global_assignment -name SLD_NODE_PARAMETER_ASSIGNMENT "SLD_SAMPLE_DEPTH=2048" -section_id phase4_parser_gap_lvds
set_global_assignment -name SLD_NODE_PARAMETER_ASSIGNMENT "SLD_TRIGGER_IN_ENABLED=0" -section_id phase4_parser_gap_lvds
set_global_assignment -name SLD_NODE_PARAMETER_ASSIGNMENT "SLD_TRIGGER_PIPELINE=0" -section_id phase4_parser_gap_lvds
set_global_assignment -name SLD_NODE_PARAMETER_ASSIGNMENT "SLD_RAM_PIPELINE=0" -section_id phase4_parser_gap_lvds
set_global_assignment -name SLD_NODE_PARAMETER_ASSIGNMENT "SLD_COUNTER_PIPELINE=0" -section_id phase4_parser_gap_lvds
set_global_assignment -name SLD_NODE_PARAMETER_ASSIGNMENT "SLD_ADVANCED_TRIGGER_ENTITY=basic,1," -section_id phase4_parser_gap_lvds
set_global_assignment -name SLD_NODE_PARAMETER_ASSIGNMENT "SLD_TRIGGER_LEVEL_PIPELINE=1" -section_id phase4_parser_gap_lvds
set_global_assignment -name SLD_NODE_PARAMETER_ASSIGNMENT "SLD_ENABLE_ADVANCED_TRIGGER=0" -section_id phase4_parser_gap_lvds
set_global_assignment -name SLD_FILE db/phase4_parser_gap_auto_stripped.stp