set_global_assignment -name TOP_LEVEL_ENTITY top
set_global_assignment -name PROJECT_OUTPUT_DIRECTORY output_files
set_global_assignment -name QIP_FILE top.qip
set_global_assignment -name SOURCE_TCL_SCRIPT_FILE util/quartus/settings.tcl
set_global_assignment -name SOURCE_TCL_SCRIPT_FILE assignments/fe_a5_base.tcl
set_global_assignment -name SOURCE_TCL_SCRIPT_FILE assignments/fe_v2_scifi_pins.tcl

# Round 2 emulator-type0 timing closure keeps Standard Fit but biases the
# build-local image toward setup timing before the final board retest.
set_global_assignment -name NUM_PARALLEL_PROCESSORS 16
set_global_assignment -name OPTIMIZATION_MODE "HIGH PERFORMANCE EFFORT"
set_global_assignment -name OPTIMIZATION_TECHNIQUE SPEED
set_global_assignment -name ROUTER_TIMING_OPTIMIZATION_LEVEL MAXIMUM
set_global_assignment -name PHYSICAL_SYNTHESIS_COMBO_LOGIC ON
set_global_assignment -name PHYSICAL_SYNTHESIS_REGISTER_DUPLICATION ON
set_global_assignment -name PHYSICAL_SYNTHESIS_REGISTER_RETIMING ON
set_global_assignment -name PHYSICAL_SYNTHESIS_EFFORT NORMAL

set_global_assignment -name LAST_QUARTUS_VERSION "18.1.0 Standard Edition"

# Project-wide VHDL-2008 input: needed for util_pkg (integer_vector) and
# for the hist v2 IP family. Per-file magic comments
# (-- altera vhdl_input_version vhdl_2008) are honored separately.
set_global_assignment -name VHDL_INPUT_VERSION VHDL_2008



set_global_assignment -name USE_SIGNALTAP_FILE mutrig_cfg_lvds.stp
set_global_assignment -name ENABLE_SIGNALTAP ON
set_global_assignment -name ENABLE_LOGIC_ANALYZER_INTERFACE ON
set_global_assignment -name SLD_NODE_CREATOR_ID 110 -section_id lvds_decoded
set_global_assignment -name SLD_NODE_ENTITY_NAME sld_signaltap -section_id lvds_decoded
set_instance_assignment -name CONNECT_TO_SLD_NODE_ENTITY_PORT acq_clk -to "feb_system:u_feb_system|feb_system_v4:u_qsys|feb_system_v4_data_path_subsystem:data_path_subsystem|lvds_outclock_clk" -section_id lvds_decoded

set_global_assignment -name SLD_NODE_PARAMETER_ASSIGNMENT "SLD_RAM_BLOCK_TYPE=AUTO" -section_id lvds_decoded
set_global_assignment -name SLD_NODE_PARAMETER_ASSIGNMENT "SLD_NODE_INFO=805334532" -section_id lvds_decoded
set_global_assignment -name SLD_NODE_PARAMETER_ASSIGNMENT "SLD_POWER_UP_TRIGGER=0" -section_id lvds_decoded
set_global_assignment -name SLD_NODE_PARAMETER_ASSIGNMENT "SLD_STORAGE_QUALIFIER_INVERSION_MASK_LENGTH=0" -section_id lvds_decoded
set_global_assignment -name SLD_NODE_PARAMETER_ASSIGNMENT "SLD_ATTRIBUTE_MEM_MODE=OFF" -section_id lvds_decoded
set_global_assignment -name SLD_NODE_PARAMETER_ASSIGNMENT "SLD_STATE_FLOW_USE_GENERATED=0" -section_id lvds_decoded
set_global_assignment -name SLD_NODE_PARAMETER_ASSIGNMENT "SLD_STATE_BITS=11" -section_id lvds_decoded
set_global_assignment -name SLD_NODE_PARAMETER_ASSIGNMENT "SLD_BUFFER_FULL_STOP=1" -section_id lvds_decoded
set_global_assignment -name SLD_NODE_PARAMETER_ASSIGNMENT "SLD_CURRENT_RESOURCE_WIDTH=1" -section_id lvds_decoded
set_global_assignment -name SLD_NODE_PARAMETER_ASSIGNMENT "SLD_INCREMENTAL_ROUTING=1" -section_id lvds_decoded
set_instance_assignment -name POST_FIT_CONNECT_TO_SLD_NODE_ENTITY_PORT crc[9] -to lvds_decoded|vcc -section_id lvds_decoded
set_global_assignment -name SLD_NODE_PARAMETER_ASSIGNMENT "SLD_TRIGGER_LEVEL=1" -section_id lvds_decoded
set_global_assignment -name SLD_NODE_PARAMETER_ASSIGNMENT "SLD_TRIGGER_IN_ENABLED=0" -section_id lvds_decoded
set_global_assignment -name SLD_NODE_PARAMETER_ASSIGNMENT "SLD_TRIGGER_PIPELINE=0" -section_id lvds_decoded
set_global_assignment -name SLD_NODE_PARAMETER_ASSIGNMENT "SLD_RAM_PIPELINE=0" -section_id lvds_decoded
set_global_assignment -name SLD_NODE_PARAMETER_ASSIGNMENT "SLD_COUNTER_PIPELINE=0" -section_id lvds_decoded
set_global_assignment -name SLD_NODE_PARAMETER_ASSIGNMENT "SLD_ADVANCED_TRIGGER_ENTITY=basic,1," -section_id lvds_decoded
set_global_assignment -name SLD_NODE_PARAMETER_ASSIGNMENT "SLD_TRIGGER_LEVEL_PIPELINE=1" -section_id lvds_decoded
set_global_assignment -name SLD_NODE_PARAMETER_ASSIGNMENT "SLD_ENABLE_ADVANCED_TRIGGER=0" -section_id lvds_decoded
set_instance_assignment -name POST_FIT_CONNECT_TO_SLD_NODE_ENTITY_PORT crc[23] -to lvds_decoded|gnd -section_id lvds_decoded

set_instance_assignment -name POST_FIT_CONNECT_TO_SLD_NODE_ENTITY_PORT crc[10] -to lvds_decoded|vcc -section_id lvds_decoded
set_instance_assignment -name POST_FIT_CONNECT_TO_SLD_NODE_ENTITY_PORT crc[14] -to lvds_decoded|vcc -section_id lvds_decoded
set_global_assignment -name SLD_NODE_PARAMETER_ASSIGNMENT "SLD_SEGMENT_SIZE=4096" -section_id lvds_decoded
set_instance_assignment -name POST_FIT_CONNECT_TO_SLD_NODE_ENTITY_PORT crc[2] -to lvds_decoded|vcc -section_id lvds_decoded
set_instance_assignment -name POST_FIT_CONNECT_TO_SLD_NODE_ENTITY_PORT crc[6] -to lvds_decoded|vcc -section_id lvds_decoded
set_instance_assignment -name POST_FIT_CONNECT_TO_SLD_NODE_ENTITY_PORT crc[7] -to lvds_decoded|gnd -section_id lvds_decoded
set_instance_assignment -name POST_FIT_CONNECT_TO_SLD_NODE_ENTITY_PORT crc[8] -to lvds_decoded|gnd -section_id lvds_decoded
set_instance_assignment -name POST_FIT_CONNECT_TO_SLD_NODE_ENTITY_PORT crc[13] -to lvds_decoded|gnd -section_id lvds_decoded
set_instance_assignment -name POST_FIT_CONNECT_TO_SLD_NODE_ENTITY_PORT crc[21] -to lvds_decoded|vcc -section_id lvds_decoded
set_instance_assignment -name POST_FIT_CONNECT_TO_SLD_NODE_ENTITY_PORT crc[27] -to lvds_decoded|vcc -section_id lvds_decoded
set_instance_assignment -name POST_FIT_CONNECT_TO_SLD_NODE_ENTITY_PORT crc[30] -to lvds_decoded|gnd -section_id lvds_decoded
set_global_assignment -name SLD_NODE_PARAMETER_ASSIGNMENT "SLD_SAMPLE_DEPTH=4096" -section_id lvds_decoded
set_instance_assignment -name CONNECT_TO_SLD_NODE_ENTITY_PORT acq_trigger_in[0] -to "feb_system:u_feb_system|feb_system_v4:u_qsys|feb_system_v4_data_path_subsystem:data_path_subsystem|feb_system_v4_data_path_subsystem_mu3e_lvds_controller_0:mu3e_lvds_controller_0|mu3e_lvds_controller_phy_adapter:core|mu3e_lvds_controller:u_core|coe_parallel_data[89]" -section_id lvds_decoded
set_instance_assignment -name CONNECT_TO_SLD_NODE_ENTITY_PORT acq_trigger_in[1] -to "feb_system:u_feb_system|feb_system_v4:u_qsys|feb_system_v4_data_path_subsystem:data_path_subsystem|feb_system_v4_data_path_subsystem_mu3e_lvds_controller_0:mu3e_lvds_controller_0|mu3e_lvds_controller_phy_adapter:core|mu3e_lvds_controller:u_core|coe_parallel_data[88]" -section_id lvds_decoded
set_instance_assignment -name CONNECT_TO_SLD_NODE_ENTITY_PORT acq_trigger_in[2] -to "feb_system:u_feb_system|feb_system_v4:u_qsys|feb_system_v4_data_path_subsystem:data_path_subsystem|feb_system_v4_data_path_subsystem_mu3e_lvds_controller_0:mu3e_lvds_controller_0|mu3e_lvds_controller_phy_adapter:core|mu3e_lvds_controller:u_core|coe_parallel_data[87]" -section_id lvds_decoded
set_instance_assignment -name CONNECT_TO_SLD_NODE_ENTITY_PORT acq_trigger_in[3] -to "feb_system:u_feb_system|feb_system_v4:u_qsys|feb_system_v4_data_path_subsystem:data_path_subsystem|feb_system_v4_data_path_subsystem_mu3e_lvds_controller_0:mu3e_lvds_controller_0|mu3e_lvds_controller_phy_adapter:core|mu3e_lvds_controller:u_core|coe_parallel_data[86]" -section_id lvds_decoded
set_instance_assignment -name CONNECT_TO_SLD_NODE_ENTITY_PORT acq_trigger_in[4] -to "feb_system:u_feb_system|feb_system_v4:u_qsys|feb_system_v4_data_path_subsystem:data_path_subsystem|feb_system_v4_data_path_subsystem_mu3e_lvds_controller_0:mu3e_lvds_controller_0|mu3e_lvds_controller_phy_adapter:core|mu3e_lvds_controller:u_core|coe_parallel_data[85]" -section_id lvds_decoded
set_instance_assignment -name CONNECT_TO_SLD_NODE_ENTITY_PORT acq_trigger_in[5] -to "feb_system:u_feb_system|feb_system_v4:u_qsys|feb_system_v4_data_path_subsystem:data_path_subsystem|feb_system_v4_data_path_subsystem_mu3e_lvds_controller_0:mu3e_lvds_controller_0|mu3e_lvds_controller_phy_adapter:core|mu3e_lvds_controller:u_core|coe_parallel_data[84]" -section_id lvds_decoded
set_instance_assignment -name CONNECT_TO_SLD_NODE_ENTITY_PORT acq_trigger_in[6] -to "feb_system:u_feb_system|feb_system_v4:u_qsys|feb_system_v4_data_path_subsystem:data_path_subsystem|feb_system_v4_data_path_subsystem_mu3e_lvds_controller_0:mu3e_lvds_controller_0|mu3e_lvds_controller_phy_adapter:core|mu3e_lvds_controller:u_core|coe_parallel_data[83]" -section_id lvds_decoded
set_instance_assignment -name CONNECT_TO_SLD_NODE_ENTITY_PORT acq_trigger_in[7] -to "feb_system:u_feb_system|feb_system_v4:u_qsys|feb_system_v4_data_path_subsystem:data_path_subsystem|feb_system_v4_data_path_subsystem_mu3e_lvds_controller_0:mu3e_lvds_controller_0|mu3e_lvds_controller_phy_adapter:core|mu3e_lvds_controller:u_core|coe_parallel_data[82]" -section_id lvds_decoded
set_instance_assignment -name CONNECT_TO_SLD_NODE_ENTITY_PORT acq_trigger_in[8] -to "feb_system:u_feb_system|feb_system_v4:u_qsys|feb_system_v4_data_path_subsystem:data_path_subsystem|feb_system_v4_data_path_subsystem_mu3e_lvds_controller_0:mu3e_lvds_controller_0|mu3e_lvds_controller_phy_adapter:core|mu3e_lvds_controller:u_core|coe_parallel_data[81]" -section_id lvds_decoded
set_instance_assignment -name CONNECT_TO_SLD_NODE_ENTITY_PORT acq_trigger_in[9] -to "feb_system:u_feb_system|feb_system_v4:u_qsys|feb_system_v4_data_path_subsystem:data_path_subsystem|feb_system_v4_data_path_subsystem_mu3e_lvds_controller_0:mu3e_lvds_controller_0|mu3e_lvds_controller_phy_adapter:core|mu3e_lvds_controller:u_core|coe_parallel_data[80]" -section_id lvds_decoded
set_instance_assignment -name CONNECT_TO_SLD_NODE_ENTITY_PORT acq_trigger_in[10] -to "feb_system:u_feb_system|feb_system_v4:u_qsys|feb_system_v4_data_path_subsystem:data_path_subsystem|feb_system_v4_data_path_subsystem_mu3e_lvds_controller_0:mu3e_lvds_controller_0|mu3e_lvds_controller_phy_adapter:core|mu3e_lvds_controller:u_core|stp_lane8_symbol_q[9]" -section_id lvds_decoded
set_instance_assignment -name CONNECT_TO_SLD_NODE_ENTITY_PORT acq_trigger_in[11] -to "feb_system:u_feb_system|feb_system_v4:u_qsys|feb_system_v4_data_path_subsystem:data_path_subsystem|feb_system_v4_data_path_subsystem_mu3e_lvds_controller_0:mu3e_lvds_controller_0|mu3e_lvds_controller_phy_adapter:core|mu3e_lvds_controller:u_core|stp_lane8_symbol_q[8]" -section_id lvds_decoded
set_instance_assignment -name CONNECT_TO_SLD_NODE_ENTITY_PORT acq_trigger_in[12] -to "feb_system:u_feb_system|feb_system_v4:u_qsys|feb_system_v4_data_path_subsystem:data_path_subsystem|feb_system_v4_data_path_subsystem_mu3e_lvds_controller_0:mu3e_lvds_controller_0|mu3e_lvds_controller_phy_adapter:core|mu3e_lvds_controller:u_core|stp_lane8_symbol_q[7]" -section_id lvds_decoded
set_instance_assignment -name CONNECT_TO_SLD_NODE_ENTITY_PORT acq_trigger_in[13] -to "feb_system:u_feb_system|feb_system_v4:u_qsys|feb_system_v4_data_path_subsystem:data_path_subsystem|feb_system_v4_data_path_subsystem_mu3e_lvds_controller_0:mu3e_lvds_controller_0|mu3e_lvds_controller_phy_adapter:core|mu3e_lvds_controller:u_core|stp_lane8_symbol_q[6]" -section_id lvds_decoded
set_instance_assignment -name CONNECT_TO_SLD_NODE_ENTITY_PORT acq_trigger_in[14] -to "feb_system:u_feb_system|feb_system_v4:u_qsys|feb_system_v4_data_path_subsystem:data_path_subsystem|feb_system_v4_data_path_subsystem_mu3e_lvds_controller_0:mu3e_lvds_controller_0|mu3e_lvds_controller_phy_adapter:core|mu3e_lvds_controller:u_core|stp_lane8_symbol_q[5]" -section_id lvds_decoded
set_instance_assignment -name CONNECT_TO_SLD_NODE_ENTITY_PORT acq_trigger_in[15] -to "feb_system:u_feb_system|feb_system_v4:u_qsys|feb_system_v4_data_path_subsystem:data_path_subsystem|feb_system_v4_data_path_subsystem_mu3e_lvds_controller_0:mu3e_lvds_controller_0|mu3e_lvds_controller_phy_adapter:core|mu3e_lvds_controller:u_core|stp_lane8_symbol_q[4]" -section_id lvds_decoded
set_instance_assignment -name CONNECT_TO_SLD_NODE_ENTITY_PORT acq_trigger_in[16] -to "feb_system:u_feb_system|feb_system_v4:u_qsys|feb_system_v4_data_path_subsystem:data_path_subsystem|feb_system_v4_data_path_subsystem_mu3e_lvds_controller_0:mu3e_lvds_controller_0|mu3e_lvds_controller_phy_adapter:core|mu3e_lvds_controller:u_core|stp_lane8_symbol_q[3]" -section_id lvds_decoded
set_instance_assignment -name CONNECT_TO_SLD_NODE_ENTITY_PORT acq_trigger_in[17] -to "feb_system:u_feb_system|feb_system_v4:u_qsys|feb_system_v4_data_path_subsystem:data_path_subsystem|feb_system_v4_data_path_subsystem_mu3e_lvds_controller_0:mu3e_lvds_controller_0|mu3e_lvds_controller_phy_adapter:core|mu3e_lvds_controller:u_core|stp_lane8_symbol_q[2]" -section_id lvds_decoded
set_instance_assignment -name CONNECT_TO_SLD_NODE_ENTITY_PORT acq_trigger_in[18] -to "feb_system:u_feb_system|feb_system_v4:u_qsys|feb_system_v4_data_path_subsystem:data_path_subsystem|feb_system_v4_data_path_subsystem_mu3e_lvds_controller_0:mu3e_lvds_controller_0|mu3e_lvds_controller_phy_adapter:core|mu3e_lvds_controller:u_core|stp_lane8_symbol_q[1]" -section_id lvds_decoded
set_instance_assignment -name CONNECT_TO_SLD_NODE_ENTITY_PORT acq_trigger_in[19] -to "feb_system:u_feb_system|feb_system_v4:u_qsys|feb_system_v4_data_path_subsystem:data_path_subsystem|feb_system_v4_data_path_subsystem_mu3e_lvds_controller_0:mu3e_lvds_controller_0|mu3e_lvds_controller_phy_adapter:core|mu3e_lvds_controller:u_core|stp_lane8_symbol_q[0]" -section_id lvds_decoded
set_instance_assignment -name CONNECT_TO_SLD_NODE_ENTITY_PORT acq_trigger_in[20] -to "feb_system:u_feb_system|feb_system_v4:u_qsys|feb_system_v4_data_path_subsystem:data_path_subsystem|feb_system_v4_data_path_subsystem_mu3e_lvds_controller_0:mu3e_lvds_controller_0|mu3e_lvds_controller_phy_adapter:core|mu3e_lvds_controller:u_core|rx_bitrev_data_d2[8]" -section_id lvds_decoded
set_instance_assignment -name CONNECT_TO_SLD_NODE_ENTITY_PORT acq_trigger_in[21] -to "feb_system:u_feb_system|feb_system_v4:u_qsys|feb_system_v4_data_path_subsystem:data_path_subsystem|feb_system_v4_data_path_subsystem_mu3e_lvds_controller_0:mu3e_lvds_controller_0|mu3e_lvds_controller_phy_adapter:core|mu3e_lvds_controller:u_core|stp_decoded_valid_q[8]" -section_id lvds_decoded
set_instance_assignment -name CONNECT_TO_SLD_NODE_ENTITY_PORT acq_trigger_in[22] -to "feb_system:u_feb_system|feb_system_v4:u_qsys|feb_system_v4_data_path_subsystem:data_path_subsystem|feb_system_v4_data_path_subsystem_mu3e_lvds_controller_0:mu3e_lvds_controller_0|mu3e_lvds_controller_phy_adapter:core|mu3e_lvds_controller:u_core|stp_decoded_data_q[8][8]" -section_id lvds_decoded
set_instance_assignment -name CONNECT_TO_SLD_NODE_ENTITY_PORT acq_trigger_in[23] -to "feb_system:u_feb_system|feb_system_v4:u_qsys|feb_system_v4_data_path_subsystem:data_path_subsystem|feb_system_v4_data_path_subsystem_mu3e_lvds_controller_0:mu3e_lvds_controller_0|mu3e_lvds_controller_phy_adapter:core|mu3e_lvds_controller:u_core|stp_decoded_data_q[8][7]" -section_id lvds_decoded
set_instance_assignment -name CONNECT_TO_SLD_NODE_ENTITY_PORT acq_trigger_in[24] -to "feb_system:u_feb_system|feb_system_v4:u_qsys|feb_system_v4_data_path_subsystem:data_path_subsystem|feb_system_v4_data_path_subsystem_mu3e_lvds_controller_0:mu3e_lvds_controller_0|mu3e_lvds_controller_phy_adapter:core|mu3e_lvds_controller:u_core|stp_decoded_data_q[8][6]" -section_id lvds_decoded
set_instance_assignment -name CONNECT_TO_SLD_NODE_ENTITY_PORT acq_trigger_in[25] -to "feb_system:u_feb_system|feb_system_v4:u_qsys|feb_system_v4_data_path_subsystem:data_path_subsystem|feb_system_v4_data_path_subsystem_mu3e_lvds_controller_0:mu3e_lvds_controller_0|mu3e_lvds_controller_phy_adapter:core|mu3e_lvds_controller:u_core|stp_decoded_data_q[8][5]" -section_id lvds_decoded
set_instance_assignment -name CONNECT_TO_SLD_NODE_ENTITY_PORT acq_trigger_in[26] -to "feb_system:u_feb_system|feb_system_v4:u_qsys|feb_system_v4_data_path_subsystem:data_path_subsystem|feb_system_v4_data_path_subsystem_mu3e_lvds_controller_0:mu3e_lvds_controller_0|mu3e_lvds_controller_phy_adapter:core|mu3e_lvds_controller:u_core|stp_decoded_data_q[8][4]" -section_id lvds_decoded
set_instance_assignment -name CONNECT_TO_SLD_NODE_ENTITY_PORT acq_trigger_in[27] -to "feb_system:u_feb_system|feb_system_v4:u_qsys|feb_system_v4_data_path_subsystem:data_path_subsystem|feb_system_v4_data_path_subsystem_mu3e_lvds_controller_0:mu3e_lvds_controller_0|mu3e_lvds_controller_phy_adapter:core|mu3e_lvds_controller:u_core|stp_decoded_data_q[8][3]" -section_id lvds_decoded
set_instance_assignment -name CONNECT_TO_SLD_NODE_ENTITY_PORT acq_trigger_in[28] -to "feb_system:u_feb_system|feb_system_v4:u_qsys|feb_system_v4_data_path_subsystem:data_path_subsystem|feb_system_v4_data_path_subsystem_mu3e_lvds_controller_0:mu3e_lvds_controller_0|mu3e_lvds_controller_phy_adapter:core|mu3e_lvds_controller:u_core|stp_decoded_data_q[8][2]" -section_id lvds_decoded
set_instance_assignment -name CONNECT_TO_SLD_NODE_ENTITY_PORT acq_trigger_in[29] -to "feb_system:u_feb_system|feb_system_v4:u_qsys|feb_system_v4_data_path_subsystem:data_path_subsystem|feb_system_v4_data_path_subsystem_mu3e_lvds_controller_0:mu3e_lvds_controller_0|mu3e_lvds_controller_phy_adapter:core|mu3e_lvds_controller:u_core|stp_decoded_data_q[8][1]" -section_id lvds_decoded
set_instance_assignment -name CONNECT_TO_SLD_NODE_ENTITY_PORT acq_trigger_in[30] -to "feb_system:u_feb_system|feb_system_v4:u_qsys|feb_system_v4_data_path_subsystem:data_path_subsystem|feb_system_v4_data_path_subsystem_mu3e_lvds_controller_0:mu3e_lvds_controller_0|mu3e_lvds_controller_phy_adapter:core|mu3e_lvds_controller:u_core|stp_decoded_data_q[8][0]" -section_id lvds_decoded
set_instance_assignment -name CONNECT_TO_SLD_NODE_ENTITY_PORT acq_trigger_in[31] -to "feb_system:u_feb_system|feb_system_v4:u_qsys|feb_system_v4_data_path_subsystem:data_path_subsystem|feb_system_v4_data_path_subsystem_mu3e_lvds_controller_0:mu3e_lvds_controller_0|mu3e_lvds_controller_phy_adapter:core|mu3e_lvds_controller:u_core|stp_decoded_error_q[8][2]" -section_id lvds_decoded
set_instance_assignment -name CONNECT_TO_SLD_NODE_ENTITY_PORT acq_trigger_in[32] -to "feb_system:u_feb_system|feb_system_v4:u_qsys|feb_system_v4_data_path_subsystem:data_path_subsystem|feb_system_v4_data_path_subsystem_mu3e_lvds_controller_0:mu3e_lvds_controller_0|mu3e_lvds_controller_phy_adapter:core|mu3e_lvds_controller:u_core|stp_decoded_error_q[8][1]" -section_id lvds_decoded
set_instance_assignment -name CONNECT_TO_SLD_NODE_ENTITY_PORT acq_trigger_in[33] -to "feb_system:u_feb_system|feb_system_v4:u_qsys|feb_system_v4_data_path_subsystem:data_path_subsystem|feb_system_v4_data_path_subsystem_mu3e_lvds_controller_0:mu3e_lvds_controller_0|mu3e_lvds_controller_phy_adapter:core|mu3e_lvds_controller:u_core|stp_decoded_error_q[8][0]" -section_id lvds_decoded
set_instance_assignment -name CONNECT_TO_SLD_NODE_ENTITY_PORT acq_trigger_in[34] -to "feb_system:u_feb_system|feb_system_v4:u_qsys|feb_system_v4_data_path_subsystem:data_path_subsystem|feb_system_v4_data_path_subsystem_mu3e_lvds_controller_0:mu3e_lvds_controller_0|mu3e_lvds_controller_phy_adapter:core|mu3e_lvds_controller:u_core|stp_decoded_channel_q[8][3]" -section_id lvds_decoded
set_instance_assignment -name CONNECT_TO_SLD_NODE_ENTITY_PORT acq_trigger_in[35] -to "feb_system:u_feb_system|feb_system_v4:u_qsys|feb_system_v4_data_path_subsystem:data_path_subsystem|feb_system_v4_data_path_subsystem_mu3e_lvds_controller_0:mu3e_lvds_controller_0|mu3e_lvds_controller_phy_adapter:core|mu3e_lvds_controller:u_core|stp_decoded_channel_q[8][2]" -section_id lvds_decoded
set_instance_assignment -name CONNECT_TO_SLD_NODE_ENTITY_PORT acq_trigger_in[36] -to "feb_system:u_feb_system|feb_system_v4:u_qsys|feb_system_v4_data_path_subsystem:data_path_subsystem|feb_system_v4_data_path_subsystem_mu3e_lvds_controller_0:mu3e_lvds_controller_0|mu3e_lvds_controller_phy_adapter:core|mu3e_lvds_controller:u_core|stp_decoded_channel_q[8][1]" -section_id lvds_decoded
set_instance_assignment -name CONNECT_TO_SLD_NODE_ENTITY_PORT acq_trigger_in[37] -to "feb_system:u_feb_system|feb_system_v4:u_qsys|feb_system_v4_data_path_subsystem:data_path_subsystem|feb_system_v4_data_path_subsystem_mu3e_lvds_controller_0:mu3e_lvds_controller_0|mu3e_lvds_controller_phy_adapter:core|mu3e_lvds_controller:u_core|stp_decoded_channel_q[8][0]" -section_id lvds_decoded
set_instance_assignment -name CONNECT_TO_SLD_NODE_ENTITY_PORT acq_trigger_in[38] -to "feb_system:u_feb_system|feb_system_v4:u_qsys|feb_system_v4_data_path_subsystem:data_path_subsystem|feb_system_v4_data_path_subsystem_mu3e_lvds_controller_0:mu3e_lvds_controller_0|mu3e_lvds_controller_phy_adapter:core|mu3e_lvds_controller:u_core|stp_lane8_train_state_q[3]" -section_id lvds_decoded
set_instance_assignment -name CONNECT_TO_SLD_NODE_ENTITY_PORT acq_trigger_in[39] -to "feb_system:u_feb_system|feb_system_v4:u_qsys|feb_system_v4_data_path_subsystem:data_path_subsystem|feb_system_v4_data_path_subsystem_mu3e_lvds_controller_0:mu3e_lvds_controller_0|mu3e_lvds_controller_phy_adapter:core|mu3e_lvds_controller:u_core|stp_lane8_train_state_q[2]" -section_id lvds_decoded
set_instance_assignment -name CONNECT_TO_SLD_NODE_ENTITY_PORT acq_trigger_in[40] -to "feb_system:u_feb_system|feb_system_v4:u_qsys|feb_system_v4_data_path_subsystem:data_path_subsystem|feb_system_v4_data_path_subsystem_mu3e_lvds_controller_0:mu3e_lvds_controller_0|mu3e_lvds_controller_phy_adapter:core|mu3e_lvds_controller:u_core|stp_lane8_train_state_q[1]" -section_id lvds_decoded
set_instance_assignment -name CONNECT_TO_SLD_NODE_ENTITY_PORT acq_trigger_in[41] -to "feb_system:u_feb_system|feb_system_v4:u_qsys|feb_system_v4_data_path_subsystem:data_path_subsystem|feb_system_v4_data_path_subsystem_mu3e_lvds_controller_0:mu3e_lvds_controller_0|mu3e_lvds_controller_phy_adapter:core|mu3e_lvds_controller:u_core|stp_lane8_train_state_q[0]" -section_id lvds_decoded
set_instance_assignment -name CONNECT_TO_SLD_NODE_ENTITY_PORT acq_trigger_in[42] -to "feb_system:u_feb_system|feb_system_v4:u_qsys|feb_system_v4_data_path_subsystem:data_path_subsystem|feb_system_v4_data_path_subsystem_mu3e_lvds_controller_0:mu3e_lvds_controller_0|mu3e_lvds_controller_phy_adapter:core|mu3e_lvds_controller:u_core|stp_lane8_good_count_q[7]" -section_id lvds_decoded
set_instance_assignment -name CONNECT_TO_SLD_NODE_ENTITY_PORT acq_trigger_in[43] -to "feb_system:u_feb_system|feb_system_v4:u_qsys|feb_system_v4_data_path_subsystem:data_path_subsystem|feb_system_v4_data_path_subsystem_mu3e_lvds_controller_0:mu3e_lvds_controller_0|mu3e_lvds_controller_phy_adapter:core|mu3e_lvds_controller:u_core|stp_lane8_good_count_q[6]" -section_id lvds_decoded
set_instance_assignment -name CONNECT_TO_SLD_NODE_ENTITY_PORT acq_trigger_in[44] -to "feb_system:u_feb_system|feb_system_v4:u_qsys|feb_system_v4_data_path_subsystem:data_path_subsystem|feb_system_v4_data_path_subsystem_mu3e_lvds_controller_0:mu3e_lvds_controller_0|mu3e_lvds_controller_phy_adapter:core|mu3e_lvds_controller:u_core|stp_lane8_good_count_q[5]" -section_id lvds_decoded
set_instance_assignment -name CONNECT_TO_SLD_NODE_ENTITY_PORT acq_trigger_in[45] -to "feb_system:u_feb_system|feb_system_v4:u_qsys|feb_system_v4_data_path_subsystem:data_path_subsystem|feb_system_v4_data_path_subsystem_mu3e_lvds_controller_0:mu3e_lvds_controller_0|mu3e_lvds_controller_phy_adapter:core|mu3e_lvds_controller:u_core|stp_lane8_good_count_q[4]" -section_id lvds_decoded
set_instance_assignment -name CONNECT_TO_SLD_NODE_ENTITY_PORT acq_trigger_in[46] -to "feb_system:u_feb_system|feb_system_v4:u_qsys|feb_system_v4_data_path_subsystem:data_path_subsystem|feb_system_v4_data_path_subsystem_mu3e_lvds_controller_0:mu3e_lvds_controller_0|mu3e_lvds_controller_phy_adapter:core|mu3e_lvds_controller:u_core|stp_lane8_good_count_q[3]" -section_id lvds_decoded
set_instance_assignment -name CONNECT_TO_SLD_NODE_ENTITY_PORT acq_trigger_in[47] -to "feb_system:u_feb_system|feb_system_v4:u_qsys|feb_system_v4_data_path_subsystem:data_path_subsystem|feb_system_v4_data_path_subsystem_mu3e_lvds_controller_0:mu3e_lvds_controller_0|mu3e_lvds_controller_phy_adapter:core|mu3e_lvds_controller:u_core|stp_lane8_good_count_q[2]" -section_id lvds_decoded
set_instance_assignment -name CONNECT_TO_SLD_NODE_ENTITY_PORT acq_trigger_in[48] -to "feb_system:u_feb_system|feb_system_v4:u_qsys|feb_system_v4_data_path_subsystem:data_path_subsystem|feb_system_v4_data_path_subsystem_mu3e_lvds_controller_0:mu3e_lvds_controller_0|mu3e_lvds_controller_phy_adapter:core|mu3e_lvds_controller:u_core|stp_lane8_good_count_q[1]" -section_id lvds_decoded
set_instance_assignment -name CONNECT_TO_SLD_NODE_ENTITY_PORT acq_trigger_in[49] -to "feb_system:u_feb_system|feb_system_v4:u_qsys|feb_system_v4_data_path_subsystem:data_path_subsystem|feb_system_v4_data_path_subsystem_mu3e_lvds_controller_0:mu3e_lvds_controller_0|mu3e_lvds_controller_phy_adapter:core|mu3e_lvds_controller:u_core|stp_lane8_good_count_q[0]" -section_id lvds_decoded
set_instance_assignment -name CONNECT_TO_SLD_NODE_ENTITY_PORT acq_trigger_in[50] -to "feb_system:u_feb_system|feb_system_v4:u_qsys|feb_system_v4_data_path_subsystem:data_path_subsystem|feb_system_v4_data_path_subsystem_mu3e_lvds_controller_0:mu3e_lvds_controller_0|mu3e_lvds_controller_phy_adapter:core|mu3e_lvds_controller:u_core|stp_lane8_ctrl_q[8]" -section_id lvds_decoded
set_instance_assignment -name CONNECT_TO_SLD_NODE_ENTITY_PORT acq_trigger_in[51] -to "feb_system:u_feb_system|feb_system_v4:u_qsys|feb_system_v4_data_path_subsystem:data_path_subsystem|feb_system_v4_data_path_subsystem_mu3e_lvds_controller_0:mu3e_lvds_controller_0|mu3e_lvds_controller_phy_adapter:core|mu3e_lvds_controller:u_core|stp_lane8_ctrl_q[7]" -section_id lvds_decoded
set_instance_assignment -name CONNECT_TO_SLD_NODE_ENTITY_PORT acq_trigger_in[52] -to "feb_system:u_feb_system|feb_system_v4:u_qsys|feb_system_v4_data_path_subsystem:data_path_subsystem|feb_system_v4_data_path_subsystem_mu3e_lvds_controller_0:mu3e_lvds_controller_0|mu3e_lvds_controller_phy_adapter:core|mu3e_lvds_controller:u_core|stp_lane8_ctrl_q[6]" -section_id lvds_decoded
set_instance_assignment -name CONNECT_TO_SLD_NODE_ENTITY_PORT acq_trigger_in[53] -to "feb_system:u_feb_system|feb_system_v4:u_qsys|feb_system_v4_data_path_subsystem:data_path_subsystem|feb_system_v4_data_path_subsystem_mu3e_lvds_controller_0:mu3e_lvds_controller_0|mu3e_lvds_controller_phy_adapter:core|mu3e_lvds_controller:u_core|stp_lane8_ctrl_q[5]" -section_id lvds_decoded
set_instance_assignment -name CONNECT_TO_SLD_NODE_ENTITY_PORT acq_trigger_in[54] -to "feb_system:u_feb_system|feb_system_v4:u_qsys|feb_system_v4_data_path_subsystem:data_path_subsystem|feb_system_v4_data_path_subsystem_mu3e_lvds_controller_0:mu3e_lvds_controller_0|mu3e_lvds_controller_phy_adapter:core|mu3e_lvds_controller:u_core|stp_lane8_ctrl_q[4]" -section_id lvds_decoded
set_instance_assignment -name CONNECT_TO_SLD_NODE_ENTITY_PORT acq_trigger_in[55] -to "feb_system:u_feb_system|feb_system_v4:u_qsys|feb_system_v4_data_path_subsystem:data_path_subsystem|feb_system_v4_data_path_subsystem_mu3e_lvds_controller_0:mu3e_lvds_controller_0|mu3e_lvds_controller_phy_adapter:core|mu3e_lvds_controller:u_core|stp_lane8_ctrl_q[3]" -section_id lvds_decoded
set_instance_assignment -name CONNECT_TO_SLD_NODE_ENTITY_PORT acq_trigger_in[56] -to "feb_system:u_feb_system|feb_system_v4:u_qsys|feb_system_v4_data_path_subsystem:data_path_subsystem|feb_system_v4_data_path_subsystem_mu3e_lvds_controller_0:mu3e_lvds_controller_0|mu3e_lvds_controller_phy_adapter:core|mu3e_lvds_controller:u_core|stp_lane8_ctrl_q[2]" -section_id lvds_decoded
set_instance_assignment -name CONNECT_TO_SLD_NODE_ENTITY_PORT acq_trigger_in[57] -to "feb_system:u_feb_system|feb_system_v4:u_qsys|feb_system_v4_data_path_subsystem:data_path_subsystem|feb_system_v4_data_path_subsystem_mu3e_lvds_controller_0:mu3e_lvds_controller_0|mu3e_lvds_controller_phy_adapter:core|mu3e_lvds_controller:u_core|stp_lane8_ctrl_q[1]" -section_id lvds_decoded
set_instance_assignment -name CONNECT_TO_SLD_NODE_ENTITY_PORT acq_trigger_in[58] -to "feb_system:u_feb_system|feb_system_v4:u_qsys|feb_system_v4_data_path_subsystem:data_path_subsystem|feb_system_v4_data_path_subsystem_mu3e_lvds_controller_0:mu3e_lvds_controller_0|mu3e_lvds_controller_phy_adapter:core|mu3e_lvds_controller:u_core|stp_lane8_ctrl_q[0]" -section_id lvds_decoded
set_instance_assignment -name CONNECT_TO_SLD_NODE_ENTITY_PORT acq_trigger_in[59] -to "feb_system:u_feb_system|feb_system_v4:u_qsys|feb_system_v4_upload_subsystem:upload_subsystem|synclink_data[8]" -section_id lvds_decoded
set_instance_assignment -name CONNECT_TO_SLD_NODE_ENTITY_PORT acq_trigger_in[60] -to "feb_system:u_feb_system|feb_system_v4:u_qsys|feb_system_v4_upload_subsystem:upload_subsystem|synclink_data[7]" -section_id lvds_decoded
set_instance_assignment -name CONNECT_TO_SLD_NODE_ENTITY_PORT acq_trigger_in[61] -to "feb_system:u_feb_system|feb_system_v4:u_qsys|feb_system_v4_upload_subsystem:upload_subsystem|synclink_data[6]" -section_id lvds_decoded
set_instance_assignment -name CONNECT_TO_SLD_NODE_ENTITY_PORT acq_trigger_in[62] -to "feb_system:u_feb_system|feb_system_v4:u_qsys|feb_system_v4_upload_subsystem:upload_subsystem|synclink_data[5]" -section_id lvds_decoded
set_instance_assignment -name CONNECT_TO_SLD_NODE_ENTITY_PORT acq_trigger_in[63] -to "feb_system:u_feb_system|feb_system_v4:u_qsys|feb_system_v4_upload_subsystem:upload_subsystem|synclink_data[4]" -section_id lvds_decoded
set_instance_assignment -name CONNECT_TO_SLD_NODE_ENTITY_PORT acq_trigger_in[64] -to "feb_system:u_feb_system|feb_system_v4:u_qsys|feb_system_v4_upload_subsystem:upload_subsystem|synclink_data[3]" -section_id lvds_decoded
set_instance_assignment -name CONNECT_TO_SLD_NODE_ENTITY_PORT acq_trigger_in[65] -to "feb_system:u_feb_system|feb_system_v4:u_qsys|feb_system_v4_upload_subsystem:upload_subsystem|synclink_data[2]" -section_id lvds_decoded
set_instance_assignment -name CONNECT_TO_SLD_NODE_ENTITY_PORT acq_trigger_in[66] -to "feb_system:u_feb_system|feb_system_v4:u_qsys|feb_system_v4_upload_subsystem:upload_subsystem|synclink_data[1]" -section_id lvds_decoded
set_instance_assignment -name CONNECT_TO_SLD_NODE_ENTITY_PORT acq_trigger_in[67] -to "feb_system:u_feb_system|feb_system_v4:u_qsys|feb_system_v4_upload_subsystem:upload_subsystem|synclink_data[0]" -section_id lvds_decoded
set_instance_assignment -name CONNECT_TO_SLD_NODE_ENTITY_PORT acq_trigger_in[68] -to "feb_system:u_feb_system|feb_system_v4:u_qsys|feb_system_v4_upload_subsystem:upload_subsystem|synclink_error[2]" -section_id lvds_decoded
set_instance_assignment -name CONNECT_TO_SLD_NODE_ENTITY_PORT acq_trigger_in[69] -to "feb_system:u_feb_system|feb_system_v4:u_qsys|feb_system_v4_upload_subsystem:upload_subsystem|synclink_error[1]" -section_id lvds_decoded
set_instance_assignment -name CONNECT_TO_SLD_NODE_ENTITY_PORT acq_trigger_in[70] -to "feb_system:u_feb_system|feb_system_v4:u_qsys|feb_system_v4_upload_subsystem:upload_subsystem|synclink_error[0]" -section_id lvds_decoded
set_instance_assignment -name CONNECT_TO_SLD_NODE_ENTITY_PORT acq_trigger_in[71] -to "feb_system:u_feb_system|feb_system_v4:u_qsys|feb_system_v4_upload_subsystem:upload_subsystem|runctl_mgmt_host:runctl_mgmt_host_0|asi_synclink_data[8]" -section_id lvds_decoded
set_instance_assignment -name CONNECT_TO_SLD_NODE_ENTITY_PORT acq_trigger_in[72] -to "feb_system:u_feb_system|feb_system_v4:u_qsys|feb_system_v4_upload_subsystem:upload_subsystem|runctl_mgmt_host:runctl_mgmt_host_0|asi_synclink_data[7]" -section_id lvds_decoded
set_instance_assignment -name CONNECT_TO_SLD_NODE_ENTITY_PORT acq_trigger_in[73] -to "feb_system:u_feb_system|feb_system_v4:u_qsys|feb_system_v4_upload_subsystem:upload_subsystem|runctl_mgmt_host:runctl_mgmt_host_0|asi_synclink_data[6]" -section_id lvds_decoded
set_instance_assignment -name CONNECT_TO_SLD_NODE_ENTITY_PORT acq_trigger_in[74] -to "feb_system:u_feb_system|feb_system_v4:u_qsys|feb_system_v4_upload_subsystem:upload_subsystem|runctl_mgmt_host:runctl_mgmt_host_0|asi_synclink_data[5]" -section_id lvds_decoded
set_instance_assignment -name CONNECT_TO_SLD_NODE_ENTITY_PORT acq_trigger_in[75] -to "feb_system:u_feb_system|feb_system_v4:u_qsys|feb_system_v4_upload_subsystem:upload_subsystem|runctl_mgmt_host:runctl_mgmt_host_0|asi_synclink_data[4]" -section_id lvds_decoded
set_instance_assignment -name CONNECT_TO_SLD_NODE_ENTITY_PORT acq_trigger_in[76] -to "feb_system:u_feb_system|feb_system_v4:u_qsys|feb_system_v4_upload_subsystem:upload_subsystem|runctl_mgmt_host:runctl_mgmt_host_0|asi_synclink_data[3]" -section_id lvds_decoded
set_instance_assignment -name CONNECT_TO_SLD_NODE_ENTITY_PORT acq_trigger_in[77] -to "feb_system:u_feb_system|feb_system_v4:u_qsys|feb_system_v4_upload_subsystem:upload_subsystem|runctl_mgmt_host:runctl_mgmt_host_0|asi_synclink_data[2]" -section_id lvds_decoded
set_instance_assignment -name CONNECT_TO_SLD_NODE_ENTITY_PORT acq_trigger_in[78] -to "feb_system:u_feb_system|feb_system_v4:u_qsys|feb_system_v4_upload_subsystem:upload_subsystem|runctl_mgmt_host:runctl_mgmt_host_0|asi_synclink_data[1]" -section_id lvds_decoded
set_instance_assignment -name CONNECT_TO_SLD_NODE_ENTITY_PORT acq_trigger_in[79] -to "feb_system:u_feb_system|feb_system_v4:u_qsys|feb_system_v4_upload_subsystem:upload_subsystem|runctl_mgmt_host:runctl_mgmt_host_0|asi_synclink_data[0]" -section_id lvds_decoded
set_instance_assignment -name CONNECT_TO_SLD_NODE_ENTITY_PORT acq_trigger_in[80] -to "feb_system:u_feb_system|feb_system_v4:u_qsys|feb_system_v4_upload_subsystem:upload_subsystem|runctl_mgmt_host:runctl_mgmt_host_0|asi_synclink_error[2]" -section_id lvds_decoded
set_instance_assignment -name CONNECT_TO_SLD_NODE_ENTITY_PORT acq_trigger_in[81] -to "feb_system:u_feb_system|feb_system_v4:u_qsys|feb_system_v4_upload_subsystem:upload_subsystem|runctl_mgmt_host:runctl_mgmt_host_0|asi_synclink_error[1]" -section_id lvds_decoded
set_instance_assignment -name CONNECT_TO_SLD_NODE_ENTITY_PORT acq_trigger_in[82] -to "feb_system:u_feb_system|feb_system_v4:u_qsys|feb_system_v4_upload_subsystem:upload_subsystem|runctl_mgmt_host:runctl_mgmt_host_0|asi_synclink_error[0]" -section_id lvds_decoded
set_instance_assignment -name CONNECT_TO_SLD_NODE_ENTITY_PORT acq_trigger_in[83] -to "feb_system:u_feb_system|feb_system_v4:u_qsys|feb_system_v4_upload_subsystem:upload_subsystem|runctl_mgmt_host:runctl_mgmt_host_0|recv_state[7]" -section_id lvds_decoded
set_instance_assignment -name CONNECT_TO_SLD_NODE_ENTITY_PORT acq_trigger_in[84] -to "feb_system:u_feb_system|feb_system_v4:u_qsys|feb_system_v4_upload_subsystem:upload_subsystem|runctl_mgmt_host:runctl_mgmt_host_0|recv_state[6]" -section_id lvds_decoded
set_instance_assignment -name CONNECT_TO_SLD_NODE_ENTITY_PORT acq_trigger_in[85] -to "feb_system:u_feb_system|feb_system_v4:u_qsys|feb_system_v4_upload_subsystem:upload_subsystem|runctl_mgmt_host:runctl_mgmt_host_0|recv_state[5]" -section_id lvds_decoded
set_instance_assignment -name CONNECT_TO_SLD_NODE_ENTITY_PORT acq_trigger_in[86] -to "feb_system:u_feb_system|feb_system_v4:u_qsys|feb_system_v4_upload_subsystem:upload_subsystem|runctl_mgmt_host:runctl_mgmt_host_0|recv_state[4]" -section_id lvds_decoded
set_instance_assignment -name CONNECT_TO_SLD_NODE_ENTITY_PORT acq_trigger_in[87] -to "feb_system:u_feb_system|feb_system_v4:u_qsys|feb_system_v4_upload_subsystem:upload_subsystem|runctl_mgmt_host:runctl_mgmt_host_0|recv_state[3]" -section_id lvds_decoded
set_instance_assignment -name CONNECT_TO_SLD_NODE_ENTITY_PORT acq_trigger_in[88] -to "feb_system:u_feb_system|feb_system_v4:u_qsys|feb_system_v4_upload_subsystem:upload_subsystem|runctl_mgmt_host:runctl_mgmt_host_0|recv_state[2]" -section_id lvds_decoded
set_instance_assignment -name CONNECT_TO_SLD_NODE_ENTITY_PORT acq_trigger_in[89] -to "feb_system:u_feb_system|feb_system_v4:u_qsys|feb_system_v4_upload_subsystem:upload_subsystem|runctl_mgmt_host:runctl_mgmt_host_0|recv_state[1]" -section_id lvds_decoded
set_instance_assignment -name CONNECT_TO_SLD_NODE_ENTITY_PORT acq_trigger_in[90] -to "feb_system:u_feb_system|feb_system_v4:u_qsys|feb_system_v4_upload_subsystem:upload_subsystem|runctl_mgmt_host:runctl_mgmt_host_0|recv_state[0]" -section_id lvds_decoded
set_instance_assignment -name CONNECT_TO_SLD_NODE_ENTITY_PORT acq_trigger_in[91] -to "feb_system:u_feb_system|feb_system_v4:u_qsys|feb_system_v4_upload_subsystem:upload_subsystem|runctl_mgmt_host:runctl_mgmt_host_0|recv_run_command[7]" -section_id lvds_decoded
set_instance_assignment -name CONNECT_TO_SLD_NODE_ENTITY_PORT acq_trigger_in[92] -to "feb_system:u_feb_system|feb_system_v4:u_qsys|feb_system_v4_upload_subsystem:upload_subsystem|runctl_mgmt_host:runctl_mgmt_host_0|recv_run_command[6]" -section_id lvds_decoded
set_instance_assignment -name CONNECT_TO_SLD_NODE_ENTITY_PORT acq_trigger_in[93] -to "feb_system:u_feb_system|feb_system_v4:u_qsys|feb_system_v4_upload_subsystem:upload_subsystem|runctl_mgmt_host:runctl_mgmt_host_0|recv_run_command[5]" -section_id lvds_decoded
set_instance_assignment -name CONNECT_TO_SLD_NODE_ENTITY_PORT acq_trigger_in[94] -to "feb_system:u_feb_system|feb_system_v4:u_qsys|feb_system_v4_upload_subsystem:upload_subsystem|runctl_mgmt_host:runctl_mgmt_host_0|recv_run_command[4]" -section_id lvds_decoded
set_instance_assignment -name CONNECT_TO_SLD_NODE_ENTITY_PORT acq_trigger_in[95] -to "feb_system:u_feb_system|feb_system_v4:u_qsys|feb_system_v4_upload_subsystem:upload_subsystem|runctl_mgmt_host:runctl_mgmt_host_0|recv_run_command[3]" -section_id lvds_decoded
set_instance_assignment -name CONNECT_TO_SLD_NODE_ENTITY_PORT acq_trigger_in[96] -to "feb_system:u_feb_system|feb_system_v4:u_qsys|feb_system_v4_upload_subsystem:upload_subsystem|runctl_mgmt_host:runctl_mgmt_host_0|recv_run_command[2]" -section_id lvds_decoded
set_instance_assignment -name CONNECT_TO_SLD_NODE_ENTITY_PORT acq_trigger_in[97] -to "feb_system:u_feb_system|feb_system_v4:u_qsys|feb_system_v4_upload_subsystem:upload_subsystem|runctl_mgmt_host:runctl_mgmt_host_0|recv_run_command[1]" -section_id lvds_decoded
set_instance_assignment -name CONNECT_TO_SLD_NODE_ENTITY_PORT acq_trigger_in[98] -to "feb_system:u_feb_system|feb_system_v4:u_qsys|feb_system_v4_upload_subsystem:upload_subsystem|runctl_mgmt_host:runctl_mgmt_host_0|recv_run_command[0]" -section_id lvds_decoded
set_instance_assignment -name CONNECT_TO_SLD_NODE_ENTITY_PORT acq_trigger_in[99] -to "feb_system:u_feb_system|feb_system_v4:u_qsys|feb_system_v4_upload_subsystem:upload_subsystem|runctl_mgmt_host:runctl_mgmt_host_0|synclink_idle_armed" -section_id lvds_decoded
set_instance_assignment -name CONNECT_TO_SLD_NODE_ENTITY_PORT acq_trigger_in[100] -to "feb_system:u_feb_system|feb_system_v4:u_qsys|feb_system_v4_upload_subsystem:upload_subsystem|runctl_mgmt_host:runctl_mgmt_host_0|ev_rx_error" -section_id lvds_decoded
set_instance_assignment -name CONNECT_TO_SLD_NODE_ENTITY_PORT acq_trigger_in[101] -to "feb_system:u_feb_system|feb_system_v4:u_qsys|feb_system_v4_upload_subsystem:upload_subsystem|runctl_mgmt_host:runctl_mgmt_host_0|pipe_r2h_start" -section_id lvds_decoded
set_instance_assignment -name CONNECT_TO_SLD_NODE_ENTITY_PORT acq_trigger_in[102] -to "feb_system:u_feb_system|feb_system_v4:u_qsys|feb_system_v4_upload_subsystem:upload_subsystem|runctl_mgmt_host:runctl_mgmt_host_0|pipe_r2h_done" -section_id lvds_decoded
set_instance_assignment -name CONNECT_TO_SLD_NODE_ENTITY_PORT acq_trigger_in[103] -to "feb_system:u_feb_system|feb_system_v4:u_qsys|feb_system_v4_upload_subsystem:upload_subsystem|runctl_mgmt_host:runctl_mgmt_host_0|aso_runctl_valid" -section_id lvds_decoded
set_instance_assignment -name CONNECT_TO_SLD_NODE_ENTITY_PORT acq_trigger_in[104] -to "feb_system:u_feb_system|feb_system_v4:u_qsys|feb_system_v4_upload_subsystem:upload_subsystem|runctl_mgmt_host:runctl_mgmt_host_0|aso_runctl_data[8]" -section_id lvds_decoded
set_instance_assignment -name CONNECT_TO_SLD_NODE_ENTITY_PORT acq_trigger_in[105] -to "feb_system:u_feb_system|feb_system_v4:u_qsys|feb_system_v4_upload_subsystem:upload_subsystem|runctl_mgmt_host:runctl_mgmt_host_0|aso_runctl_data[7]" -section_id lvds_decoded
set_instance_assignment -name CONNECT_TO_SLD_NODE_ENTITY_PORT acq_trigger_in[106] -to "feb_system:u_feb_system|feb_system_v4:u_qsys|feb_system_v4_upload_subsystem:upload_subsystem|runctl_mgmt_host:runctl_mgmt_host_0|aso_runctl_data[6]" -section_id lvds_decoded
set_instance_assignment -name CONNECT_TO_SLD_NODE_ENTITY_PORT acq_trigger_in[107] -to "feb_system:u_feb_system|feb_system_v4:u_qsys|feb_system_v4_upload_subsystem:upload_subsystem|runctl_mgmt_host:runctl_mgmt_host_0|aso_runctl_data[5]" -section_id lvds_decoded
set_instance_assignment -name CONNECT_TO_SLD_NODE_ENTITY_PORT acq_trigger_in[108] -to "feb_system:u_feb_system|feb_system_v4:u_qsys|feb_system_v4_upload_subsystem:upload_subsystem|runctl_mgmt_host:runctl_mgmt_host_0|aso_runctl_data[4]" -section_id lvds_decoded
set_instance_assignment -name CONNECT_TO_SLD_NODE_ENTITY_PORT acq_trigger_in[109] -to "feb_system:u_feb_system|feb_system_v4:u_qsys|feb_system_v4_upload_subsystem:upload_subsystem|runctl_mgmt_host:runctl_mgmt_host_0|aso_runctl_data[3]" -section_id lvds_decoded
set_instance_assignment -name CONNECT_TO_SLD_NODE_ENTITY_PORT acq_trigger_in[110] -to "feb_system:u_feb_system|feb_system_v4:u_qsys|feb_system_v4_upload_subsystem:upload_subsystem|runctl_mgmt_host:runctl_mgmt_host_0|aso_runctl_data[2]" -section_id lvds_decoded
set_instance_assignment -name CONNECT_TO_SLD_NODE_ENTITY_PORT acq_trigger_in[111] -to "feb_system:u_feb_system|feb_system_v4:u_qsys|feb_system_v4_upload_subsystem:upload_subsystem|runctl_mgmt_host:runctl_mgmt_host_0|aso_runctl_data[1]" -section_id lvds_decoded
set_instance_assignment -name CONNECT_TO_SLD_NODE_ENTITY_PORT acq_trigger_in[112] -to "feb_system:u_feb_system|feb_system_v4:u_qsys|feb_system_v4_upload_subsystem:upload_subsystem|runctl_mgmt_host:runctl_mgmt_host_0|aso_runctl_data[0]" -section_id lvds_decoded
set_instance_assignment -name CONNECT_TO_SLD_NODE_ENTITY_PORT acq_trigger_in[113] -to "feb_system:u_feb_system|feb_system_v4:u_qsys|feb_system_v4_upload_subsystem:upload_subsystem|runctl_mgmt_host:runctl_mgmt_host_0|host_state[7]" -section_id lvds_decoded
set_instance_assignment -name CONNECT_TO_SLD_NODE_ENTITY_PORT acq_trigger_in[114] -to "feb_system:u_feb_system|feb_system_v4:u_qsys|feb_system_v4_upload_subsystem:upload_subsystem|runctl_mgmt_host:runctl_mgmt_host_0|host_state[6]" -section_id lvds_decoded
set_instance_assignment -name CONNECT_TO_SLD_NODE_ENTITY_PORT acq_trigger_in[115] -to "feb_system:u_feb_system|feb_system_v4:u_qsys|feb_system_v4_upload_subsystem:upload_subsystem|runctl_mgmt_host:runctl_mgmt_host_0|host_state[5]" -section_id lvds_decoded
set_instance_assignment -name CONNECT_TO_SLD_NODE_ENTITY_PORT acq_trigger_in[116] -to "feb_system:u_feb_system|feb_system_v4:u_qsys|feb_system_v4_upload_subsystem:upload_subsystem|runctl_mgmt_host:runctl_mgmt_host_0|host_state[4]" -section_id lvds_decoded
set_instance_assignment -name CONNECT_TO_SLD_NODE_ENTITY_PORT acq_trigger_in[117] -to "feb_system:u_feb_system|feb_system_v4:u_qsys|feb_system_v4_upload_subsystem:upload_subsystem|runctl_mgmt_host:runctl_mgmt_host_0|host_state[3]" -section_id lvds_decoded
set_instance_assignment -name CONNECT_TO_SLD_NODE_ENTITY_PORT acq_trigger_in[118] -to "feb_system:u_feb_system|feb_system_v4:u_qsys|feb_system_v4_upload_subsystem:upload_subsystem|runctl_mgmt_host:runctl_mgmt_host_0|host_state[2]" -section_id lvds_decoded
set_instance_assignment -name CONNECT_TO_SLD_NODE_ENTITY_PORT acq_trigger_in[119] -to "feb_system:u_feb_system|feb_system_v4:u_qsys|feb_system_v4_upload_subsystem:upload_subsystem|runctl_mgmt_host:runctl_mgmt_host_0|host_state[1]" -section_id lvds_decoded
set_instance_assignment -name CONNECT_TO_SLD_NODE_ENTITY_PORT acq_trigger_in[120] -to "feb_system:u_feb_system|feb_system_v4:u_qsys|feb_system_v4_upload_subsystem:upload_subsystem|runctl_mgmt_host:runctl_mgmt_host_0|host_state[0]" -section_id lvds_decoded
set_instance_assignment -name CONNECT_TO_SLD_NODE_ENTITY_PORT acq_data_in[0] -to "feb_system:u_feb_system|feb_system_v4:u_qsys|feb_system_v4_data_path_subsystem:data_path_subsystem|feb_system_v4_data_path_subsystem_mu3e_lvds_controller_0:mu3e_lvds_controller_0|mu3e_lvds_controller_phy_adapter:core|mu3e_lvds_controller:u_core|coe_parallel_data[89]" -section_id lvds_decoded
set_instance_assignment -name CONNECT_TO_SLD_NODE_ENTITY_PORT acq_data_in[1] -to "feb_system:u_feb_system|feb_system_v4:u_qsys|feb_system_v4_data_path_subsystem:data_path_subsystem|feb_system_v4_data_path_subsystem_mu3e_lvds_controller_0:mu3e_lvds_controller_0|mu3e_lvds_controller_phy_adapter:core|mu3e_lvds_controller:u_core|coe_parallel_data[88]" -section_id lvds_decoded
set_instance_assignment -name CONNECT_TO_SLD_NODE_ENTITY_PORT acq_data_in[2] -to "feb_system:u_feb_system|feb_system_v4:u_qsys|feb_system_v4_data_path_subsystem:data_path_subsystem|feb_system_v4_data_path_subsystem_mu3e_lvds_controller_0:mu3e_lvds_controller_0|mu3e_lvds_controller_phy_adapter:core|mu3e_lvds_controller:u_core|coe_parallel_data[87]" -section_id lvds_decoded
set_instance_assignment -name CONNECT_TO_SLD_NODE_ENTITY_PORT acq_data_in[3] -to "feb_system:u_feb_system|feb_system_v4:u_qsys|feb_system_v4_data_path_subsystem:data_path_subsystem|feb_system_v4_data_path_subsystem_mu3e_lvds_controller_0:mu3e_lvds_controller_0|mu3e_lvds_controller_phy_adapter:core|mu3e_lvds_controller:u_core|coe_parallel_data[86]" -section_id lvds_decoded
set_instance_assignment -name CONNECT_TO_SLD_NODE_ENTITY_PORT acq_data_in[4] -to "feb_system:u_feb_system|feb_system_v4:u_qsys|feb_system_v4_data_path_subsystem:data_path_subsystem|feb_system_v4_data_path_subsystem_mu3e_lvds_controller_0:mu3e_lvds_controller_0|mu3e_lvds_controller_phy_adapter:core|mu3e_lvds_controller:u_core|coe_parallel_data[85]" -section_id lvds_decoded
set_instance_assignment -name CONNECT_TO_SLD_NODE_ENTITY_PORT acq_data_in[5] -to "feb_system:u_feb_system|feb_system_v4:u_qsys|feb_system_v4_data_path_subsystem:data_path_subsystem|feb_system_v4_data_path_subsystem_mu3e_lvds_controller_0:mu3e_lvds_controller_0|mu3e_lvds_controller_phy_adapter:core|mu3e_lvds_controller:u_core|coe_parallel_data[84]" -section_id lvds_decoded
set_instance_assignment -name CONNECT_TO_SLD_NODE_ENTITY_PORT acq_data_in[6] -to "feb_system:u_feb_system|feb_system_v4:u_qsys|feb_system_v4_data_path_subsystem:data_path_subsystem|feb_system_v4_data_path_subsystem_mu3e_lvds_controller_0:mu3e_lvds_controller_0|mu3e_lvds_controller_phy_adapter:core|mu3e_lvds_controller:u_core|coe_parallel_data[83]" -section_id lvds_decoded
set_instance_assignment -name CONNECT_TO_SLD_NODE_ENTITY_PORT acq_data_in[7] -to "feb_system:u_feb_system|feb_system_v4:u_qsys|feb_system_v4_data_path_subsystem:data_path_subsystem|feb_system_v4_data_path_subsystem_mu3e_lvds_controller_0:mu3e_lvds_controller_0|mu3e_lvds_controller_phy_adapter:core|mu3e_lvds_controller:u_core|coe_parallel_data[82]" -section_id lvds_decoded
set_instance_assignment -name CONNECT_TO_SLD_NODE_ENTITY_PORT acq_data_in[8] -to "feb_system:u_feb_system|feb_system_v4:u_qsys|feb_system_v4_data_path_subsystem:data_path_subsystem|feb_system_v4_data_path_subsystem_mu3e_lvds_controller_0:mu3e_lvds_controller_0|mu3e_lvds_controller_phy_adapter:core|mu3e_lvds_controller:u_core|coe_parallel_data[81]" -section_id lvds_decoded
set_instance_assignment -name CONNECT_TO_SLD_NODE_ENTITY_PORT acq_data_in[9] -to "feb_system:u_feb_system|feb_system_v4:u_qsys|feb_system_v4_data_path_subsystem:data_path_subsystem|feb_system_v4_data_path_subsystem_mu3e_lvds_controller_0:mu3e_lvds_controller_0|mu3e_lvds_controller_phy_adapter:core|mu3e_lvds_controller:u_core|coe_parallel_data[80]" -section_id lvds_decoded
set_instance_assignment -name CONNECT_TO_SLD_NODE_ENTITY_PORT acq_data_in[10] -to "feb_system:u_feb_system|feb_system_v4:u_qsys|feb_system_v4_data_path_subsystem:data_path_subsystem|feb_system_v4_data_path_subsystem_mu3e_lvds_controller_0:mu3e_lvds_controller_0|mu3e_lvds_controller_phy_adapter:core|mu3e_lvds_controller:u_core|stp_lane8_symbol_q[9]" -section_id lvds_decoded
set_instance_assignment -name CONNECT_TO_SLD_NODE_ENTITY_PORT acq_data_in[11] -to "feb_system:u_feb_system|feb_system_v4:u_qsys|feb_system_v4_data_path_subsystem:data_path_subsystem|feb_system_v4_data_path_subsystem_mu3e_lvds_controller_0:mu3e_lvds_controller_0|mu3e_lvds_controller_phy_adapter:core|mu3e_lvds_controller:u_core|stp_lane8_symbol_q[8]" -section_id lvds_decoded
set_instance_assignment -name CONNECT_TO_SLD_NODE_ENTITY_PORT acq_data_in[12] -to "feb_system:u_feb_system|feb_system_v4:u_qsys|feb_system_v4_data_path_subsystem:data_path_subsystem|feb_system_v4_data_path_subsystem_mu3e_lvds_controller_0:mu3e_lvds_controller_0|mu3e_lvds_controller_phy_adapter:core|mu3e_lvds_controller:u_core|stp_lane8_symbol_q[7]" -section_id lvds_decoded
set_instance_assignment -name CONNECT_TO_SLD_NODE_ENTITY_PORT acq_data_in[13] -to "feb_system:u_feb_system|feb_system_v4:u_qsys|feb_system_v4_data_path_subsystem:data_path_subsystem|feb_system_v4_data_path_subsystem_mu3e_lvds_controller_0:mu3e_lvds_controller_0|mu3e_lvds_controller_phy_adapter:core|mu3e_lvds_controller:u_core|stp_lane8_symbol_q[6]" -section_id lvds_decoded
set_instance_assignment -name CONNECT_TO_SLD_NODE_ENTITY_PORT acq_data_in[14] -to "feb_system:u_feb_system|feb_system_v4:u_qsys|feb_system_v4_data_path_subsystem:data_path_subsystem|feb_system_v4_data_path_subsystem_mu3e_lvds_controller_0:mu3e_lvds_controller_0|mu3e_lvds_controller_phy_adapter:core|mu3e_lvds_controller:u_core|stp_lane8_symbol_q[5]" -section_id lvds_decoded
set_instance_assignment -name CONNECT_TO_SLD_NODE_ENTITY_PORT acq_data_in[15] -to "feb_system:u_feb_system|feb_system_v4:u_qsys|feb_system_v4_data_path_subsystem:data_path_subsystem|feb_system_v4_data_path_subsystem_mu3e_lvds_controller_0:mu3e_lvds_controller_0|mu3e_lvds_controller_phy_adapter:core|mu3e_lvds_controller:u_core|stp_lane8_symbol_q[4]" -section_id lvds_decoded
set_instance_assignment -name CONNECT_TO_SLD_NODE_ENTITY_PORT acq_data_in[16] -to "feb_system:u_feb_system|feb_system_v4:u_qsys|feb_system_v4_data_path_subsystem:data_path_subsystem|feb_system_v4_data_path_subsystem_mu3e_lvds_controller_0:mu3e_lvds_controller_0|mu3e_lvds_controller_phy_adapter:core|mu3e_lvds_controller:u_core|stp_lane8_symbol_q[3]" -section_id lvds_decoded
set_instance_assignment -name CONNECT_TO_SLD_NODE_ENTITY_PORT acq_data_in[17] -to "feb_system:u_feb_system|feb_system_v4:u_qsys|feb_system_v4_data_path_subsystem:data_path_subsystem|feb_system_v4_data_path_subsystem_mu3e_lvds_controller_0:mu3e_lvds_controller_0|mu3e_lvds_controller_phy_adapter:core|mu3e_lvds_controller:u_core|stp_lane8_symbol_q[2]" -section_id lvds_decoded
set_instance_assignment -name CONNECT_TO_SLD_NODE_ENTITY_PORT acq_data_in[18] -to "feb_system:u_feb_system|feb_system_v4:u_qsys|feb_system_v4_data_path_subsystem:data_path_subsystem|feb_system_v4_data_path_subsystem_mu3e_lvds_controller_0:mu3e_lvds_controller_0|mu3e_lvds_controller_phy_adapter:core|mu3e_lvds_controller:u_core|stp_lane8_symbol_q[1]" -section_id lvds_decoded
set_instance_assignment -name CONNECT_TO_SLD_NODE_ENTITY_PORT acq_data_in[19] -to "feb_system:u_feb_system|feb_system_v4:u_qsys|feb_system_v4_data_path_subsystem:data_path_subsystem|feb_system_v4_data_path_subsystem_mu3e_lvds_controller_0:mu3e_lvds_controller_0|mu3e_lvds_controller_phy_adapter:core|mu3e_lvds_controller:u_core|stp_lane8_symbol_q[0]" -section_id lvds_decoded
set_instance_assignment -name CONNECT_TO_SLD_NODE_ENTITY_PORT acq_data_in[20] -to "feb_system:u_feb_system|feb_system_v4:u_qsys|feb_system_v4_data_path_subsystem:data_path_subsystem|feb_system_v4_data_path_subsystem_mu3e_lvds_controller_0:mu3e_lvds_controller_0|mu3e_lvds_controller_phy_adapter:core|mu3e_lvds_controller:u_core|rx_bitrev_data_d2[8]" -section_id lvds_decoded
set_instance_assignment -name CONNECT_TO_SLD_NODE_ENTITY_PORT acq_data_in[21] -to "feb_system:u_feb_system|feb_system_v4:u_qsys|feb_system_v4_data_path_subsystem:data_path_subsystem|feb_system_v4_data_path_subsystem_mu3e_lvds_controller_0:mu3e_lvds_controller_0|mu3e_lvds_controller_phy_adapter:core|mu3e_lvds_controller:u_core|stp_decoded_valid_q[8]" -section_id lvds_decoded
set_instance_assignment -name CONNECT_TO_SLD_NODE_ENTITY_PORT acq_data_in[22] -to "feb_system:u_feb_system|feb_system_v4:u_qsys|feb_system_v4_data_path_subsystem:data_path_subsystem|feb_system_v4_data_path_subsystem_mu3e_lvds_controller_0:mu3e_lvds_controller_0|mu3e_lvds_controller_phy_adapter:core|mu3e_lvds_controller:u_core|stp_decoded_data_q[8][8]" -section_id lvds_decoded
set_instance_assignment -name CONNECT_TO_SLD_NODE_ENTITY_PORT acq_data_in[23] -to "feb_system:u_feb_system|feb_system_v4:u_qsys|feb_system_v4_data_path_subsystem:data_path_subsystem|feb_system_v4_data_path_subsystem_mu3e_lvds_controller_0:mu3e_lvds_controller_0|mu3e_lvds_controller_phy_adapter:core|mu3e_lvds_controller:u_core|stp_decoded_data_q[8][7]" -section_id lvds_decoded
set_instance_assignment -name CONNECT_TO_SLD_NODE_ENTITY_PORT acq_data_in[24] -to "feb_system:u_feb_system|feb_system_v4:u_qsys|feb_system_v4_data_path_subsystem:data_path_subsystem|feb_system_v4_data_path_subsystem_mu3e_lvds_controller_0:mu3e_lvds_controller_0|mu3e_lvds_controller_phy_adapter:core|mu3e_lvds_controller:u_core|stp_decoded_data_q[8][6]" -section_id lvds_decoded
set_instance_assignment -name CONNECT_TO_SLD_NODE_ENTITY_PORT acq_data_in[25] -to "feb_system:u_feb_system|feb_system_v4:u_qsys|feb_system_v4_data_path_subsystem:data_path_subsystem|feb_system_v4_data_path_subsystem_mu3e_lvds_controller_0:mu3e_lvds_controller_0|mu3e_lvds_controller_phy_adapter:core|mu3e_lvds_controller:u_core|stp_decoded_data_q[8][5]" -section_id lvds_decoded
set_instance_assignment -name CONNECT_TO_SLD_NODE_ENTITY_PORT acq_data_in[26] -to "feb_system:u_feb_system|feb_system_v4:u_qsys|feb_system_v4_data_path_subsystem:data_path_subsystem|feb_system_v4_data_path_subsystem_mu3e_lvds_controller_0:mu3e_lvds_controller_0|mu3e_lvds_controller_phy_adapter:core|mu3e_lvds_controller:u_core|stp_decoded_data_q[8][4]" -section_id lvds_decoded
set_instance_assignment -name CONNECT_TO_SLD_NODE_ENTITY_PORT acq_data_in[27] -to "feb_system:u_feb_system|feb_system_v4:u_qsys|feb_system_v4_data_path_subsystem:data_path_subsystem|feb_system_v4_data_path_subsystem_mu3e_lvds_controller_0:mu3e_lvds_controller_0|mu3e_lvds_controller_phy_adapter:core|mu3e_lvds_controller:u_core|stp_decoded_data_q[8][3]" -section_id lvds_decoded
set_instance_assignment -name CONNECT_TO_SLD_NODE_ENTITY_PORT acq_data_in[28] -to "feb_system:u_feb_system|feb_system_v4:u_qsys|feb_system_v4_data_path_subsystem:data_path_subsystem|feb_system_v4_data_path_subsystem_mu3e_lvds_controller_0:mu3e_lvds_controller_0|mu3e_lvds_controller_phy_adapter:core|mu3e_lvds_controller:u_core|stp_decoded_data_q[8][2]" -section_id lvds_decoded
set_instance_assignment -name CONNECT_TO_SLD_NODE_ENTITY_PORT acq_data_in[29] -to "feb_system:u_feb_system|feb_system_v4:u_qsys|feb_system_v4_data_path_subsystem:data_path_subsystem|feb_system_v4_data_path_subsystem_mu3e_lvds_controller_0:mu3e_lvds_controller_0|mu3e_lvds_controller_phy_adapter:core|mu3e_lvds_controller:u_core|stp_decoded_data_q[8][1]" -section_id lvds_decoded
set_instance_assignment -name CONNECT_TO_SLD_NODE_ENTITY_PORT acq_data_in[30] -to "feb_system:u_feb_system|feb_system_v4:u_qsys|feb_system_v4_data_path_subsystem:data_path_subsystem|feb_system_v4_data_path_subsystem_mu3e_lvds_controller_0:mu3e_lvds_controller_0|mu3e_lvds_controller_phy_adapter:core|mu3e_lvds_controller:u_core|stp_decoded_data_q[8][0]" -section_id lvds_decoded
set_instance_assignment -name CONNECT_TO_SLD_NODE_ENTITY_PORT acq_data_in[31] -to "feb_system:u_feb_system|feb_system_v4:u_qsys|feb_system_v4_data_path_subsystem:data_path_subsystem|feb_system_v4_data_path_subsystem_mu3e_lvds_controller_0:mu3e_lvds_controller_0|mu3e_lvds_controller_phy_adapter:core|mu3e_lvds_controller:u_core|stp_decoded_error_q[8][2]" -section_id lvds_decoded
set_instance_assignment -name CONNECT_TO_SLD_NODE_ENTITY_PORT acq_data_in[32] -to "feb_system:u_feb_system|feb_system_v4:u_qsys|feb_system_v4_data_path_subsystem:data_path_subsystem|feb_system_v4_data_path_subsystem_mu3e_lvds_controller_0:mu3e_lvds_controller_0|mu3e_lvds_controller_phy_adapter:core|mu3e_lvds_controller:u_core|stp_decoded_error_q[8][1]" -section_id lvds_decoded
set_instance_assignment -name CONNECT_TO_SLD_NODE_ENTITY_PORT acq_data_in[33] -to "feb_system:u_feb_system|feb_system_v4:u_qsys|feb_system_v4_data_path_subsystem:data_path_subsystem|feb_system_v4_data_path_subsystem_mu3e_lvds_controller_0:mu3e_lvds_controller_0|mu3e_lvds_controller_phy_adapter:core|mu3e_lvds_controller:u_core|stp_decoded_error_q[8][0]" -section_id lvds_decoded
set_instance_assignment -name CONNECT_TO_SLD_NODE_ENTITY_PORT acq_data_in[34] -to "feb_system:u_feb_system|feb_system_v4:u_qsys|feb_system_v4_data_path_subsystem:data_path_subsystem|feb_system_v4_data_path_subsystem_mu3e_lvds_controller_0:mu3e_lvds_controller_0|mu3e_lvds_controller_phy_adapter:core|mu3e_lvds_controller:u_core|stp_decoded_channel_q[8][3]" -section_id lvds_decoded
set_instance_assignment -name CONNECT_TO_SLD_NODE_ENTITY_PORT acq_data_in[35] -to "feb_system:u_feb_system|feb_system_v4:u_qsys|feb_system_v4_data_path_subsystem:data_path_subsystem|feb_system_v4_data_path_subsystem_mu3e_lvds_controller_0:mu3e_lvds_controller_0|mu3e_lvds_controller_phy_adapter:core|mu3e_lvds_controller:u_core|stp_decoded_channel_q[8][2]" -section_id lvds_decoded
set_instance_assignment -name CONNECT_TO_SLD_NODE_ENTITY_PORT acq_data_in[36] -to "feb_system:u_feb_system|feb_system_v4:u_qsys|feb_system_v4_data_path_subsystem:data_path_subsystem|feb_system_v4_data_path_subsystem_mu3e_lvds_controller_0:mu3e_lvds_controller_0|mu3e_lvds_controller_phy_adapter:core|mu3e_lvds_controller:u_core|stp_decoded_channel_q[8][1]" -section_id lvds_decoded
set_instance_assignment -name CONNECT_TO_SLD_NODE_ENTITY_PORT acq_data_in[37] -to "feb_system:u_feb_system|feb_system_v4:u_qsys|feb_system_v4_data_path_subsystem:data_path_subsystem|feb_system_v4_data_path_subsystem_mu3e_lvds_controller_0:mu3e_lvds_controller_0|mu3e_lvds_controller_phy_adapter:core|mu3e_lvds_controller:u_core|stp_decoded_channel_q[8][0]" -section_id lvds_decoded
set_instance_assignment -name CONNECT_TO_SLD_NODE_ENTITY_PORT acq_data_in[38] -to "feb_system:u_feb_system|feb_system_v4:u_qsys|feb_system_v4_data_path_subsystem:data_path_subsystem|feb_system_v4_data_path_subsystem_mu3e_lvds_controller_0:mu3e_lvds_controller_0|mu3e_lvds_controller_phy_adapter:core|mu3e_lvds_controller:u_core|stp_lane8_train_state_q[3]" -section_id lvds_decoded
set_instance_assignment -name CONNECT_TO_SLD_NODE_ENTITY_PORT acq_data_in[39] -to "feb_system:u_feb_system|feb_system_v4:u_qsys|feb_system_v4_data_path_subsystem:data_path_subsystem|feb_system_v4_data_path_subsystem_mu3e_lvds_controller_0:mu3e_lvds_controller_0|mu3e_lvds_controller_phy_adapter:core|mu3e_lvds_controller:u_core|stp_lane8_train_state_q[2]" -section_id lvds_decoded
set_instance_assignment -name CONNECT_TO_SLD_NODE_ENTITY_PORT acq_data_in[40] -to "feb_system:u_feb_system|feb_system_v4:u_qsys|feb_system_v4_data_path_subsystem:data_path_subsystem|feb_system_v4_data_path_subsystem_mu3e_lvds_controller_0:mu3e_lvds_controller_0|mu3e_lvds_controller_phy_adapter:core|mu3e_lvds_controller:u_core|stp_lane8_train_state_q[1]" -section_id lvds_decoded
set_instance_assignment -name CONNECT_TO_SLD_NODE_ENTITY_PORT acq_data_in[41] -to "feb_system:u_feb_system|feb_system_v4:u_qsys|feb_system_v4_data_path_subsystem:data_path_subsystem|feb_system_v4_data_path_subsystem_mu3e_lvds_controller_0:mu3e_lvds_controller_0|mu3e_lvds_controller_phy_adapter:core|mu3e_lvds_controller:u_core|stp_lane8_train_state_q[0]" -section_id lvds_decoded
set_instance_assignment -name CONNECT_TO_SLD_NODE_ENTITY_PORT acq_data_in[42] -to "feb_system:u_feb_system|feb_system_v4:u_qsys|feb_system_v4_data_path_subsystem:data_path_subsystem|feb_system_v4_data_path_subsystem_mu3e_lvds_controller_0:mu3e_lvds_controller_0|mu3e_lvds_controller_phy_adapter:core|mu3e_lvds_controller:u_core|stp_lane8_good_count_q[7]" -section_id lvds_decoded
set_instance_assignment -name CONNECT_TO_SLD_NODE_ENTITY_PORT acq_data_in[43] -to "feb_system:u_feb_system|feb_system_v4:u_qsys|feb_system_v4_data_path_subsystem:data_path_subsystem|feb_system_v4_data_path_subsystem_mu3e_lvds_controller_0:mu3e_lvds_controller_0|mu3e_lvds_controller_phy_adapter:core|mu3e_lvds_controller:u_core|stp_lane8_good_count_q[6]" -section_id lvds_decoded
set_instance_assignment -name CONNECT_TO_SLD_NODE_ENTITY_PORT acq_data_in[44] -to "feb_system:u_feb_system|feb_system_v4:u_qsys|feb_system_v4_data_path_subsystem:data_path_subsystem|feb_system_v4_data_path_subsystem_mu3e_lvds_controller_0:mu3e_lvds_controller_0|mu3e_lvds_controller_phy_adapter:core|mu3e_lvds_controller:u_core|stp_lane8_good_count_q[5]" -section_id lvds_decoded
set_instance_assignment -name CONNECT_TO_SLD_NODE_ENTITY_PORT acq_data_in[45] -to "feb_system:u_feb_system|feb_system_v4:u_qsys|feb_system_v4_data_path_subsystem:data_path_subsystem|feb_system_v4_data_path_subsystem_mu3e_lvds_controller_0:mu3e_lvds_controller_0|mu3e_lvds_controller_phy_adapter:core|mu3e_lvds_controller:u_core|stp_lane8_good_count_q[4]" -section_id lvds_decoded
set_instance_assignment -name CONNECT_TO_SLD_NODE_ENTITY_PORT acq_data_in[46] -to "feb_system:u_feb_system|feb_system_v4:u_qsys|feb_system_v4_data_path_subsystem:data_path_subsystem|feb_system_v4_data_path_subsystem_mu3e_lvds_controller_0:mu3e_lvds_controller_0|mu3e_lvds_controller_phy_adapter:core|mu3e_lvds_controller:u_core|stp_lane8_good_count_q[3]" -section_id lvds_decoded
set_instance_assignment -name CONNECT_TO_SLD_NODE_ENTITY_PORT acq_data_in[47] -to "feb_system:u_feb_system|feb_system_v4:u_qsys|feb_system_v4_data_path_subsystem:data_path_subsystem|feb_system_v4_data_path_subsystem_mu3e_lvds_controller_0:mu3e_lvds_controller_0|mu3e_lvds_controller_phy_adapter:core|mu3e_lvds_controller:u_core|stp_lane8_good_count_q[2]" -section_id lvds_decoded
set_instance_assignment -name CONNECT_TO_SLD_NODE_ENTITY_PORT acq_data_in[48] -to "feb_system:u_feb_system|feb_system_v4:u_qsys|feb_system_v4_data_path_subsystem:data_path_subsystem|feb_system_v4_data_path_subsystem_mu3e_lvds_controller_0:mu3e_lvds_controller_0|mu3e_lvds_controller_phy_adapter:core|mu3e_lvds_controller:u_core|stp_lane8_good_count_q[1]" -section_id lvds_decoded
set_instance_assignment -name CONNECT_TO_SLD_NODE_ENTITY_PORT acq_data_in[49] -to "feb_system:u_feb_system|feb_system_v4:u_qsys|feb_system_v4_data_path_subsystem:data_path_subsystem|feb_system_v4_data_path_subsystem_mu3e_lvds_controller_0:mu3e_lvds_controller_0|mu3e_lvds_controller_phy_adapter:core|mu3e_lvds_controller:u_core|stp_lane8_good_count_q[0]" -section_id lvds_decoded
set_instance_assignment -name CONNECT_TO_SLD_NODE_ENTITY_PORT acq_data_in[50] -to "feb_system:u_feb_system|feb_system_v4:u_qsys|feb_system_v4_data_path_subsystem:data_path_subsystem|feb_system_v4_data_path_subsystem_mu3e_lvds_controller_0:mu3e_lvds_controller_0|mu3e_lvds_controller_phy_adapter:core|mu3e_lvds_controller:u_core|stp_lane8_ctrl_q[8]" -section_id lvds_decoded
set_instance_assignment -name CONNECT_TO_SLD_NODE_ENTITY_PORT acq_data_in[51] -to "feb_system:u_feb_system|feb_system_v4:u_qsys|feb_system_v4_data_path_subsystem:data_path_subsystem|feb_system_v4_data_path_subsystem_mu3e_lvds_controller_0:mu3e_lvds_controller_0|mu3e_lvds_controller_phy_adapter:core|mu3e_lvds_controller:u_core|stp_lane8_ctrl_q[7]" -section_id lvds_decoded
set_instance_assignment -name CONNECT_TO_SLD_NODE_ENTITY_PORT acq_data_in[52] -to "feb_system:u_feb_system|feb_system_v4:u_qsys|feb_system_v4_data_path_subsystem:data_path_subsystem|feb_system_v4_data_path_subsystem_mu3e_lvds_controller_0:mu3e_lvds_controller_0|mu3e_lvds_controller_phy_adapter:core|mu3e_lvds_controller:u_core|stp_lane8_ctrl_q[6]" -section_id lvds_decoded
set_instance_assignment -name CONNECT_TO_SLD_NODE_ENTITY_PORT acq_data_in[53] -to "feb_system:u_feb_system|feb_system_v4:u_qsys|feb_system_v4_data_path_subsystem:data_path_subsystem|feb_system_v4_data_path_subsystem_mu3e_lvds_controller_0:mu3e_lvds_controller_0|mu3e_lvds_controller_phy_adapter:core|mu3e_lvds_controller:u_core|stp_lane8_ctrl_q[5]" -section_id lvds_decoded
set_instance_assignment -name CONNECT_TO_SLD_NODE_ENTITY_PORT acq_data_in[54] -to "feb_system:u_feb_system|feb_system_v4:u_qsys|feb_system_v4_data_path_subsystem:data_path_subsystem|feb_system_v4_data_path_subsystem_mu3e_lvds_controller_0:mu3e_lvds_controller_0|mu3e_lvds_controller_phy_adapter:core|mu3e_lvds_controller:u_core|stp_lane8_ctrl_q[4]" -section_id lvds_decoded
set_instance_assignment -name CONNECT_TO_SLD_NODE_ENTITY_PORT acq_data_in[55] -to "feb_system:u_feb_system|feb_system_v4:u_qsys|feb_system_v4_data_path_subsystem:data_path_subsystem|feb_system_v4_data_path_subsystem_mu3e_lvds_controller_0:mu3e_lvds_controller_0|mu3e_lvds_controller_phy_adapter:core|mu3e_lvds_controller:u_core|stp_lane8_ctrl_q[3]" -section_id lvds_decoded
set_instance_assignment -name CONNECT_TO_SLD_NODE_ENTITY_PORT acq_data_in[56] -to "feb_system:u_feb_system|feb_system_v4:u_qsys|feb_system_v4_data_path_subsystem:data_path_subsystem|feb_system_v4_data_path_subsystem_mu3e_lvds_controller_0:mu3e_lvds_controller_0|mu3e_lvds_controller_phy_adapter:core|mu3e_lvds_controller:u_core|stp_lane8_ctrl_q[2]" -section_id lvds_decoded
set_instance_assignment -name CONNECT_TO_SLD_NODE_ENTITY_PORT acq_data_in[57] -to "feb_system:u_feb_system|feb_system_v4:u_qsys|feb_system_v4_data_path_subsystem:data_path_subsystem|feb_system_v4_data_path_subsystem_mu3e_lvds_controller_0:mu3e_lvds_controller_0|mu3e_lvds_controller_phy_adapter:core|mu3e_lvds_controller:u_core|stp_lane8_ctrl_q[1]" -section_id lvds_decoded
set_instance_assignment -name CONNECT_TO_SLD_NODE_ENTITY_PORT acq_data_in[58] -to "feb_system:u_feb_system|feb_system_v4:u_qsys|feb_system_v4_data_path_subsystem:data_path_subsystem|feb_system_v4_data_path_subsystem_mu3e_lvds_controller_0:mu3e_lvds_controller_0|mu3e_lvds_controller_phy_adapter:core|mu3e_lvds_controller:u_core|stp_lane8_ctrl_q[0]" -section_id lvds_decoded
set_instance_assignment -name CONNECT_TO_SLD_NODE_ENTITY_PORT acq_data_in[59] -to "feb_system:u_feb_system|feb_system_v4:u_qsys|feb_system_v4_upload_subsystem:upload_subsystem|synclink_data[8]" -section_id lvds_decoded
set_instance_assignment -name CONNECT_TO_SLD_NODE_ENTITY_PORT acq_data_in[60] -to "feb_system:u_feb_system|feb_system_v4:u_qsys|feb_system_v4_upload_subsystem:upload_subsystem|synclink_data[7]" -section_id lvds_decoded
set_instance_assignment -name CONNECT_TO_SLD_NODE_ENTITY_PORT acq_data_in[61] -to "feb_system:u_feb_system|feb_system_v4:u_qsys|feb_system_v4_upload_subsystem:upload_subsystem|synclink_data[6]" -section_id lvds_decoded
set_instance_assignment -name CONNECT_TO_SLD_NODE_ENTITY_PORT acq_data_in[62] -to "feb_system:u_feb_system|feb_system_v4:u_qsys|feb_system_v4_upload_subsystem:upload_subsystem|synclink_data[5]" -section_id lvds_decoded
set_instance_assignment -name CONNECT_TO_SLD_NODE_ENTITY_PORT acq_data_in[63] -to "feb_system:u_feb_system|feb_system_v4:u_qsys|feb_system_v4_upload_subsystem:upload_subsystem|synclink_data[4]" -section_id lvds_decoded
set_instance_assignment -name CONNECT_TO_SLD_NODE_ENTITY_PORT acq_data_in[64] -to "feb_system:u_feb_system|feb_system_v4:u_qsys|feb_system_v4_upload_subsystem:upload_subsystem|synclink_data[3]" -section_id lvds_decoded
set_instance_assignment -name CONNECT_TO_SLD_NODE_ENTITY_PORT acq_data_in[65] -to "feb_system:u_feb_system|feb_system_v4:u_qsys|feb_system_v4_upload_subsystem:upload_subsystem|synclink_data[2]" -section_id lvds_decoded
set_instance_assignment -name CONNECT_TO_SLD_NODE_ENTITY_PORT acq_data_in[66] -to "feb_system:u_feb_system|feb_system_v4:u_qsys|feb_system_v4_upload_subsystem:upload_subsystem|synclink_data[1]" -section_id lvds_decoded
set_instance_assignment -name CONNECT_TO_SLD_NODE_ENTITY_PORT acq_data_in[67] -to "feb_system:u_feb_system|feb_system_v4:u_qsys|feb_system_v4_upload_subsystem:upload_subsystem|synclink_data[0]" -section_id lvds_decoded
set_instance_assignment -name CONNECT_TO_SLD_NODE_ENTITY_PORT acq_data_in[68] -to "feb_system:u_feb_system|feb_system_v4:u_qsys|feb_system_v4_upload_subsystem:upload_subsystem|synclink_error[2]" -section_id lvds_decoded
set_instance_assignment -name CONNECT_TO_SLD_NODE_ENTITY_PORT acq_data_in[69] -to "feb_system:u_feb_system|feb_system_v4:u_qsys|feb_system_v4_upload_subsystem:upload_subsystem|synclink_error[1]" -section_id lvds_decoded
set_instance_assignment -name CONNECT_TO_SLD_NODE_ENTITY_PORT acq_data_in[70] -to "feb_system:u_feb_system|feb_system_v4:u_qsys|feb_system_v4_upload_subsystem:upload_subsystem|synclink_error[0]" -section_id lvds_decoded
set_instance_assignment -name CONNECT_TO_SLD_NODE_ENTITY_PORT acq_data_in[71] -to "feb_system:u_feb_system|feb_system_v4:u_qsys|feb_system_v4_upload_subsystem:upload_subsystem|runctl_mgmt_host:runctl_mgmt_host_0|asi_synclink_data[8]" -section_id lvds_decoded
set_instance_assignment -name CONNECT_TO_SLD_NODE_ENTITY_PORT acq_data_in[72] -to "feb_system:u_feb_system|feb_system_v4:u_qsys|feb_system_v4_upload_subsystem:upload_subsystem|runctl_mgmt_host:runctl_mgmt_host_0|asi_synclink_data[7]" -section_id lvds_decoded
set_instance_assignment -name CONNECT_TO_SLD_NODE_ENTITY_PORT acq_data_in[73] -to "feb_system:u_feb_system|feb_system_v4:u_qsys|feb_system_v4_upload_subsystem:upload_subsystem|runctl_mgmt_host:runctl_mgmt_host_0|asi_synclink_data[6]" -section_id lvds_decoded
set_instance_assignment -name CONNECT_TO_SLD_NODE_ENTITY_PORT acq_data_in[74] -to "feb_system:u_feb_system|feb_system_v4:u_qsys|feb_system_v4_upload_subsystem:upload_subsystem|runctl_mgmt_host:runctl_mgmt_host_0|asi_synclink_data[5]" -section_id lvds_decoded
set_instance_assignment -name CONNECT_TO_SLD_NODE_ENTITY_PORT acq_data_in[75] -to "feb_system:u_feb_system|feb_system_v4:u_qsys|feb_system_v4_upload_subsystem:upload_subsystem|runctl_mgmt_host:runctl_mgmt_host_0|asi_synclink_data[4]" -section_id lvds_decoded
set_instance_assignment -name CONNECT_TO_SLD_NODE_ENTITY_PORT acq_data_in[76] -to "feb_system:u_feb_system|feb_system_v4:u_qsys|feb_system_v4_upload_subsystem:upload_subsystem|runctl_mgmt_host:runctl_mgmt_host_0|asi_synclink_data[3]" -section_id lvds_decoded
set_instance_assignment -name CONNECT_TO_SLD_NODE_ENTITY_PORT acq_data_in[77] -to "feb_system:u_feb_system|feb_system_v4:u_qsys|feb_system_v4_upload_subsystem:upload_subsystem|runctl_mgmt_host:runctl_mgmt_host_0|asi_synclink_data[2]" -section_id lvds_decoded
set_instance_assignment -name CONNECT_TO_SLD_NODE_ENTITY_PORT acq_data_in[78] -to "feb_system:u_feb_system|feb_system_v4:u_qsys|feb_system_v4_upload_subsystem:upload_subsystem|runctl_mgmt_host:runctl_mgmt_host_0|asi_synclink_data[1]" -section_id lvds_decoded
set_instance_assignment -name CONNECT_TO_SLD_NODE_ENTITY_PORT acq_data_in[79] -to "feb_system:u_feb_system|feb_system_v4:u_qsys|feb_system_v4_upload_subsystem:upload_subsystem|runctl_mgmt_host:runctl_mgmt_host_0|asi_synclink_data[0]" -section_id lvds_decoded
set_instance_assignment -name CONNECT_TO_SLD_NODE_ENTITY_PORT acq_data_in[80] -to "feb_system:u_feb_system|feb_system_v4:u_qsys|feb_system_v4_upload_subsystem:upload_subsystem|runctl_mgmt_host:runctl_mgmt_host_0|asi_synclink_error[2]" -section_id lvds_decoded
set_instance_assignment -name CONNECT_TO_SLD_NODE_ENTITY_PORT acq_data_in[81] -to "feb_system:u_feb_system|feb_system_v4:u_qsys|feb_system_v4_upload_subsystem:upload_subsystem|runctl_mgmt_host:runctl_mgmt_host_0|asi_synclink_error[1]" -section_id lvds_decoded
set_instance_assignment -name CONNECT_TO_SLD_NODE_ENTITY_PORT acq_data_in[82] -to "feb_system:u_feb_system|feb_system_v4:u_qsys|feb_system_v4_upload_subsystem:upload_subsystem|runctl_mgmt_host:runctl_mgmt_host_0|asi_synclink_error[0]" -section_id lvds_decoded
set_instance_assignment -name CONNECT_TO_SLD_NODE_ENTITY_PORT acq_data_in[83] -to "feb_system:u_feb_system|feb_system_v4:u_qsys|feb_system_v4_upload_subsystem:upload_subsystem|runctl_mgmt_host:runctl_mgmt_host_0|recv_state[7]" -section_id lvds_decoded
set_instance_assignment -name CONNECT_TO_SLD_NODE_ENTITY_PORT acq_data_in[84] -to "feb_system:u_feb_system|feb_system_v4:u_qsys|feb_system_v4_upload_subsystem:upload_subsystem|runctl_mgmt_host:runctl_mgmt_host_0|recv_state[6]" -section_id lvds_decoded
set_instance_assignment -name CONNECT_TO_SLD_NODE_ENTITY_PORT acq_data_in[85] -to "feb_system:u_feb_system|feb_system_v4:u_qsys|feb_system_v4_upload_subsystem:upload_subsystem|runctl_mgmt_host:runctl_mgmt_host_0|recv_state[5]" -section_id lvds_decoded
set_instance_assignment -name CONNECT_TO_SLD_NODE_ENTITY_PORT acq_data_in[86] -to "feb_system:u_feb_system|feb_system_v4:u_qsys|feb_system_v4_upload_subsystem:upload_subsystem|runctl_mgmt_host:runctl_mgmt_host_0|recv_state[4]" -section_id lvds_decoded
set_instance_assignment -name CONNECT_TO_SLD_NODE_ENTITY_PORT acq_data_in[87] -to "feb_system:u_feb_system|feb_system_v4:u_qsys|feb_system_v4_upload_subsystem:upload_subsystem|runctl_mgmt_host:runctl_mgmt_host_0|recv_state[3]" -section_id lvds_decoded
set_instance_assignment -name CONNECT_TO_SLD_NODE_ENTITY_PORT acq_data_in[88] -to "feb_system:u_feb_system|feb_system_v4:u_qsys|feb_system_v4_upload_subsystem:upload_subsystem|runctl_mgmt_host:runctl_mgmt_host_0|recv_state[2]" -section_id lvds_decoded
set_instance_assignment -name CONNECT_TO_SLD_NODE_ENTITY_PORT acq_data_in[89] -to "feb_system:u_feb_system|feb_system_v4:u_qsys|feb_system_v4_upload_subsystem:upload_subsystem|runctl_mgmt_host:runctl_mgmt_host_0|recv_state[1]" -section_id lvds_decoded
set_instance_assignment -name CONNECT_TO_SLD_NODE_ENTITY_PORT acq_data_in[90] -to "feb_system:u_feb_system|feb_system_v4:u_qsys|feb_system_v4_upload_subsystem:upload_subsystem|runctl_mgmt_host:runctl_mgmt_host_0|recv_state[0]" -section_id lvds_decoded
set_instance_assignment -name CONNECT_TO_SLD_NODE_ENTITY_PORT acq_data_in[91] -to "feb_system:u_feb_system|feb_system_v4:u_qsys|feb_system_v4_upload_subsystem:upload_subsystem|runctl_mgmt_host:runctl_mgmt_host_0|recv_run_command[7]" -section_id lvds_decoded
set_instance_assignment -name CONNECT_TO_SLD_NODE_ENTITY_PORT acq_data_in[92] -to "feb_system:u_feb_system|feb_system_v4:u_qsys|feb_system_v4_upload_subsystem:upload_subsystem|runctl_mgmt_host:runctl_mgmt_host_0|recv_run_command[6]" -section_id lvds_decoded
set_instance_assignment -name CONNECT_TO_SLD_NODE_ENTITY_PORT acq_data_in[93] -to "feb_system:u_feb_system|feb_system_v4:u_qsys|feb_system_v4_upload_subsystem:upload_subsystem|runctl_mgmt_host:runctl_mgmt_host_0|recv_run_command[5]" -section_id lvds_decoded
set_instance_assignment -name CONNECT_TO_SLD_NODE_ENTITY_PORT acq_data_in[94] -to "feb_system:u_feb_system|feb_system_v4:u_qsys|feb_system_v4_upload_subsystem:upload_subsystem|runctl_mgmt_host:runctl_mgmt_host_0|recv_run_command[4]" -section_id lvds_decoded
set_instance_assignment -name CONNECT_TO_SLD_NODE_ENTITY_PORT acq_data_in[95] -to "feb_system:u_feb_system|feb_system_v4:u_qsys|feb_system_v4_upload_subsystem:upload_subsystem|runctl_mgmt_host:runctl_mgmt_host_0|recv_run_command[3]" -section_id lvds_decoded
set_instance_assignment -name CONNECT_TO_SLD_NODE_ENTITY_PORT acq_data_in[96] -to "feb_system:u_feb_system|feb_system_v4:u_qsys|feb_system_v4_upload_subsystem:upload_subsystem|runctl_mgmt_host:runctl_mgmt_host_0|recv_run_command[2]" -section_id lvds_decoded
set_instance_assignment -name CONNECT_TO_SLD_NODE_ENTITY_PORT acq_data_in[97] -to "feb_system:u_feb_system|feb_system_v4:u_qsys|feb_system_v4_upload_subsystem:upload_subsystem|runctl_mgmt_host:runctl_mgmt_host_0|recv_run_command[1]" -section_id lvds_decoded
set_instance_assignment -name CONNECT_TO_SLD_NODE_ENTITY_PORT acq_data_in[98] -to "feb_system:u_feb_system|feb_system_v4:u_qsys|feb_system_v4_upload_subsystem:upload_subsystem|runctl_mgmt_host:runctl_mgmt_host_0|recv_run_command[0]" -section_id lvds_decoded
set_instance_assignment -name CONNECT_TO_SLD_NODE_ENTITY_PORT acq_data_in[99] -to "feb_system:u_feb_system|feb_system_v4:u_qsys|feb_system_v4_upload_subsystem:upload_subsystem|runctl_mgmt_host:runctl_mgmt_host_0|synclink_idle_armed" -section_id lvds_decoded
set_instance_assignment -name CONNECT_TO_SLD_NODE_ENTITY_PORT acq_data_in[100] -to "feb_system:u_feb_system|feb_system_v4:u_qsys|feb_system_v4_upload_subsystem:upload_subsystem|runctl_mgmt_host:runctl_mgmt_host_0|ev_rx_error" -section_id lvds_decoded
set_instance_assignment -name CONNECT_TO_SLD_NODE_ENTITY_PORT acq_data_in[101] -to "feb_system:u_feb_system|feb_system_v4:u_qsys|feb_system_v4_upload_subsystem:upload_subsystem|runctl_mgmt_host:runctl_mgmt_host_0|pipe_r2h_start" -section_id lvds_decoded
set_instance_assignment -name CONNECT_TO_SLD_NODE_ENTITY_PORT acq_data_in[102] -to "feb_system:u_feb_system|feb_system_v4:u_qsys|feb_system_v4_upload_subsystem:upload_subsystem|runctl_mgmt_host:runctl_mgmt_host_0|pipe_r2h_done" -section_id lvds_decoded
set_instance_assignment -name CONNECT_TO_SLD_NODE_ENTITY_PORT acq_data_in[103] -to "feb_system:u_feb_system|feb_system_v4:u_qsys|feb_system_v4_upload_subsystem:upload_subsystem|runctl_mgmt_host:runctl_mgmt_host_0|aso_runctl_valid" -section_id lvds_decoded
set_instance_assignment -name CONNECT_TO_SLD_NODE_ENTITY_PORT acq_data_in[104] -to "feb_system:u_feb_system|feb_system_v4:u_qsys|feb_system_v4_upload_subsystem:upload_subsystem|runctl_mgmt_host:runctl_mgmt_host_0|aso_runctl_data[8]" -section_id lvds_decoded
set_instance_assignment -name CONNECT_TO_SLD_NODE_ENTITY_PORT acq_data_in[105] -to "feb_system:u_feb_system|feb_system_v4:u_qsys|feb_system_v4_upload_subsystem:upload_subsystem|runctl_mgmt_host:runctl_mgmt_host_0|aso_runctl_data[7]" -section_id lvds_decoded
set_instance_assignment -name CONNECT_TO_SLD_NODE_ENTITY_PORT acq_data_in[106] -to "feb_system:u_feb_system|feb_system_v4:u_qsys|feb_system_v4_upload_subsystem:upload_subsystem|runctl_mgmt_host:runctl_mgmt_host_0|aso_runctl_data[6]" -section_id lvds_decoded
set_instance_assignment -name CONNECT_TO_SLD_NODE_ENTITY_PORT acq_data_in[107] -to "feb_system:u_feb_system|feb_system_v4:u_qsys|feb_system_v4_upload_subsystem:upload_subsystem|runctl_mgmt_host:runctl_mgmt_host_0|aso_runctl_data[5]" -section_id lvds_decoded
set_instance_assignment -name CONNECT_TO_SLD_NODE_ENTITY_PORT acq_data_in[108] -to "feb_system:u_feb_system|feb_system_v4:u_qsys|feb_system_v4_upload_subsystem:upload_subsystem|runctl_mgmt_host:runctl_mgmt_host_0|aso_runctl_data[4]" -section_id lvds_decoded
set_instance_assignment -name CONNECT_TO_SLD_NODE_ENTITY_PORT acq_data_in[109] -to "feb_system:u_feb_system|feb_system_v4:u_qsys|feb_system_v4_upload_subsystem:upload_subsystem|runctl_mgmt_host:runctl_mgmt_host_0|aso_runctl_data[3]" -section_id lvds_decoded
set_instance_assignment -name CONNECT_TO_SLD_NODE_ENTITY_PORT acq_data_in[110] -to "feb_system:u_feb_system|feb_system_v4:u_qsys|feb_system_v4_upload_subsystem:upload_subsystem|runctl_mgmt_host:runctl_mgmt_host_0|aso_runctl_data[2]" -section_id lvds_decoded
set_instance_assignment -name CONNECT_TO_SLD_NODE_ENTITY_PORT acq_data_in[111] -to "feb_system:u_feb_system|feb_system_v4:u_qsys|feb_system_v4_upload_subsystem:upload_subsystem|runctl_mgmt_host:runctl_mgmt_host_0|aso_runctl_data[1]" -section_id lvds_decoded
set_instance_assignment -name CONNECT_TO_SLD_NODE_ENTITY_PORT acq_data_in[112] -to "feb_system:u_feb_system|feb_system_v4:u_qsys|feb_system_v4_upload_subsystem:upload_subsystem|runctl_mgmt_host:runctl_mgmt_host_0|aso_runctl_data[0]" -section_id lvds_decoded
set_instance_assignment -name CONNECT_TO_SLD_NODE_ENTITY_PORT acq_data_in[113] -to "feb_system:u_feb_system|feb_system_v4:u_qsys|feb_system_v4_upload_subsystem:upload_subsystem|runctl_mgmt_host:runctl_mgmt_host_0|host_state[7]" -section_id lvds_decoded
set_instance_assignment -name CONNECT_TO_SLD_NODE_ENTITY_PORT acq_data_in[114] -to "feb_system:u_feb_system|feb_system_v4:u_qsys|feb_system_v4_upload_subsystem:upload_subsystem|runctl_mgmt_host:runctl_mgmt_host_0|host_state[6]" -section_id lvds_decoded
set_instance_assignment -name CONNECT_TO_SLD_NODE_ENTITY_PORT acq_data_in[115] -to "feb_system:u_feb_system|feb_system_v4:u_qsys|feb_system_v4_upload_subsystem:upload_subsystem|runctl_mgmt_host:runctl_mgmt_host_0|host_state[5]" -section_id lvds_decoded
set_instance_assignment -name CONNECT_TO_SLD_NODE_ENTITY_PORT acq_data_in[116] -to "feb_system:u_feb_system|feb_system_v4:u_qsys|feb_system_v4_upload_subsystem:upload_subsystem|runctl_mgmt_host:runctl_mgmt_host_0|host_state[4]" -section_id lvds_decoded
set_instance_assignment -name CONNECT_TO_SLD_NODE_ENTITY_PORT acq_data_in[117] -to "feb_system:u_feb_system|feb_system_v4:u_qsys|feb_system_v4_upload_subsystem:upload_subsystem|runctl_mgmt_host:runctl_mgmt_host_0|host_state[3]" -section_id lvds_decoded
set_instance_assignment -name CONNECT_TO_SLD_NODE_ENTITY_PORT acq_data_in[118] -to "feb_system:u_feb_system|feb_system_v4:u_qsys|feb_system_v4_upload_subsystem:upload_subsystem|runctl_mgmt_host:runctl_mgmt_host_0|host_state[2]" -section_id lvds_decoded
set_instance_assignment -name CONNECT_TO_SLD_NODE_ENTITY_PORT acq_data_in[119] -to "feb_system:u_feb_system|feb_system_v4:u_qsys|feb_system_v4_upload_subsystem:upload_subsystem|runctl_mgmt_host:runctl_mgmt_host_0|host_state[1]" -section_id lvds_decoded
set_instance_assignment -name CONNECT_TO_SLD_NODE_ENTITY_PORT acq_data_in[120] -to "feb_system:u_feb_system|feb_system_v4:u_qsys|feb_system_v4_upload_subsystem:upload_subsystem|runctl_mgmt_host:runctl_mgmt_host_0|host_state[0]" -section_id lvds_decoded
set_global_assignment -name SLD_NODE_PARAMETER_ASSIGNMENT "SLD_DATA_BITS=121" -section_id lvds_decoded
set_global_assignment -name SLD_NODE_PARAMETER_ASSIGNMENT "SLD_TRIGGER_BITS=121" -section_id lvds_decoded
set_global_assignment -name SLD_NODE_PARAMETER_ASSIGNMENT "SLD_STORAGE_QUALIFIER_BITS=121" -section_id lvds_decoded
set_global_assignment -name SLD_NODE_PARAMETER_ASSIGNMENT "SLD_INVERSION_MASK=00000000000000000000000000000000000000000000000000000000000000000000000000000000000000000000000000000000000000000000000000000000000000000000000000000000000000000000000000000000000000000000000000000000000000000000000000000000000000000000000000000000000000000000000000000000000000000000000000000000000000000000000000000000000000000000000000000000000000000000000000000000000000000000000000000" -section_id lvds_decoded
set_global_assignment -name SLD_NODE_PARAMETER_ASSIGNMENT "SLD_INVERSION_MASK_LENGTH=389" -section_id lvds_decoded
set_instance_assignment -name POST_FIT_CONNECT_TO_SLD_NODE_ENTITY_PORT crc[0] -to lvds_decoded|vcc -section_id lvds_decoded
set_instance_assignment -name POST_FIT_CONNECT_TO_SLD_NODE_ENTITY_PORT crc[1] -to lvds_decoded|gnd -section_id lvds_decoded
set_instance_assignment -name POST_FIT_CONNECT_TO_SLD_NODE_ENTITY_PORT crc[3] -to lvds_decoded|gnd -section_id lvds_decoded
set_instance_assignment -name POST_FIT_CONNECT_TO_SLD_NODE_ENTITY_PORT crc[4] -to lvds_decoded|vcc -section_id lvds_decoded
set_instance_assignment -name POST_FIT_CONNECT_TO_SLD_NODE_ENTITY_PORT crc[5] -to lvds_decoded|vcc -section_id lvds_decoded
set_instance_assignment -name POST_FIT_CONNECT_TO_SLD_NODE_ENTITY_PORT crc[11] -to lvds_decoded|vcc -section_id lvds_decoded
set_instance_assignment -name POST_FIT_CONNECT_TO_SLD_NODE_ENTITY_PORT crc[12] -to lvds_decoded|vcc -section_id lvds_decoded
set_instance_assignment -name POST_FIT_CONNECT_TO_SLD_NODE_ENTITY_PORT crc[15] -to lvds_decoded|vcc -section_id lvds_decoded
set_instance_assignment -name POST_FIT_CONNECT_TO_SLD_NODE_ENTITY_PORT crc[16] -to lvds_decoded|gnd -section_id lvds_decoded
set_instance_assignment -name POST_FIT_CONNECT_TO_SLD_NODE_ENTITY_PORT crc[17] -to lvds_decoded|vcc -section_id lvds_decoded
set_instance_assignment -name POST_FIT_CONNECT_TO_SLD_NODE_ENTITY_PORT crc[18] -to lvds_decoded|gnd -section_id lvds_decoded
set_instance_assignment -name POST_FIT_CONNECT_TO_SLD_NODE_ENTITY_PORT crc[19] -to lvds_decoded|vcc -section_id lvds_decoded
set_instance_assignment -name POST_FIT_CONNECT_TO_SLD_NODE_ENTITY_PORT crc[20] -to lvds_decoded|gnd -section_id lvds_decoded
set_instance_assignment -name POST_FIT_CONNECT_TO_SLD_NODE_ENTITY_PORT crc[22] -to lvds_decoded|gnd -section_id lvds_decoded
set_instance_assignment -name POST_FIT_CONNECT_TO_SLD_NODE_ENTITY_PORT crc[24] -to lvds_decoded|gnd -section_id lvds_decoded
set_instance_assignment -name POST_FIT_CONNECT_TO_SLD_NODE_ENTITY_PORT crc[25] -to lvds_decoded|vcc -section_id lvds_decoded
set_instance_assignment -name POST_FIT_CONNECT_TO_SLD_NODE_ENTITY_PORT crc[26] -to lvds_decoded|gnd -section_id lvds_decoded
set_instance_assignment -name POST_FIT_CONNECT_TO_SLD_NODE_ENTITY_PORT crc[28] -to lvds_decoded|vcc -section_id lvds_decoded
set_instance_assignment -name POST_FIT_CONNECT_TO_SLD_NODE_ENTITY_PORT crc[29] -to lvds_decoded|vcc -section_id lvds_decoded
set_instance_assignment -name POST_FIT_CONNECT_TO_SLD_NODE_ENTITY_PORT crc[31] -to lvds_decoded|gnd -section_id lvds_decoded
set_global_assignment -name SLD_FILE db/mutrig_cfg_lvds_auto_stripped.stp